Microsoft Visual Studio Solution File, Format Version 12.00
# Visual Studio 15
VisualStudioVersion = 15.0.28010.2016
MinimumVisualStudioVersion = 10.0.40219.1
Project("{6989167D-11E4-40FE-8C1A-2192A86A7E90}") = "numerical_methods", "FortranProjects\Mathematics\numerical_methods\numerical_methods.vfproj", "{CAFC63F8-684D-45A9-B769-324A03BA8F91}"
	ProjectSection(ProjectDependencies) = postProject
		{36151BAF-D13E-4DF0-A03F-5F4F4C13E2B6} = {36151BAF-D13E-4DF0-A03F-5F4F4C13E2B6}
	EndProjectSection
EndProject
Project("{6989167D-11E4-40FE-8C1A-2192A86A7E90}") = "orbits", "FortranProjects\Physics\orbits\orbits.vfproj", "{9914BD5B-10DD-429C-9BBC-D826F21436E1}"
	ProjectSection(ProjectDependencies) = postProject
		{3E6C0C60-2D1A-4D6A-8DBD-8551673F12F6} = {3E6C0C60-2D1A-4D6A-8DBD-8551673F12F6}
		{36151BAF-D13E-4DF0-A03F-5F4F4C13E2B6} = {36151BAF-D13E-4DF0-A03F-5F4F4C13E2B6}
	EndProjectSection
EndProject
Project("{6989167D-11E4-40FE-8C1A-2192A86A7E90}") = "oscilator_integrator", "FortranProjects\Mathematics\examples\oscilator_integrator\oscilator_integrator.vfproj", "{E38249F0-2685-499B-92D3-9CA7BAC341E7}"
	ProjectSection(ProjectDependencies) = postProject
		{E008100D-7DAC-4E24-B894-9189B6EB048D} = {E008100D-7DAC-4E24-B894-9189B6EB048D}
		{3E6C0C60-2D1A-4D6A-8DBD-8551673F12F6} = {3E6C0C60-2D1A-4D6A-8DBD-8551673F12F6}
		{36151BAF-D13E-4DF0-A03F-5F4F4C13E2B6} = {36151BAF-D13E-4DF0-A03F-5F4F4C13E2B6}
		{DD3AF0D2-B596-49A2-9E16-111A458BF491} = {DD3AF0D2-B596-49A2-9E16-111A458BF491}
		{CAFC63F8-684D-45A9-B769-324A03BA8F91} = {CAFC63F8-684D-45A9-B769-324A03BA8F91}
	EndProjectSection
EndProject
Project("{6989167D-11E4-40FE-8C1A-2192A86A7E90}") = "poincare_map", "FortranProjects\Physics\examples\poincare_map\poincare_map.vfproj", "{69D28A1C-8821-4C74-9076-F7AEF1F1ABA9}"
	ProjectSection(ProjectDependencies) = postProject
		{9914BD5B-10DD-429C-9BBC-D826F21436E1} = {9914BD5B-10DD-429C-9BBC-D826F21436E1}
		{3E6C0C60-2D1A-4D6A-8DBD-8551673F12F6} = {3E6C0C60-2D1A-4D6A-8DBD-8551673F12F6}
		{347B2F82-3B95-42FC-BA41-8F336218FA8E} = {347B2F82-3B95-42FC-BA41-8F336218FA8E}
		{36151BAF-D13E-4DF0-A03F-5F4F4C13E2B6} = {36151BAF-D13E-4DF0-A03F-5F4F4C13E2B6}
		{CAFC63F8-684D-45A9-B769-324A03BA8F91} = {CAFC63F8-684D-45A9-B769-324A03BA8F91}
	EndProjectSection
EndProject
Project("{6989167D-11E4-40FE-8C1A-2192A86A7E90}") = "n_bodies", "FortranProjects\Physics\n_bodies\n_bodies.vfproj", "{347B2F82-3B95-42FC-BA41-8F336218FA8E}"
	ProjectSection(ProjectDependencies) = postProject
		{E008100D-7DAC-4E24-B894-9189B6EB048D} = {E008100D-7DAC-4E24-B894-9189B6EB048D}
		{9914BD5B-10DD-429C-9BBC-D826F21436E1} = {9914BD5B-10DD-429C-9BBC-D826F21436E1}
		{36151BAF-D13E-4DF0-A03F-5F4F4C13E2B6} = {36151BAF-D13E-4DF0-A03F-5F4F4C13E2B6}
		{CAFC63F8-684D-45A9-B769-324A03BA8F91} = {CAFC63F8-684D-45A9-B769-324A03BA8F91}
	EndProjectSection
EndProject
Project("{6989167D-11E4-40FE-8C1A-2192A86A7E90}") = "richardson_extrapolation_and_lyapunov_exp", "FortranProjects\Mathematics\examples\richardson\richardson_extrapolation_and_lyapunov_exp.vfproj", "{C6BC8B11-BB9A-459D-A83C-18DAD0F66E7D}"
	ProjectSection(ProjectDependencies) = postProject
		{E008100D-7DAC-4E24-B894-9189B6EB048D} = {E008100D-7DAC-4E24-B894-9189B6EB048D}
		{3E6C0C60-2D1A-4D6A-8DBD-8551673F12F6} = {3E6C0C60-2D1A-4D6A-8DBD-8551673F12F6}
		{36151BAF-D13E-4DF0-A03F-5F4F4C13E2B6} = {36151BAF-D13E-4DF0-A03F-5F4F4C13E2B6}
		{CAFC63F8-684D-45A9-B769-324A03BA8F91} = {CAFC63F8-684D-45A9-B769-324A03BA8F91}
	EndProjectSection
EndProject
Project("{6989167D-11E4-40FE-8C1A-2192A86A7E90}") = "ampliacion_de_matematicas_exercise", "FortranProjects\Mathematics\examples\ampliacion_de_matematicas_exercise\ampliacion_de_matematicas_exercise.vfproj", "{469DDF0D-B067-4736-B60B-EA6D39D5DC5F}"
	ProjectSection(ProjectDependencies) = postProject
		{E008100D-7DAC-4E24-B894-9189B6EB048D} = {E008100D-7DAC-4E24-B894-9189B6EB048D}
		{3E6C0C60-2D1A-4D6A-8DBD-8551673F12F6} = {3E6C0C60-2D1A-4D6A-8DBD-8551673F12F6}
		{36151BAF-D13E-4DF0-A03F-5F4F4C13E2B6} = {36151BAF-D13E-4DF0-A03F-5F4F4C13E2B6}
		{DD3AF0D2-B596-49A2-9E16-111A458BF491} = {DD3AF0D2-B596-49A2-9E16-111A458BF491}
		{CAFC63F8-684D-45A9-B769-324A03BA8F91} = {CAFC63F8-684D-45A9-B769-324A03BA8F91}
	EndProjectSection
EndProject
Project("{2150E333-8FDC-42A3-9474-1A3956D46DE8}") = "C++Projects", "C++Projects", "{A1B8B426-1F75-4021-8F92-E3C610A56F47}"
	ProjectSection(SolutionItems) = preProject
		C++Projects\DGraphC++Projects.dgml = C++Projects\DGraphC++Projects.dgml
	EndProjectSection
EndProject
Project("{8BC9CEB8-8B4A-11D0-8D11-00A0C91BC942}") = "kepler_integrator", "C++Projects\Programs\kepler_integrator\kepler_integrator.vcxproj", "{E9AA0130-FDE5-4484-B17E-8E8B133064CE}"
EndProject
Project("{8BC9CEB8-8B4A-11D0-8D11-00A0C91BC942}") = "numerical_methods", "C++Projects\Mathematics\numerical_methods\numerical_methods.vcxproj", "{5994C1E4-35F5-4D44-B8AC-6B71E31C09A2}"
EndProject
Project("{8BC9CEB8-8B4A-11D0-8D11-00A0C91BC942}") = "hamiltonian_functions", "C++Projects\Mathematics\hamiltonian_functions\hamiltonian_functions.vcxproj", "{621139A6-0BC0-4149-A68E-56BEB71AB86D}"
EndProject
Project("{2150E333-8FDC-42A3-9474-1A3956D46DE8}") = "FortranProjects", "FortranProjects", "{297C5977-0C8F-4122-84D5-FB05A5DE55DF}"
	ProjectSection(SolutionItems) = preProject
		FortranProjects\DGraphFortranProjects.dgml = FortranProjects\DGraphFortranProjects.dgml
	EndProjectSection
EndProject
Project("{8BC9CEB8-8B4A-11D0-8D11-00A0C91BC942}") = "cauchy_problem", "C++Projects\Mathematics\cauchy_problem\cauchy_problem.vcxproj", "{17B0180D-BD15-4C4F-9975-24E2AA295E2E}"
EndProject
Project("{6989167D-11E4-40FE-8C1A-2192A86A7E90}") = "math", "FortranProjects\Mathematics\math\math.vfproj", "{36151BAF-D13E-4DF0-A03F-5F4F4C13E2B6}"
EndProject
Project("{6989167D-11E4-40FE-8C1A-2192A86A7E90}") = "object_oriented_lagrange_points", "FortranProjects\Physics\examples\object_oriented_lagrange_points\object_oriented_lagrange_points.vfproj", "{57FE0E58-9D7C-49C9-AEC0-7AD174DF3362}"
	ProjectSection(ProjectDependencies) = postProject
		{E008100D-7DAC-4E24-B894-9189B6EB048D} = {E008100D-7DAC-4E24-B894-9189B6EB048D}
		{9914BD5B-10DD-429C-9BBC-D826F21436E1} = {9914BD5B-10DD-429C-9BBC-D826F21436E1}
		{3E6C0C60-2D1A-4D6A-8DBD-8551673F12F6} = {3E6C0C60-2D1A-4D6A-8DBD-8551673F12F6}
		{347B2F82-3B95-42FC-BA41-8F336218FA8E} = {347B2F82-3B95-42FC-BA41-8F336218FA8E}
		{36151BAF-D13E-4DF0-A03F-5F4F4C13E2B6} = {36151BAF-D13E-4DF0-A03F-5F4F4C13E2B6}
		{CAFC63F8-684D-45A9-B769-324A03BA8F91} = {CAFC63F8-684D-45A9-B769-324A03BA8F91}
	EndProjectSection
EndProject
Project("{6989167D-11E4-40FE-8C1A-2192A86A7E90}") = "hamiltonian_functions", "FortranProjects\Mathematics\hamiltonian_functions\hamiltonian_functions.vfproj", "{DD3AF0D2-B596-49A2-9E16-111A458BF491}"
EndProject
Project("{6989167D-11E4-40FE-8C1A-2192A86A7E90}") = "dislin_mod", "FortranProjects\Graphics\dislin_mod\dislin_mod.vfproj", "{3E6C0C60-2D1A-4D6A-8DBD-8551673F12F6}"
EndProject
Project("{2150E333-8FDC-42A3-9474-1A3956D46DE8}") = "Programs", "Programs", "{4441747E-F270-4B09-A20A-A7D17C305DF0}"
EndProject
Project("{2150E333-8FDC-42A3-9474-1A3956D46DE8}") = "Physics", "Physics", "{CBADCB57-C2D9-4AF2-8A12-1564BB9ABADC}"
EndProject
Project("{2150E333-8FDC-42A3-9474-1A3956D46DE8}") = "Mathematics", "Mathematics", "{9F16E15A-158D-4585-A27D-27EBFB277004}"
EndProject
Project("{2150E333-8FDC-42A3-9474-1A3956D46DE8}") = "Mathematics", "Mathematics", "{F77CA251-BD6D-4C54-ACC2-12EE1902FFA3}"
EndProject
Project("{2150E333-8FDC-42A3-9474-1A3956D46DE8}") = "Programs", "Programs", "{7449F7CC-3668-4EEE-A534-219A7FAD5988}"
EndProject
Project("{2150E333-8FDC-42A3-9474-1A3956D46DE8}") = "Graphics", "Graphics", "{EE24028E-67DE-40E2-A2A6-A6BF43520CC1}"
EndProject
Project("{6989167D-11E4-40FE-8C1A-2192A86A7E90}") = "random_n_bodies", "FortranProjects\Physics\examples\random_n_bodies\random_n_bodies.vfproj", "{F2858417-69A7-4044-845F-2F1F0DB1C1E8}"
	ProjectSection(ProjectDependencies) = postProject
		{9914BD5B-10DD-429C-9BBC-D826F21436E1} = {9914BD5B-10DD-429C-9BBC-D826F21436E1}
		{3E6C0C60-2D1A-4D6A-8DBD-8551673F12F6} = {3E6C0C60-2D1A-4D6A-8DBD-8551673F12F6}
		{347B2F82-3B95-42FC-BA41-8F336218FA8E} = {347B2F82-3B95-42FC-BA41-8F336218FA8E}
		{36151BAF-D13E-4DF0-A03F-5F4F4C13E2B6} = {36151BAF-D13E-4DF0-A03F-5F4F4C13E2B6}
		{CAFC63F8-684D-45A9-B769-324A03BA8F91} = {CAFC63F8-684D-45A9-B769-324A03BA8F91}
	EndProjectSection
EndProject
Project("{6989167D-11E4-40FE-8C1A-2192A86A7E90}") = "plots_with_dislin", "FortranProjects\Graphics\examples\plots_with_dislin\plots_with_dislin.vfproj", "{EAC2B219-F71B-4169-885D-576D545544A5}"
	ProjectSection(ProjectDependencies) = postProject
		{3E6C0C60-2D1A-4D6A-8DBD-8551673F12F6} = {3E6C0C60-2D1A-4D6A-8DBD-8551673F12F6}
	EndProjectSection
EndProject
Project("{2150E333-8FDC-42A3-9474-1A3956D46DE8}") = "Physics", "Physics", "{764BB80D-A6F1-4584-AE0C-1128C3546BCF}"
EndProject
Project("{8BC9CEB8-8B4A-11D0-8D11-00A0C91BC942}") = "orbits", "C++Projects\Physics\orbits\orbits.vcxproj", "{E5D16378-B1C3-4E2B-A644-F163F3C995FC}"
EndProject
Project("{8BC9CEB8-8B4A-11D0-8D11-00A0C91BC942}") = "random_n_bodies", "C++Projects\Programs\random_n_bodies\random_n_bodies.vcxproj", "{51EDF340-D9FF-4A85-8390-AF2966A1529E}"
	ProjectSection(ProjectDependencies) = postProject
		{17B0180D-BD15-4C4F-9975-24E2AA295E2E} = {17B0180D-BD15-4C4F-9975-24E2AA295E2E}
		{E5D16378-B1C3-4E2B-A644-F163F3C995FC} = {E5D16378-B1C3-4E2B-A644-F163F3C995FC}
		{5994C1E4-35F5-4D44-B8AC-6B71E31C09A2} = {5994C1E4-35F5-4D44-B8AC-6B71E31C09A2}
	EndProjectSection
EndProject
Project("{8BC9CEB8-8B4A-11D0-8D11-00A0C91BC942}") = "numerical_methods_pp", "C++Projects\Mathematics\numerical_methods_pp\numerical_methods_pp.vcxproj", "{1132C536-5CDC-48F3-879A-88F155FADB9D}"
EndProject
Project("{6989167D-11E4-40FE-8C1A-2192A86A7E90}") = "temporal_schemes", "FortranProjects\Mathematics\temporal_schemes\temporal_schemes.vfproj", "{E008100D-7DAC-4E24-B894-9189B6EB048D}"
	ProjectSection(ProjectDependencies) = postProject
		{36151BAF-D13E-4DF0-A03F-5F4F4C13E2B6} = {36151BAF-D13E-4DF0-A03F-5F4F4C13E2B6}
		{CAFC63F8-684D-45A9-B769-324A03BA8F91} = {CAFC63F8-684D-45A9-B769-324A03BA8F91}
	EndProjectSection
EndProject
Project("{2150E333-8FDC-42A3-9474-1A3956D46DE8}") = "Documentation", "Documentation", "{A604825B-3BA7-4071-BACF-163D392183C8}"
	ProjectSection(SolutionItems) = preProject
		README.md = README.md
	EndProjectSection
EndProject
Project("{2150E333-8FDC-42A3-9474-1A3956D46DE8}") = "C++Projects", "C++Projects", "{68D82235-7622-43AF-99AC-4390FCB53B63}"
EndProject
Project("{2150E333-8FDC-42A3-9474-1A3956D46DE8}") = "FortranProjects", "FortranProjects", "{50EC5E97-D1CE-4033-9389-0BCA5C67FB4A}"
	ProjectSection(SolutionItems) = preProject
		FortranProjects\README.md = FortranProjects\README.md
	EndProjectSection
EndProject
Project("{2150E333-8FDC-42A3-9474-1A3956D46DE8}") = "Mathematics", "Mathematics", "{5979BCB3-13D9-4619-B1FD-8D54B9CA0C0E}"
	ProjectSection(SolutionItems) = preProject
		FortranProjects\Mathematics\README.md = FortranProjects\Mathematics\README.md
	EndProjectSection
EndProject
Project("{2150E333-8FDC-42A3-9474-1A3956D46DE8}") = "examples", "examples", "{ECBBEE13-4E4F-4CBA-BD22-9E6652565B0A}"
	ProjectSection(SolutionItems) = preProject
		FortranProjects\Mathematics\examples\README.md = FortranProjects\Mathematics\examples\README.md
	EndProjectSection
EndProject
Project("{2150E333-8FDC-42A3-9474-1A3956D46DE8}") = "math", "math", "{F5F4024F-FF0B-4F58-85A9-7DEB0E09497C}"
	ProjectSection(SolutionItems) = preProject
		FortranProjects\Mathematics\math\README.md = FortranProjects\Mathematics\math\README.md
	EndProjectSection
EndProject
Project("{2150E333-8FDC-42A3-9474-1A3956D46DE8}") = "numerical_methods", "numerical_methods", "{C24F8D2E-B77D-4A65-B39E-602B7FF75A4A}"
	ProjectSection(SolutionItems) = preProject
		FortranProjects\Mathematics\numerical_methods\README.md = FortranProjects\Mathematics\numerical_methods\README.md
	EndProjectSection
EndProject
Project("{2150E333-8FDC-42A3-9474-1A3956D46DE8}") = "temporal_schemes", "temporal_schemes", "{85BBB692-DAC5-4BC4-ACC4-B7FA65451E2B}"
	ProjectSection(SolutionItems) = preProject
		FortranProjects\Mathematics\temporal_schemes\README.md = FortranProjects\Mathematics\temporal_schemes\README.md
	EndProjectSection
EndProject
Project("{2150E333-8FDC-42A3-9474-1A3956D46DE8}") = "Physics", "Physics", "{D8D8D71D-A13A-438F-933C-01526DFA3DC4}"
	ProjectSection(SolutionItems) = preProject
		FortranProjects\Physics\README.md = FortranProjects\Physics\README.md
	EndProjectSection
EndProject
Project("{2150E333-8FDC-42A3-9474-1A3956D46DE8}") = "orbits", "orbits", "{42F585F5-5430-49F0-BB4A-E8C0BFE5D4A3}"
	ProjectSection(SolutionItems) = preProject
		FortranProjects\Physics\orbits\README.md = FortranProjects\Physics\orbits\README.md
	EndProjectSection
EndProject
Project("{2150E333-8FDC-42A3-9474-1A3956D46DE8}") = "examples", "examples", "{DD159FFA-2FD9-4F82-86A0-A9F9E76D8305}"
	ProjectSection(SolutionItems) = preProject
		FortranProjects\Physics\examples\README.md = FortranProjects\Physics\examples\README.md
	EndProjectSection
EndProject
Project("{2150E333-8FDC-42A3-9474-1A3956D46DE8}") = "docs", "docs", "{6DE8D4D9-23DA-4B6A-B3EE-86D65DEC5317}"
	ProjectSection(SolutionItems) = preProject
		docs\Informe Programacion.tex = docs\Informe Programacion.tex
	EndProjectSection
EndProject
Project("{6989167D-11E4-40FE-8C1A-2192A86A7E90}") = "orbit_integrators_vs_gmat", "orbit_integrators_vs_gmat\orbit_integrators_vs_gmat.vfproj", "{34215FE5-2A88-4E7E-82FF-8A00443D4FF4}"
EndProject
Project("{6989167D-11E4-40FE-8C1A-2192A86A7E90}") = "orbital_integrators", "orbital_integrators\orbital_integrators.vfproj", "{87D3EA1E-D8F2-4FD7-9BCF-D1C2F2CCCE09}"
EndProject
Global
	GlobalSection(SolutionConfigurationPlatforms) = preSolution
		Debug|Any CPU = Debug|Any CPU
		Debug|x86 = Debug|x86
		Release|Any CPU = Release|Any CPU
		Release|x86 = Release|x86
	EndGlobalSection
	GlobalSection(ProjectConfigurationPlatforms) = postSolution
		{CAFC63F8-684D-45A9-B769-324A03BA8F91}.Debug|Any CPU.ActiveCfg = Debug|Win32
		{CAFC63F8-684D-45A9-B769-324A03BA8F91}.Debug|x86.ActiveCfg = Debug|Win32
		{CAFC63F8-684D-45A9-B769-324A03BA8F91}.Debug|x86.Build.0 = Debug|Win32
		{CAFC63F8-684D-45A9-B769-324A03BA8F91}.Release|Any CPU.ActiveCfg = Release|Win32
		{CAFC63F8-684D-45A9-B769-324A03BA8F91}.Release|x86.ActiveCfg = Release|Win32
		{CAFC63F8-684D-45A9-B769-324A03BA8F91}.Release|x86.Build.0 = Release|Win32
		{9914BD5B-10DD-429C-9BBC-D826F21436E1}.Debug|Any CPU.ActiveCfg = Debug|Win32
		{9914BD5B-10DD-429C-9BBC-D826F21436E1}.Debug|x86.ActiveCfg = Debug|Win32
		{9914BD5B-10DD-429C-9BBC-D826F21436E1}.Debug|x86.Build.0 = Debug|Win32
		{9914BD5B-10DD-429C-9BBC-D826F21436E1}.Release|Any CPU.ActiveCfg = Release|Win32
		{9914BD5B-10DD-429C-9BBC-D826F21436E1}.Release|x86.ActiveCfg = Release|Win32
		{9914BD5B-10DD-429C-9BBC-D826F21436E1}.Release|x86.Build.0 = Release|Win32
		{E38249F0-2685-499B-92D3-9CA7BAC341E7}.Debug|Any CPU.ActiveCfg = Debug|Win32
		{E38249F0-2685-499B-92D3-9CA7BAC341E7}.Debug|x86.ActiveCfg = Debug|Win32
		{E38249F0-2685-499B-92D3-9CA7BAC341E7}.Debug|x86.Build.0 = Debug|Win32
		{E38249F0-2685-499B-92D3-9CA7BAC341E7}.Release|Any CPU.ActiveCfg = Release|Win32
		{E38249F0-2685-499B-92D3-9CA7BAC341E7}.Release|x86.ActiveCfg = Release|Win32
		{E38249F0-2685-499B-92D3-9CA7BAC341E7}.Release|x86.Build.0 = Release|Win32
		{69D28A1C-8821-4C74-9076-F7AEF1F1ABA9}.Debug|Any CPU.ActiveCfg = Debug|Win32
		{69D28A1C-8821-4C74-9076-F7AEF1F1ABA9}.Debug|x86.ActiveCfg = Debug|Win32
		{69D28A1C-8821-4C74-9076-F7AEF1F1ABA9}.Debug|x86.Build.0 = Debug|Win32
		{69D28A1C-8821-4C74-9076-F7AEF1F1ABA9}.Release|Any CPU.ActiveCfg = Release|Win32
		{69D28A1C-8821-4C74-9076-F7AEF1F1ABA9}.Release|x86.ActiveCfg = Release|Win32
		{69D28A1C-8821-4C74-9076-F7AEF1F1ABA9}.Release|x86.Build.0 = Release|Win32
		{347B2F82-3B95-42FC-BA41-8F336218FA8E}.Debug|Any CPU.ActiveCfg = Debug|Win32
		{347B2F82-3B95-42FC-BA41-8F336218FA8E}.Debug|x86.ActiveCfg = Debug|Win32
		{347B2F82-3B95-42FC-BA41-8F336218FA8E}.Debug|x86.Build.0 = Debug|Win32
		{347B2F82-3B95-42FC-BA41-8F336218FA8E}.Release|Any CPU.ActiveCfg = Release|Win32
		{347B2F82-3B95-42FC-BA41-8F336218FA8E}.Release|x86.ActiveCfg = Release|Win32
		{347B2F82-3B95-42FC-BA41-8F336218FA8E}.Release|x86.Build.0 = Release|Win32
		{C6BC8B11-BB9A-459D-A83C-18DAD0F66E7D}.Debug|Any CPU.ActiveCfg = Debug|Win32
		{C6BC8B11-BB9A-459D-A83C-18DAD0F66E7D}.Debug|x86.ActiveCfg = Debug|Win32
		{C6BC8B11-BB9A-459D-A83C-18DAD0F66E7D}.Debug|x86.Build.0 = Debug|Win32
		{C6BC8B11-BB9A-459D-A83C-18DAD0F66E7D}.Release|Any CPU.ActiveCfg = Release|Win32
		{C6BC8B11-BB9A-459D-A83C-18DAD0F66E7D}.Release|x86.ActiveCfg = Release|Win32
		{C6BC8B11-BB9A-459D-A83C-18DAD0F66E7D}.Release|x86.Build.0 = Release|Win32
		{469DDF0D-B067-4736-B60B-EA6D39D5DC5F}.Debug|Any CPU.ActiveCfg = Debug|Win32
		{469DDF0D-B067-4736-B60B-EA6D39D5DC5F}.Debug|x86.ActiveCfg = Debug|Win32
		{469DDF0D-B067-4736-B60B-EA6D39D5DC5F}.Debug|x86.Build.0 = Debug|Win32
		{469DDF0D-B067-4736-B60B-EA6D39D5DC5F}.Release|Any CPU.ActiveCfg = Release|Win32
		{469DDF0D-B067-4736-B60B-EA6D39D5DC5F}.Release|x86.ActiveCfg = Release|Win32
		{469DDF0D-B067-4736-B60B-EA6D39D5DC5F}.Release|x86.Build.0 = Release|Win32
		{E9AA0130-FDE5-4484-B17E-8E8B133064CE}.Debug|Any CPU.ActiveCfg = Debug|Win32
		{E9AA0130-FDE5-4484-B17E-8E8B133064CE}.Debug|x86.ActiveCfg = Debug|Win32
		{E9AA0130-FDE5-4484-B17E-8E8B133064CE}.Debug|x86.Build.0 = Debug|Win32
		{E9AA0130-FDE5-4484-B17E-8E8B133064CE}.Release|Any CPU.ActiveCfg = Release|Win32
		{E9AA0130-FDE5-4484-B17E-8E8B133064CE}.Release|x86.ActiveCfg = Release|Win32
		{E9AA0130-FDE5-4484-B17E-8E8B133064CE}.Release|x86.Build.0 = Release|Win32
		{5994C1E4-35F5-4D44-B8AC-6B71E31C09A2}.Debug|Any CPU.ActiveCfg = Debug|Win32
		{5994C1E4-35F5-4D44-B8AC-6B71E31C09A2}.Debug|x86.ActiveCfg = Debug|Win32
		{5994C1E4-35F5-4D44-B8AC-6B71E31C09A2}.Debug|x86.Build.0 = Debug|Win32
		{5994C1E4-35F5-4D44-B8AC-6B71E31C09A2}.Release|Any CPU.ActiveCfg = Release|Win32
		{5994C1E4-35F5-4D44-B8AC-6B71E31C09A2}.Release|x86.ActiveCfg = Release|Win32
		{5994C1E4-35F5-4D44-B8AC-6B71E31C09A2}.Release|x86.Build.0 = Release|Win32
		{621139A6-0BC0-4149-A68E-56BEB71AB86D}.Debug|Any CPU.ActiveCfg = Debug|Win32
		{621139A6-0BC0-4149-A68E-56BEB71AB86D}.Debug|x86.ActiveCfg = Debug|Win32
		{621139A6-0BC0-4149-A68E-56BEB71AB86D}.Debug|x86.Build.0 = Debug|Win32
		{621139A6-0BC0-4149-A68E-56BEB71AB86D}.Release|Any CPU.ActiveCfg = Release|Win32
		{621139A6-0BC0-4149-A68E-56BEB71AB86D}.Release|x86.ActiveCfg = Release|Win32
		{621139A6-0BC0-4149-A68E-56BEB71AB86D}.Release|x86.Build.0 = Release|Win32
		{17B0180D-BD15-4C4F-9975-24E2AA295E2E}.Debug|Any CPU.ActiveCfg = Debug|Win32
		{17B0180D-BD15-4C4F-9975-24E2AA295E2E}.Debug|x86.ActiveCfg = Debug|Win32
		{17B0180D-BD15-4C4F-9975-24E2AA295E2E}.Debug|x86.Build.0 = Debug|Win32
		{17B0180D-BD15-4C4F-9975-24E2AA295E2E}.Release|Any CPU.ActiveCfg = Release|Win32
		{17B0180D-BD15-4C4F-9975-24E2AA295E2E}.Release|x86.ActiveCfg = Release|Win32
		{17B0180D-BD15-4C4F-9975-24E2AA295E2E}.Release|x86.Build.0 = Release|Win32
		{36151BAF-D13E-4DF0-A03F-5F4F4C13E2B6}.Debug|Any CPU.ActiveCfg = Debug|Win32
		{36151BAF-D13E-4DF0-A03F-5F4F4C13E2B6}.Debug|x86.ActiveCfg = Debug|Win32
		{36151BAF-D13E-4DF0-A03F-5F4F4C13E2B6}.Debug|x86.Build.0 = Debug|Win32
		{36151BAF-D13E-4DF0-A03F-5F4F4C13E2B6}.Release|Any CPU.ActiveCfg = Release|Win32
		{36151BAF-D13E-4DF0-A03F-5F4F4C13E2B6}.Release|x86.ActiveCfg = Release|Win32
		{36151BAF-D13E-4DF0-A03F-5F4F4C13E2B6}.Release|x86.Build.0 = Release|Win32
		{57FE0E58-9D7C-49C9-AEC0-7AD174DF3362}.Debug|Any CPU.ActiveCfg = Debug|Win32
		{57FE0E58-9D7C-49C9-AEC0-7AD174DF3362}.Debug|x86.ActiveCfg = Debug|Win32
		{57FE0E58-9D7C-49C9-AEC0-7AD174DF3362}.Debug|x86.Build.0 = Debug|Win32
		{57FE0E58-9D7C-49C9-AEC0-7AD174DF3362}.Release|Any CPU.ActiveCfg = Release|Win32
		{57FE0E58-9D7C-49C9-AEC0-7AD174DF3362}.Release|x86.ActiveCfg = Release|Win32
		{57FE0E58-9D7C-49C9-AEC0-7AD174DF3362}.Release|x86.Build.0 = Release|Win32
		{DD3AF0D2-B596-49A2-9E16-111A458BF491}.Debug|Any CPU.ActiveCfg = Debug|Win32
		{DD3AF0D2-B596-49A2-9E16-111A458BF491}.Debug|x86.ActiveCfg = Debug|Win32
		{DD3AF0D2-B596-49A2-9E16-111A458BF491}.Debug|x86.Build.0 = Debug|Win32
		{DD3AF0D2-B596-49A2-9E16-111A458BF491}.Release|Any CPU.ActiveCfg = Release|Win32
		{DD3AF0D2-B596-49A2-9E16-111A458BF491}.Release|x86.ActiveCfg = Release|Win32
		{DD3AF0D2-B596-49A2-9E16-111A458BF491}.Release|x86.Build.0 = Release|Win32
		{3E6C0C60-2D1A-4D6A-8DBD-8551673F12F6}.Debug|Any CPU.ActiveCfg = Debug|Win32
		{3E6C0C60-2D1A-4D6A-8DBD-8551673F12F6}.Debug|x86.ActiveCfg = Debug|Win32
		{3E6C0C60-2D1A-4D6A-8DBD-8551673F12F6}.Debug|x86.Build.0 = Debug|Win32
		{3E6C0C60-2D1A-4D6A-8DBD-8551673F12F6}.Release|Any CPU.ActiveCfg = Release|Win32
		{3E6C0C60-2D1A-4D6A-8DBD-8551673F12F6}.Release|x86.ActiveCfg = Release|Win32
		{3E6C0C60-2D1A-4D6A-8DBD-8551673F12F6}.Release|x86.Build.0 = Release|Win32
		{F2858417-69A7-4044-845F-2F1F0DB1C1E8}.Debug|Any CPU.ActiveCfg = Debug|Win32
		{F2858417-69A7-4044-845F-2F1F0DB1C1E8}.Debug|x86.ActiveCfg = Debug|Win32
		{F2858417-69A7-4044-845F-2F1F0DB1C1E8}.Debug|x86.Build.0 = Debug|Win32
		{F2858417-69A7-4044-845F-2F1F0DB1C1E8}.Release|Any CPU.ActiveCfg = Release|Win32
		{F2858417-69A7-4044-845F-2F1F0DB1C1E8}.Release|x86.ActiveCfg = Release|Win32
		{F2858417-69A7-4044-845F-2F1F0DB1C1E8}.Release|x86.Build.0 = Release|Win32
		{EAC2B219-F71B-4169-885D-576D545544A5}.Debug|Any CPU.ActiveCfg = Debug|Win32
		{EAC2B219-F71B-4169-885D-576D545544A5}.Debug|x86.ActiveCfg = Debug|Win32
		{EAC2B219-F71B-4169-885D-576D545544A5}.Debug|x86.Build.0 = Debug|Win32
		{EAC2B219-F71B-4169-885D-576D545544A5}.Release|Any CPU.ActiveCfg = Release|Win32
		{EAC2B219-F71B-4169-885D-576D545544A5}.Release|x86.ActiveCfg = Release|Win32
		{EAC2B219-F71B-4169-885D-576D545544A5}.Release|x86.Build.0 = Release|Win32
		{E5D16378-B1C3-4E2B-A644-F163F3C995FC}.Debug|Any CPU.ActiveCfg = Debug|Win32
		{E5D16378-B1C3-4E2B-A644-F163F3C995FC}.Debug|x86.ActiveCfg = Debug|Win32
		{E5D16378-B1C3-4E2B-A644-F163F3C995FC}.Debug|x86.Build.0 = Debug|Win32
		{E5D16378-B1C3-4E2B-A644-F163F3C995FC}.Release|Any CPU.ActiveCfg = Release|Win32
		{E5D16378-B1C3-4E2B-A644-F163F3C995FC}.Release|x86.ActiveCfg = Release|Win32
		{E5D16378-B1C3-4E2B-A644-F163F3C995FC}.Release|x86.Build.0 = Release|Win32
		{51EDF340-D9FF-4A85-8390-AF2966A1529E}.Debug|Any CPU.ActiveCfg = Debug|Win32
		{51EDF340-D9FF-4A85-8390-AF2966A1529E}.Debug|x86.ActiveCfg = Debug|Win32
		{51EDF340-D9FF-4A85-8390-AF2966A1529E}.Debug|x86.Build.0 = Debug|Win32
		{51EDF340-D9FF-4A85-8390-AF2966A1529E}.Release|Any CPU.ActiveCfg = Release|Win32
		{51EDF340-D9FF-4A85-8390-AF2966A1529E}.Release|x86.ActiveCfg = Release|Win32
		{51EDF340-D9FF-4A85-8390-AF2966A1529E}.Release|x86.Build.0 = Release|Win32
		{1132C536-5CDC-48F3-879A-88F155FADB9D}.Debug|Any CPU.ActiveCfg = Debug|Win32
		{1132C536-5CDC-48F3-879A-88F155FADB9D}.Debug|x86.ActiveCfg = Debug|Win32
		{1132C536-5CDC-48F3-879A-88F155FADB9D}.Debug|x86.Build.0 = Debug|Win32
		{1132C536-5CDC-48F3-879A-88F155FADB9D}.Release|Any CPU.ActiveCfg = Release|Win32
		{1132C536-5CDC-48F3-879A-88F155FADB9D}.Release|x86.ActiveCfg = Release|Win32
		{1132C536-5CDC-48F3-879A-88F155FADB9D}.Release|x86.Build.0 = Release|Win32
		{E008100D-7DAC-4E24-B894-9189B6EB048D}.Debug|Any CPU.ActiveCfg = Debug|Win32
		{E008100D-7DAC-4E24-B894-9189B6EB048D}.Debug|x86.ActiveCfg = Debug|Win32
		{E008100D-7DAC-4E24-B894-9189B6EB048D}.Debug|x86.Build.0 = Debug|Win32
		{E008100D-7DAC-4E24-B894-9189B6EB048D}.Release|Any CPU.ActiveCfg = Release|Win32
		{E008100D-7DAC-4E24-B894-9189B6EB048D}.Release|x86.ActiveCfg = Release|Win32
		{E008100D-7DAC-4E24-B894-9189B6EB048D}.Release|x86.Build.0 = Release|Win32
		{34215FE5-2A88-4E7E-82FF-8A00443D4FF4}.Debug|Any CPU.ActiveCfg = Debug|Win32
		{34215FE5-2A88-4E7E-82FF-8A00443D4FF4}.Debug|x86.ActiveCfg = Debug|Win32
		{34215FE5-2A88-4E7E-82FF-8A00443D4FF4}.Debug|x86.Build.0 = Debug|Win32
		{34215FE5-2A88-4E7E-82FF-8A00443D4FF4}.Release|Any CPU.ActiveCfg = Release|Win32
		{34215FE5-2A88-4E7E-82FF-8A00443D4FF4}.Release|x86.ActiveCfg = Release|Win32
		{34215FE5-2A88-4E7E-82FF-8A00443D4FF4}.Release|x86.Build.0 = Release|Win32
		{87D3EA1E-D8F2-4FD7-9BCF-D1C2F2CCCE09}.Debug|Any CPU.ActiveCfg = Debug|Win32
		{87D3EA1E-D8F2-4FD7-9BCF-D1C2F2CCCE09}.Debug|x86.ActiveCfg = Debug|Win32
		{87D3EA1E-D8F2-4FD7-9BCF-D1C2F2CCCE09}.Debug|x86.Build.0 = Debug|Win32
		{87D3EA1E-D8F2-4FD7-9BCF-D1C2F2CCCE09}.Release|Any CPU.ActiveCfg = Release|Win32
		{87D3EA1E-D8F2-4FD7-9BCF-D1C2F2CCCE09}.Release|x86.ActiveCfg = Release|Win32
		{87D3EA1E-D8F2-4FD7-9BCF-D1C2F2CCCE09}.Release|x86.Build.0 = Release|Win32
	EndGlobalSection
	GlobalSection(SolutionProperties) = preSolution
		HideSolutionNode = FALSE
	EndGlobalSection
	GlobalSection(NestedProjects) = preSolution
		{CAFC63F8-684D-45A9-B769-324A03BA8F91} = {9F16E15A-158D-4585-A27D-27EBFB277004}
		{9914BD5B-10DD-429C-9BBC-D826F21436E1} = {CBADCB57-C2D9-4AF2-8A12-1564BB9ABADC}
		{E38249F0-2685-499B-92D3-9CA7BAC341E7} = {4441747E-F270-4B09-A20A-A7D17C305DF0}
		{69D28A1C-8821-4C74-9076-F7AEF1F1ABA9} = {4441747E-F270-4B09-A20A-A7D17C305DF0}
		{347B2F82-3B95-42FC-BA41-8F336218FA8E} = {CBADCB57-C2D9-4AF2-8A12-1564BB9ABADC}
		{C6BC8B11-BB9A-459D-A83C-18DAD0F66E7D} = {4441747E-F270-4B09-A20A-A7D17C305DF0}
		{469DDF0D-B067-4736-B60B-EA6D39D5DC5F} = {4441747E-F270-4B09-A20A-A7D17C305DF0}
		{E9AA0130-FDE5-4484-B17E-8E8B133064CE} = {7449F7CC-3668-4EEE-A534-219A7FAD5988}
		{5994C1E4-35F5-4D44-B8AC-6B71E31C09A2} = {F77CA251-BD6D-4C54-ACC2-12EE1902FFA3}
		{621139A6-0BC0-4149-A68E-56BEB71AB86D} = {F77CA251-BD6D-4C54-ACC2-12EE1902FFA3}
		{17B0180D-BD15-4C4F-9975-24E2AA295E2E} = {F77CA251-BD6D-4C54-ACC2-12EE1902FFA3}
		{36151BAF-D13E-4DF0-A03F-5F4F4C13E2B6} = {9F16E15A-158D-4585-A27D-27EBFB277004}
		{57FE0E58-9D7C-49C9-AEC0-7AD174DF3362} = {4441747E-F270-4B09-A20A-A7D17C305DF0}
		{DD3AF0D2-B596-49A2-9E16-111A458BF491} = {9F16E15A-158D-4585-A27D-27EBFB277004}
		{3E6C0C60-2D1A-4D6A-8DBD-8551673F12F6} = {EE24028E-67DE-40E2-A2A6-A6BF43520CC1}
		{4441747E-F270-4B09-A20A-A7D17C305DF0} = {297C5977-0C8F-4122-84D5-FB05A5DE55DF}
		{CBADCB57-C2D9-4AF2-8A12-1564BB9ABADC} = {297C5977-0C8F-4122-84D5-FB05A5DE55DF}
		{9F16E15A-158D-4585-A27D-27EBFB277004} = {297C5977-0C8F-4122-84D5-FB05A5DE55DF}
		{F77CA251-BD6D-4C54-ACC2-12EE1902FFA3} = {A1B8B426-1F75-4021-8F92-E3C610A56F47}
		{7449F7CC-3668-4EEE-A534-219A7FAD5988} = {A1B8B426-1F75-4021-8F92-E3C610A56F47}
		{EE24028E-67DE-40E2-A2A6-A6BF43520CC1} = {297C5977-0C8F-4122-84D5-FB05A5DE55DF}
		{F2858417-69A7-4044-845F-2F1F0DB1C1E8} = {4441747E-F270-4B09-A20A-A7D17C305DF0}
		{EAC2B219-F71B-4169-885D-576D545544A5} = {4441747E-F270-4B09-A20A-A7D17C305DF0}
		{764BB80D-A6F1-4584-AE0C-1128C3546BCF} = {A1B8B426-1F75-4021-8F92-E3C610A56F47}
		{E5D16378-B1C3-4E2B-A644-F163F3C995FC} = {764BB80D-A6F1-4584-AE0C-1128C3546BCF}
		{51EDF340-D9FF-4A85-8390-AF2966A1529E} = {7449F7CC-3668-4EEE-A534-219A7FAD5988}
		{1132C536-5CDC-48F3-879A-88F155FADB9D} = {F77CA251-BD6D-4C54-ACC2-12EE1902FFA3}
		{E008100D-7DAC-4E24-B894-9189B6EB048D} = {9F16E15A-158D-4585-A27D-27EBFB277004}
		{68D82235-7622-43AF-99AC-4390FCB53B63} = {A604825B-3BA7-4071-BACF-163D392183C8}
		{50EC5E97-D1CE-4033-9389-0BCA5C67FB4A} = {A604825B-3BA7-4071-BACF-163D392183C8}
		{5979BCB3-13D9-4619-B1FD-8D54B9CA0C0E} = {50EC5E97-D1CE-4033-9389-0BCA5C67FB4A}
		{ECBBEE13-4E4F-4CBA-BD22-9E6652565B0A} = {5979BCB3-13D9-4619-B1FD-8D54B9CA0C0E}
		{F5F4024F-FF0B-4F58-85A9-7DEB0E09497C} = {5979BCB3-13D9-4619-B1FD-8D54B9CA0C0E}
		{C24F8D2E-B77D-4A65-B39E-602B7FF75A4A} = {5979BCB3-13D9-4619-B1FD-8D54B9CA0C0E}
		{85BBB692-DAC5-4BC4-ACC4-B7FA65451E2B} = {5979BCB3-13D9-4619-B1FD-8D54B9CA0C0E}
		{D8D8D71D-A13A-438F-933C-01526DFA3DC4} = {50EC5E97-D1CE-4033-9389-0BCA5C67FB4A}
		{42F585F5-5430-49F0-BB4A-E8C0BFE5D4A3} = {D8D8D71D-A13A-438F-933C-01526DFA3DC4}
		{DD159FFA-2FD9-4F82-86A0-A9F9E76D8305} = {D8D8D71D-A13A-438F-933C-01526DFA3DC4}
		{6DE8D4D9-23DA-4B6A-B3EE-86D65DEC5317} = {A604825B-3BA7-4071-BACF-163D392183C8}
		{34215FE5-2A88-4E7E-82FF-8A00443D4FF4} = {4441747E-F270-4B09-A20A-A7D17C305DF0}
		{87D3EA1E-D8F2-4FD7-9BCF-D1C2F2CCCE09} = {9F16E15A-158D-4585-A27D-27EBFB277004}
	EndGlobalSection
	GlobalSection(ExtensibilityGlobals) = postSolution
		SolutionGuid = {D5E18A04-26E2-4C45-9741-0B3BFF6FFE14}
	EndGlobalSection
EndGlobal
