
Microsoft Visual Studio Solution File, Format Version 12.00
# Visual Studio 15
VisualStudioVersion = 15.0.28010.2016
MinimumVisualStudioVersion = 10.0.40219.1
Project("{8BC9CEB8-8B4A-11D0-8D11-00A0C91BC942}") = "PI", "PI\PI.vcxproj", "{5AB729F6-D2CE-4F09-B765-C3A13B61906E}"
EndProject
Project("{888888A0-9F3D-457C-B088-3A5042F75D52}") = "PyWorld", "PyWorld\PyWorld.pyproj", "{A0CABBBB-D6AB-4D08-B73A-6ED7779C3585}"
EndProject
Global
	GlobalSection(SolutionConfigurationPlatforms) = preSolution
		Debug|Any CPU = Debug|Any CPU
		Debug|x64 = Debug|x64
		Debug|x86 = Debug|x86
		Release|Any CPU = Release|Any CPU
		Release|x64 = Release|x64
		Release|x86 = Release|x86
	EndGlobalSection
	GlobalSection(ProjectConfigurationPlatforms) = postSolution
		{5AB729F6-D2CE-4F09-B765-C3A13B61906E}.Debug|Any CPU.ActiveCfg = Debug|Win32
		{5AB729F6-D2CE-4F09-B765-C3A13B61906E}.Debug|x64.ActiveCfg = Debug|x64
		{5AB729F6-D2CE-4F09-B765-C3A13B61906E}.Debug|x64.Build.0 = Debug|x64
		{5AB729F6-D2CE-4F09-B765-C3A13B61906E}.Debug|x86.ActiveCfg = Debug|Win32
		{5AB729F6-D2CE-4F09-B765-C3A13B61906E}.Debug|x86.Build.0 = Debug|Win32
		{5AB729F6-D2CE-4F09-B765-C3A13B61906E}.Release|Any CPU.ActiveCfg = Release|Win32
		{5AB729F6-D2CE-4F09-B765-C3A13B61906E}.Release|x64.ActiveCfg = Release|x64
		{5AB729F6-D2CE-4F09-B765-C3A13B61906E}.Release|x64.Build.0 = Release|x64
		{5AB729F6-D2CE-4F09-B765-C3A13B61906E}.Release|x86.ActiveCfg = Release|Win32
		{5AB729F6-D2CE-4F09-B765-C3A13B61906E}.Release|x86.Build.0 = Release|Win32
		{A0CABBBB-D6AB-4D08-B73A-6ED7779C3585}.Debug|Any CPU.ActiveCfg = Debug|Any CPU
		{A0CABBBB-D6AB-4D08-B73A-6ED7779C3585}.Debug|x64.ActiveCfg = Debug|Any CPU
		{A0CABBBB-D6AB-4D08-B73A-6ED7779C3585}.Debug|x86.ActiveCfg = Debug|Any CPU
		{A0CABBBB-D6AB-4D08-B73A-6ED7779C3585}.Release|Any CPU.ActiveCfg = Release|Any CPU
		{A0CABBBB-D6AB-4D08-B73A-6ED7779C3585}.Release|x64.ActiveCfg = Release|Any CPU
		{A0CABBBB-D6AB-4D08-B73A-6ED7779C3585}.Release|x86.ActiveCfg = Release|Any CPU
	EndGlobalSection
	GlobalSection(SolutionProperties) = preSolution
		HideSolutionNode = FALSE
	EndGlobalSection
	GlobalSection(ExtensibilityGlobals) = postSolution
		SolutionGuid = {D5E18A04-26E2-4C45-9741-0B3BFF6FFE14}
	EndGlobalSection
EndGlobal
