Microsoft Visual Studio Solution File, Format Version 12.00
# Visual Studio 15
VisualStudioVersion = 15.0.28010.2016
MinimumVisualStudioVersion = 10.0.40219.1
Project("{6989167D-11E4-40FE-8C1A-2192A86A7E90}") = "numerical_methods", "FortranProjects\Mathematics\numerical_methods\numerical_methods.vfproj", "{CAFC63F8-684D-45A9-B769-324A03BA8F91}"
	ProjectSection(ProjectDependencies) = postProject
		{36151BAF-D13E-4DF0-A03F-5F4F4C13E2B6} = {36151BAF-D13E-4DF0-A03F-5F4F4C13E2B6}
	EndProjectSection
EndProject
Project("{6989167D-11E4-40FE-8C1A-2192A86A7E90}") = "orbits", "FortranProjects\Physics\orbits\orbits.vfproj", "{9914BD5B-10DD-429C-9BBC-D826F21436E1}"
	ProjectSection(ProjectDependencies) = postProject
		{3E6C0C60-2D1A-4D6A-8DBD-8551673F12F6} = {3E6C0C60-2D1A-4D6A-8DBD-8551673F12F6}
		{36151BAF-D13E-4DF0-A03F-5F4F4C13E2B6} = {36151BAF-D13E-4DF0-A03F-5F4F4C13E2B6}
	EndProjectSection
EndProject
Project("{6989167D-11E4-40FE-8C1A-2192A86A7E90}") = "oscilator_integrator", "FortranProjects\Programs\kepler_integrator\oscilator_integrator.vfproj", "{E38249F0-2685-499B-92D3-9CA7BAC341E7}"
	ProjectSection(ProjectDependencies) = postProject
		{3E6C0C60-2D1A-4D6A-8DBD-8551673F12F6} = {3E6C0C60-2D1A-4D6A-8DBD-8551673F12F6}
		{DD3AF0D2-B596-49A2-9E16-111A458BF491} = {DD3AF0D2-B596-49A2-9E16-111A458BF491}
		{CAFC63F8-684D-45A9-B769-324A03BA8F91} = {CAFC63F8-684D-45A9-B769-324A03BA8F91}
	EndProjectSection
EndProject
Project("{6989167D-11E4-40FE-8C1A-2192A86A7E90}") = "poincare", "FortranProjects\Programs\poincare\poincare.vfproj", "{69D28A1C-8821-4C74-9076-F7AEF1F1ABA9}"
	ProjectSection(ProjectDependencies) = postProject
		{9914BD5B-10DD-429C-9BBC-D826F21436E1} = {9914BD5B-10DD-429C-9BBC-D826F21436E1}
		{3E6C0C60-2D1A-4D6A-8DBD-8551673F12F6} = {3E6C0C60-2D1A-4D6A-8DBD-8551673F12F6}
		{347B2F82-3B95-42FC-BA41-8F336218FA8E} = {347B2F82-3B95-42FC-BA41-8F336218FA8E}
		{36151BAF-D13E-4DF0-A03F-5F4F4C13E2B6} = {36151BAF-D13E-4DF0-A03F-5F4F4C13E2B6}
		{CAFC63F8-684D-45A9-B769-324A03BA8F91} = {CAFC63F8-684D-45A9-B769-324A03BA8F91}
	EndProjectSection
EndProject
Project("{6989167D-11E4-40FE-8C1A-2192A86A7E90}") = "n_bodies", "FortranProjects\Physics\n_bodies\n_bodies.vfproj", "{347B2F82-3B95-42FC-BA41-8F336218FA8E}"
	ProjectSection(ProjectDependencies) = postProject
		{9914BD5B-10DD-429C-9BBC-D826F21436E1} = {9914BD5B-10DD-429C-9BBC-D826F21436E1}
		{36151BAF-D13E-4DF0-A03F-5F4F4C13E2B6} = {36151BAF-D13E-4DF0-A03F-5F4F4C13E2B6}
		{CAFC63F8-684D-45A9-B769-324A03BA8F91} = {CAFC63F8-684D-45A9-B769-324A03BA8F91}
	EndProjectSection
EndProject
Project("{6989167D-11E4-40FE-8C1A-2192A86A7E90}") = "richardson", "FortranProjects\Programs\richardson\richardson.vfproj", "{C6BC8B11-BB9A-459D-A83C-18DAD0F66E7D}"
	ProjectSection(ProjectDependencies) = postProject
		{3E6C0C60-2D1A-4D6A-8DBD-8551673F12F6} = {3E6C0C60-2D1A-4D6A-8DBD-8551673F12F6}
		{CAFC63F8-684D-45A9-B769-324A03BA8F91} = {CAFC63F8-684D-45A9-B769-324A03BA8F91}
	EndProjectSection
EndProject
Project("{6989167D-11E4-40FE-8C1A-2192A86A7E90}") = "ampliacion_de_matematicas_exercise", "FortranProjects\Programs\ampliacion_de_matematicas_exercise\ampliacion_de_matematicas_exercise.vfproj", "{469DDF0D-B067-4736-B60B-EA6D39D5DC5F}"
	ProjectSection(ProjectDependencies) = postProject
		{DD3AF0D2-B596-49A2-9E16-111A458BF491} = {DD3AF0D2-B596-49A2-9E16-111A458BF491}
		{CAFC63F8-684D-45A9-B769-324A03BA8F91} = {CAFC63F8-684D-45A9-B769-324A03BA8F91}
	EndProjectSection
EndProject
Project("{2150E333-8FDC-42A3-9474-1A3956D46DE8}") = "C++Projects", "C++Projects", "{A1B8B426-1F75-4021-8F92-E3C610A56F47}"
EndProject
Project("{8BC9CEB8-8B4A-11D0-8D11-00A0C91BC942}") = "kepler_integrator", "C++Projects\Programs\kepler_integrator\kepler_integrator.vcxproj", "{E9AA0130-FDE5-4484-B17E-8E8B133064CE}"
	ProjectSection(ProjectDependencies) = postProject
		{17B0180D-BD15-4C4F-9975-24E2AA295E2E} = {17B0180D-BD15-4C4F-9975-24E2AA295E2E}
		{621139A6-0BC0-4149-A68E-56BEB71AB86D} = {621139A6-0BC0-4149-A68E-56BEB71AB86D}
		{5994C1E4-35F5-4D44-B8AC-6B71E31C09A2} = {5994C1E4-35F5-4D44-B8AC-6B71E31C09A2}
	EndProjectSection
EndProject
Project("{8BC9CEB8-8B4A-11D0-8D11-00A0C91BC942}") = "numerical_methods", "C++Projects\Mathematics\numerical_methods\numerical_methods.vcxproj", "{5994C1E4-35F5-4D44-B8AC-6B71E31C09A2}"
EndProject
Project("{8BC9CEB8-8B4A-11D0-8D11-00A0C91BC942}") = "hamiltonian_functions", "C++Projects\Mathematics\hamiltonian_functions\hamiltonian_functions.vcxproj", "{621139A6-0BC0-4149-A68E-56BEB71AB86D}"
EndProject
Project("{2150E333-8FDC-42A3-9474-1A3956D46DE8}") = "FortranProjects", "FortranProjects", "{297C5977-0C8F-4122-84D5-FB05A5DE55DF}"
EndProject
Project("{8BC9CEB8-8B4A-11D0-8D11-00A0C91BC942}") = "cauchy_problem", "C++Projects\Mathematics\cauchy_problem\cauchy_problem.vcxproj", "{17B0180D-BD15-4C4F-9975-24E2AA295E2E}"
EndProject
Project("{6989167D-11E4-40FE-8C1A-2192A86A7E90}") = "math", "FortranProjects\Mathematics\math\math.vfproj", "{36151BAF-D13E-4DF0-A03F-5F4F4C13E2B6}"
EndProject
Project("{6989167D-11E4-40FE-8C1A-2192A86A7E90}") = "object_oriented_lagrange_points", "FortranProjects\Programs\object_oriented_lagrange_points\object_oriented_lagrange_points.vfproj", "{57FE0E58-9D7C-49C9-AEC0-7AD174DF3362}"
	ProjectSection(ProjectDependencies) = postProject
		{9914BD5B-10DD-429C-9BBC-D826F21436E1} = {9914BD5B-10DD-429C-9BBC-D826F21436E1}
		{3E6C0C60-2D1A-4D6A-8DBD-8551673F12F6} = {3E6C0C60-2D1A-4D6A-8DBD-8551673F12F6}
		{347B2F82-3B95-42FC-BA41-8F336218FA8E} = {347B2F82-3B95-42FC-BA41-8F336218FA8E}
		{36151BAF-D13E-4DF0-A03F-5F4F4C13E2B6} = {36151BAF-D13E-4DF0-A03F-5F4F4C13E2B6}
		{CAFC63F8-684D-45A9-B769-324A03BA8F91} = {CAFC63F8-684D-45A9-B769-324A03BA8F91}
	EndProjectSection
EndProject
Project("{6989167D-11E4-40FE-8C1A-2192A86A7E90}") = "hamiltonian_functions", "FortranProjects\Mathematics\hamiltonian_functions\hamiltonian_functions.vfproj", "{DD3AF0D2-B596-49A2-9E16-111A458BF491}"
EndProject
Project("{6989167D-11E4-40FE-8C1A-2192A86A7E90}") = "dislin", "FortranProjects\Graphics\dislin\dislin.vfproj", "{3E6C0C60-2D1A-4D6A-8DBD-8551673F12F6}"
EndProject
Project("{2150E333-8FDC-42A3-9474-1A3956D46DE8}") = "Programs", "Programs", "{4441747E-F270-4B09-A20A-A7D17C305DF0}"
EndProject
Project("{2150E333-8FDC-42A3-9474-1A3956D46DE8}") = "Physics", "Physics", "{CBADCB57-C2D9-4AF2-8A12-1564BB9ABADC}"
EndProject
Project("{2150E333-8FDC-42A3-9474-1A3956D46DE8}") = "Mathematics", "Mathematics", "{9F16E15A-158D-4585-A27D-27EBFB277004}"
EndProject
Project("{2150E333-8FDC-42A3-9474-1A3956D46DE8}") = "Mathematics", "Mathematics", "{F77CA251-BD6D-4C54-ACC2-12EE1902FFA3}"
EndProject
Project("{2150E333-8FDC-42A3-9474-1A3956D46DE8}") = "Programs", "Programs", "{7449F7CC-3668-4EEE-A534-219A7FAD5988}"
EndProject
Project("{2150E333-8FDC-42A3-9474-1A3956D46DE8}") = "Graphics", "Graphics", "{EE24028E-67DE-40E2-A2A6-A6BF43520CC1}"
EndProject
Project("{2150E333-8FDC-42A3-9474-1A3956D46DE8}") = "GMAT", "GMAT", "{73EE5AFE-6829-4B6F-8EDE-9277D506142E}"
EndProject
Project("{8BC9CEB8-8B4A-11D0-8D11-00A0C91BC942}") = "libGmatBase", "C++Projects\Physics\GMAT\libGmatBase.vcxproj", "{CFA43E77-32C5-4EA9-A878-9A55F91BD4A6}"
EndProject
Global
	GlobalSection(SolutionConfigurationPlatforms) = preSolution
		Debug|Any CPU = Debug|Any CPU
		Debug|x64 = Debug|x64
		Debug|x86 = Debug|x86
		Debug-wx3-unicode|Any CPU = Debug-wx3-unicode|Any CPU
		Debug-wx3-unicode|x64 = Debug-wx3-unicode|x64
		Debug-wx3-unicode|x86 = Debug-wx3-unicode|x86
		Release|Any CPU = Release|Any CPU
		Release|x64 = Release|x64
		Release|x86 = Release|x86
		Release-wx3.0|Any CPU = Release-wx3.0|Any CPU
		Release-wx3.0|x64 = Release-wx3.0|x64
		Release-wx3.0|x86 = Release-wx3.0|x86
		Release-wx3-win64|Any CPU = Release-wx3-win64|Any CPU
		Release-wx3-win64|x64 = Release-wx3-win64|x64
		Release-wx3-win64|x86 = Release-wx3-win64|x86
	EndGlobalSection
	GlobalSection(ProjectConfigurationPlatforms) = postSolution
		{CAFC63F8-684D-45A9-B769-324A03BA8F91}.Debug|Any CPU.ActiveCfg = Debug|Win32
		{CAFC63F8-684D-45A9-B769-324A03BA8F91}.Debug|Any CPU.Build.0 = Debug|Win32
		{CAFC63F8-684D-45A9-B769-324A03BA8F91}.Debug|x64.ActiveCfg = Debug|x64
		{CAFC63F8-684D-45A9-B769-324A03BA8F91}.Debug|x64.Build.0 = Debug|x64
		{CAFC63F8-684D-45A9-B769-324A03BA8F91}.Debug|x86.ActiveCfg = Debug|Win32
		{CAFC63F8-684D-45A9-B769-324A03BA8F91}.Debug|x86.Build.0 = Debug|Win32
		{CAFC63F8-684D-45A9-B769-324A03BA8F91}.Debug-wx3-unicode|Any CPU.ActiveCfg = Release|x64
		{CAFC63F8-684D-45A9-B769-324A03BA8F91}.Debug-wx3-unicode|Any CPU.Build.0 = Release|x64
		{CAFC63F8-684D-45A9-B769-324A03BA8F91}.Debug-wx3-unicode|x64.ActiveCfg = Debug|x64
		{CAFC63F8-684D-45A9-B769-324A03BA8F91}.Debug-wx3-unicode|x64.Build.0 = Debug|x64
		{CAFC63F8-684D-45A9-B769-324A03BA8F91}.Debug-wx3-unicode|x86.ActiveCfg = Debug|Win32
		{CAFC63F8-684D-45A9-B769-324A03BA8F91}.Debug-wx3-unicode|x86.Build.0 = Debug|Win32
		{CAFC63F8-684D-45A9-B769-324A03BA8F91}.Release|Any CPU.ActiveCfg = Release|Win32
		{CAFC63F8-684D-45A9-B769-324A03BA8F91}.Release|Any CPU.Build.0 = Release|Win32
		{CAFC63F8-684D-45A9-B769-324A03BA8F91}.Release|x64.ActiveCfg = Release|x64
		{CAFC63F8-684D-45A9-B769-324A03BA8F91}.Release|x64.Build.0 = Release|x64
		{CAFC63F8-684D-45A9-B769-324A03BA8F91}.Release|x86.ActiveCfg = Release|Win32
		{CAFC63F8-684D-45A9-B769-324A03BA8F91}.Release|x86.Build.0 = Release|Win32
		{CAFC63F8-684D-45A9-B769-324A03BA8F91}.Release-wx3.0|Any CPU.ActiveCfg = Release|x64
		{CAFC63F8-684D-45A9-B769-324A03BA8F91}.Release-wx3.0|Any CPU.Build.0 = Release|x64
		{CAFC63F8-684D-45A9-B769-324A03BA8F91}.Release-wx3.0|x64.ActiveCfg = Release|x64
		{CAFC63F8-684D-45A9-B769-324A03BA8F91}.Release-wx3.0|x64.Build.0 = Release|x64
		{CAFC63F8-684D-45A9-B769-324A03BA8F91}.Release-wx3.0|x86.ActiveCfg = Release|Win32
		{CAFC63F8-684D-45A9-B769-324A03BA8F91}.Release-wx3.0|x86.Build.0 = Release|Win32
		{CAFC63F8-684D-45A9-B769-324A03BA8F91}.Release-wx3-win64|Any CPU.ActiveCfg = Release|x64
		{CAFC63F8-684D-45A9-B769-324A03BA8F91}.Release-wx3-win64|Any CPU.Build.0 = Release|x64
		{CAFC63F8-684D-45A9-B769-324A03BA8F91}.Release-wx3-win64|x64.ActiveCfg = Release|x64
		{CAFC63F8-684D-45A9-B769-324A03BA8F91}.Release-wx3-win64|x64.Build.0 = Release|x64
		{CAFC63F8-684D-45A9-B769-324A03BA8F91}.Release-wx3-win64|x86.ActiveCfg = Release|Win32
		{CAFC63F8-684D-45A9-B769-324A03BA8F91}.Release-wx3-win64|x86.Build.0 = Release|Win32
		{9914BD5B-10DD-429C-9BBC-D826F21436E1}.Debug|Any CPU.ActiveCfg = Debug|Win32
		{9914BD5B-10DD-429C-9BBC-D826F21436E1}.Debug|Any CPU.Build.0 = Debug|Win32
		{9914BD5B-10DD-429C-9BBC-D826F21436E1}.Debug|x64.ActiveCfg = Debug|x64
		{9914BD5B-10DD-429C-9BBC-D826F21436E1}.Debug|x64.Build.0 = Debug|x64
		{9914BD5B-10DD-429C-9BBC-D826F21436E1}.Debug|x86.ActiveCfg = Debug|Win32
		{9914BD5B-10DD-429C-9BBC-D826F21436E1}.Debug|x86.Build.0 = Debug|Win32
		{9914BD5B-10DD-429C-9BBC-D826F21436E1}.Debug-wx3-unicode|Any CPU.ActiveCfg = Release|x64
		{9914BD5B-10DD-429C-9BBC-D826F21436E1}.Debug-wx3-unicode|Any CPU.Build.0 = Release|x64
		{9914BD5B-10DD-429C-9BBC-D826F21436E1}.Debug-wx3-unicode|x64.ActiveCfg = Debug|x64
		{9914BD5B-10DD-429C-9BBC-D826F21436E1}.Debug-wx3-unicode|x64.Build.0 = Debug|x64
		{9914BD5B-10DD-429C-9BBC-D826F21436E1}.Debug-wx3-unicode|x86.ActiveCfg = Debug|Win32
		{9914BD5B-10DD-429C-9BBC-D826F21436E1}.Debug-wx3-unicode|x86.Build.0 = Debug|Win32
		{9914BD5B-10DD-429C-9BBC-D826F21436E1}.Release|Any CPU.ActiveCfg = Release|Win32
		{9914BD5B-10DD-429C-9BBC-D826F21436E1}.Release|Any CPU.Build.0 = Release|Win32
		{9914BD5B-10DD-429C-9BBC-D826F21436E1}.Release|x64.ActiveCfg = Release|x64
		{9914BD5B-10DD-429C-9BBC-D826F21436E1}.Release|x64.Build.0 = Release|x64
		{9914BD5B-10DD-429C-9BBC-D826F21436E1}.Release|x86.ActiveCfg = Release|Win32
		{9914BD5B-10DD-429C-9BBC-D826F21436E1}.Release|x86.Build.0 = Release|Win32
		{9914BD5B-10DD-429C-9BBC-D826F21436E1}.Release-wx3.0|Any CPU.ActiveCfg = Release|x64
		{9914BD5B-10DD-429C-9BBC-D826F21436E1}.Release-wx3.0|Any CPU.Build.0 = Release|x64
		{9914BD5B-10DD-429C-9BBC-D826F21436E1}.Release-wx3.0|x64.ActiveCfg = Release|x64
		{9914BD5B-10DD-429C-9BBC-D826F21436E1}.Release-wx3.0|x64.Build.0 = Release|x64
		{9914BD5B-10DD-429C-9BBC-D826F21436E1}.Release-wx3.0|x86.ActiveCfg = Release|Win32
		{9914BD5B-10DD-429C-9BBC-D826F21436E1}.Release-wx3.0|x86.Build.0 = Release|Win32
		{9914BD5B-10DD-429C-9BBC-D826F21436E1}.Release-wx3-win64|Any CPU.ActiveCfg = Release|x64
		{9914BD5B-10DD-429C-9BBC-D826F21436E1}.Release-wx3-win64|Any CPU.Build.0 = Release|x64
		{9914BD5B-10DD-429C-9BBC-D826F21436E1}.Release-wx3-win64|x64.ActiveCfg = Release|x64
		{9914BD5B-10DD-429C-9BBC-D826F21436E1}.Release-wx3-win64|x64.Build.0 = Release|x64
		{9914BD5B-10DD-429C-9BBC-D826F21436E1}.Release-wx3-win64|x86.ActiveCfg = Release|Win32
		{9914BD5B-10DD-429C-9BBC-D826F21436E1}.Release-wx3-win64|x86.Build.0 = Release|Win32
		{E38249F0-2685-499B-92D3-9CA7BAC341E7}.Debug|Any CPU.ActiveCfg = Debug|Win32
		{E38249F0-2685-499B-92D3-9CA7BAC341E7}.Debug|Any CPU.Build.0 = Debug|Win32
		{E38249F0-2685-499B-92D3-9CA7BAC341E7}.Debug|x64.ActiveCfg = Debug|x64
		{E38249F0-2685-499B-92D3-9CA7BAC341E7}.Debug|x64.Build.0 = Debug|x64
		{E38249F0-2685-499B-92D3-9CA7BAC341E7}.Debug|x86.ActiveCfg = Debug|Win32
		{E38249F0-2685-499B-92D3-9CA7BAC341E7}.Debug|x86.Build.0 = Debug|Win32
		{E38249F0-2685-499B-92D3-9CA7BAC341E7}.Debug-wx3-unicode|Any CPU.ActiveCfg = Release|x64
		{E38249F0-2685-499B-92D3-9CA7BAC341E7}.Debug-wx3-unicode|Any CPU.Build.0 = Release|x64
		{E38249F0-2685-499B-92D3-9CA7BAC341E7}.Debug-wx3-unicode|x64.ActiveCfg = Debug|x64
		{E38249F0-2685-499B-92D3-9CA7BAC341E7}.Debug-wx3-unicode|x64.Build.0 = Debug|x64
		{E38249F0-2685-499B-92D3-9CA7BAC341E7}.Debug-wx3-unicode|x86.ActiveCfg = Debug|Win32
		{E38249F0-2685-499B-92D3-9CA7BAC341E7}.Debug-wx3-unicode|x86.Build.0 = Debug|Win32
		{E38249F0-2685-499B-92D3-9CA7BAC341E7}.Release|Any CPU.ActiveCfg = Release|Win32
		{E38249F0-2685-499B-92D3-9CA7BAC341E7}.Release|Any CPU.Build.0 = Release|Win32
		{E38249F0-2685-499B-92D3-9CA7BAC341E7}.Release|x64.ActiveCfg = Release|x64
		{E38249F0-2685-499B-92D3-9CA7BAC341E7}.Release|x64.Build.0 = Release|x64
		{E38249F0-2685-499B-92D3-9CA7BAC341E7}.Release|x86.ActiveCfg = Release|Win32
		{E38249F0-2685-499B-92D3-9CA7BAC341E7}.Release|x86.Build.0 = Release|Win32
		{E38249F0-2685-499B-92D3-9CA7BAC341E7}.Release-wx3.0|Any CPU.ActiveCfg = Release|x64
		{E38249F0-2685-499B-92D3-9CA7BAC341E7}.Release-wx3.0|Any CPU.Build.0 = Release|x64
		{E38249F0-2685-499B-92D3-9CA7BAC341E7}.Release-wx3.0|x64.ActiveCfg = Release|x64
		{E38249F0-2685-499B-92D3-9CA7BAC341E7}.Release-wx3.0|x64.Build.0 = Release|x64
		{E38249F0-2685-499B-92D3-9CA7BAC341E7}.Release-wx3.0|x86.ActiveCfg = Release|Win32
		{E38249F0-2685-499B-92D3-9CA7BAC341E7}.Release-wx3.0|x86.Build.0 = Release|Win32
		{E38249F0-2685-499B-92D3-9CA7BAC341E7}.Release-wx3-win64|Any CPU.ActiveCfg = Release|x64
		{E38249F0-2685-499B-92D3-9CA7BAC341E7}.Release-wx3-win64|Any CPU.Build.0 = Release|x64
		{E38249F0-2685-499B-92D3-9CA7BAC341E7}.Release-wx3-win64|x64.ActiveCfg = Release|x64
		{E38249F0-2685-499B-92D3-9CA7BAC341E7}.Release-wx3-win64|x64.Build.0 = Release|x64
		{E38249F0-2685-499B-92D3-9CA7BAC341E7}.Release-wx3-win64|x86.ActiveCfg = Release|Win32
		{E38249F0-2685-499B-92D3-9CA7BAC341E7}.Release-wx3-win64|x86.Build.0 = Release|Win32
		{69D28A1C-8821-4C74-9076-F7AEF1F1ABA9}.Debug|Any CPU.ActiveCfg = Debug|Win32
		{69D28A1C-8821-4C74-9076-F7AEF1F1ABA9}.Debug|Any CPU.Build.0 = Debug|Win32
		{69D28A1C-8821-4C74-9076-F7AEF1F1ABA9}.Debug|x64.ActiveCfg = Debug|Win32
		{69D28A1C-8821-4C74-9076-F7AEF1F1ABA9}.Debug|x86.ActiveCfg = Debug|Win32
		{69D28A1C-8821-4C74-9076-F7AEF1F1ABA9}.Debug|x86.Build.0 = Debug|Win32
		{69D28A1C-8821-4C74-9076-F7AEF1F1ABA9}.Debug-wx3-unicode|Any CPU.ActiveCfg = Release|Win32
		{69D28A1C-8821-4C74-9076-F7AEF1F1ABA9}.Debug-wx3-unicode|Any CPU.Build.0 = Release|Win32
		{69D28A1C-8821-4C74-9076-F7AEF1F1ABA9}.Debug-wx3-unicode|x64.ActiveCfg = Release|Win32
		{69D28A1C-8821-4C74-9076-F7AEF1F1ABA9}.Debug-wx3-unicode|x64.Build.0 = Release|Win32
		{69D28A1C-8821-4C74-9076-F7AEF1F1ABA9}.Debug-wx3-unicode|x86.ActiveCfg = Debug|Win32
		{69D28A1C-8821-4C74-9076-F7AEF1F1ABA9}.Debug-wx3-unicode|x86.Build.0 = Debug|Win32
		{69D28A1C-8821-4C74-9076-F7AEF1F1ABA9}.Release|Any CPU.ActiveCfg = Release|Win32
		{69D28A1C-8821-4C74-9076-F7AEF1F1ABA9}.Release|Any CPU.Build.0 = Release|Win32
		{69D28A1C-8821-4C74-9076-F7AEF1F1ABA9}.Release|x64.ActiveCfg = Release|Win32
		{69D28A1C-8821-4C74-9076-F7AEF1F1ABA9}.Release|x86.ActiveCfg = Release|Win32
		{69D28A1C-8821-4C74-9076-F7AEF1F1ABA9}.Release|x86.Build.0 = Release|Win32
		{69D28A1C-8821-4C74-9076-F7AEF1F1ABA9}.Release-wx3.0|Any CPU.ActiveCfg = Release|Win32
		{69D28A1C-8821-4C74-9076-F7AEF1F1ABA9}.Release-wx3.0|Any CPU.Build.0 = Release|Win32
		{69D28A1C-8821-4C74-9076-F7AEF1F1ABA9}.Release-wx3.0|x64.ActiveCfg = Release|Win32
		{69D28A1C-8821-4C74-9076-F7AEF1F1ABA9}.Release-wx3.0|x64.Build.0 = Release|Win32
		{69D28A1C-8821-4C74-9076-F7AEF1F1ABA9}.Release-wx3.0|x86.ActiveCfg = Release|Win32
		{69D28A1C-8821-4C74-9076-F7AEF1F1ABA9}.Release-wx3.0|x86.Build.0 = Release|Win32
		{69D28A1C-8821-4C74-9076-F7AEF1F1ABA9}.Release-wx3-win64|Any CPU.ActiveCfg = Release|Win32
		{69D28A1C-8821-4C74-9076-F7AEF1F1ABA9}.Release-wx3-win64|Any CPU.Build.0 = Release|Win32
		{69D28A1C-8821-4C74-9076-F7AEF1F1ABA9}.Release-wx3-win64|x64.ActiveCfg = Release|Win32
		{69D28A1C-8821-4C74-9076-F7AEF1F1ABA9}.Release-wx3-win64|x64.Build.0 = Release|Win32
		{69D28A1C-8821-4C74-9076-F7AEF1F1ABA9}.Release-wx3-win64|x86.ActiveCfg = Release|Win32
		{69D28A1C-8821-4C74-9076-F7AEF1F1ABA9}.Release-wx3-win64|x86.Build.0 = Release|Win32
		{347B2F82-3B95-42FC-BA41-8F336218FA8E}.Debug|Any CPU.ActiveCfg = Debug|Win32
		{347B2F82-3B95-42FC-BA41-8F336218FA8E}.Debug|Any CPU.Build.0 = Debug|Win32
		{347B2F82-3B95-42FC-BA41-8F336218FA8E}.Debug|x64.ActiveCfg = Debug|Win32
		{347B2F82-3B95-42FC-BA41-8F336218FA8E}.Debug|x86.ActiveCfg = Debug|Win32
		{347B2F82-3B95-42FC-BA41-8F336218FA8E}.Debug|x86.Build.0 = Debug|Win32
		{347B2F82-3B95-42FC-BA41-8F336218FA8E}.Debug-wx3-unicode|Any CPU.ActiveCfg = Release|Win32
		{347B2F82-3B95-42FC-BA41-8F336218FA8E}.Debug-wx3-unicode|Any CPU.Build.0 = Release|Win32
		{347B2F82-3B95-42FC-BA41-8F336218FA8E}.Debug-wx3-unicode|x64.ActiveCfg = Release|Win32
		{347B2F82-3B95-42FC-BA41-8F336218FA8E}.Debug-wx3-unicode|x64.Build.0 = Release|Win32
		{347B2F82-3B95-42FC-BA41-8F336218FA8E}.Debug-wx3-unicode|x86.ActiveCfg = Debug|Win32
		{347B2F82-3B95-42FC-BA41-8F336218FA8E}.Debug-wx3-unicode|x86.Build.0 = Debug|Win32
		{347B2F82-3B95-42FC-BA41-8F336218FA8E}.Release|Any CPU.ActiveCfg = Release|Win32
		{347B2F82-3B95-42FC-BA41-8F336218FA8E}.Release|Any CPU.Build.0 = Release|Win32
		{347B2F82-3B95-42FC-BA41-8F336218FA8E}.Release|x64.ActiveCfg = Release|Win32
		{347B2F82-3B95-42FC-BA41-8F336218FA8E}.Release|x86.ActiveCfg = Release|Win32
		{347B2F82-3B95-42FC-BA41-8F336218FA8E}.Release|x86.Build.0 = Release|Win32
		{347B2F82-3B95-42FC-BA41-8F336218FA8E}.Release-wx3.0|Any CPU.ActiveCfg = Release|Win32
		{347B2F82-3B95-42FC-BA41-8F336218FA8E}.Release-wx3.0|Any CPU.Build.0 = Release|Win32
		{347B2F82-3B95-42FC-BA41-8F336218FA8E}.Release-wx3.0|x64.ActiveCfg = Release|Win32
		{347B2F82-3B95-42FC-BA41-8F336218FA8E}.Release-wx3.0|x64.Build.0 = Release|Win32
		{347B2F82-3B95-42FC-BA41-8F336218FA8E}.Release-wx3.0|x86.ActiveCfg = Release|Win32
		{347B2F82-3B95-42FC-BA41-8F336218FA8E}.Release-wx3.0|x86.Build.0 = Release|Win32
		{347B2F82-3B95-42FC-BA41-8F336218FA8E}.Release-wx3-win64|Any CPU.ActiveCfg = Release|Win32
		{347B2F82-3B95-42FC-BA41-8F336218FA8E}.Release-wx3-win64|Any CPU.Build.0 = Release|Win32
		{347B2F82-3B95-42FC-BA41-8F336218FA8E}.Release-wx3-win64|x64.ActiveCfg = Release|Win32
		{347B2F82-3B95-42FC-BA41-8F336218FA8E}.Release-wx3-win64|x64.Build.0 = Release|Win32
		{347B2F82-3B95-42FC-BA41-8F336218FA8E}.Release-wx3-win64|x86.ActiveCfg = Release|Win32
		{347B2F82-3B95-42FC-BA41-8F336218FA8E}.Release-wx3-win64|x86.Build.0 = Release|Win32
		{C6BC8B11-BB9A-459D-A83C-18DAD0F66E7D}.Debug|Any CPU.ActiveCfg = Debug|Win32
		{C6BC8B11-BB9A-459D-A83C-18DAD0F66E7D}.Debug|Any CPU.Build.0 = Debug|Win32
		{C6BC8B11-BB9A-459D-A83C-18DAD0F66E7D}.Debug|x64.ActiveCfg = Debug|Win32
		{C6BC8B11-BB9A-459D-A83C-18DAD0F66E7D}.Debug|x86.ActiveCfg = Debug|Win32
		{C6BC8B11-BB9A-459D-A83C-18DAD0F66E7D}.Debug|x86.Build.0 = Debug|Win32
		{C6BC8B11-BB9A-459D-A83C-18DAD0F66E7D}.Debug-wx3-unicode|Any CPU.ActiveCfg = Release|Win32
		{C6BC8B11-BB9A-459D-A83C-18DAD0F66E7D}.Debug-wx3-unicode|Any CPU.Build.0 = Release|Win32
		{C6BC8B11-BB9A-459D-A83C-18DAD0F66E7D}.Debug-wx3-unicode|x64.ActiveCfg = Release|Win32
		{C6BC8B11-BB9A-459D-A83C-18DAD0F66E7D}.Debug-wx3-unicode|x64.Build.0 = Release|Win32
		{C6BC8B11-BB9A-459D-A83C-18DAD0F66E7D}.Debug-wx3-unicode|x86.ActiveCfg = Debug|Win32
		{C6BC8B11-BB9A-459D-A83C-18DAD0F66E7D}.Debug-wx3-unicode|x86.Build.0 = Debug|Win32
		{C6BC8B11-BB9A-459D-A83C-18DAD0F66E7D}.Release|Any CPU.ActiveCfg = Release|Win32
		{C6BC8B11-BB9A-459D-A83C-18DAD0F66E7D}.Release|Any CPU.Build.0 = Release|Win32
		{C6BC8B11-BB9A-459D-A83C-18DAD0F66E7D}.Release|x64.ActiveCfg = Release|Win32
		{C6BC8B11-BB9A-459D-A83C-18DAD0F66E7D}.Release|x86.ActiveCfg = Release|Win32
		{C6BC8B11-BB9A-459D-A83C-18DAD0F66E7D}.Release|x86.Build.0 = Release|Win32
		{C6BC8B11-BB9A-459D-A83C-18DAD0F66E7D}.Release-wx3.0|Any CPU.ActiveCfg = Release|Win32
		{C6BC8B11-BB9A-459D-A83C-18DAD0F66E7D}.Release-wx3.0|Any CPU.Build.0 = Release|Win32
		{C6BC8B11-BB9A-459D-A83C-18DAD0F66E7D}.Release-wx3.0|x64.ActiveCfg = Release|Win32
		{C6BC8B11-BB9A-459D-A83C-18DAD0F66E7D}.Release-wx3.0|x64.Build.0 = Release|Win32
		{C6BC8B11-BB9A-459D-A83C-18DAD0F66E7D}.Release-wx3.0|x86.ActiveCfg = Release|Win32
		{C6BC8B11-BB9A-459D-A83C-18DAD0F66E7D}.Release-wx3.0|x86.Build.0 = Release|Win32
		{C6BC8B11-BB9A-459D-A83C-18DAD0F66E7D}.Release-wx3-win64|Any CPU.ActiveCfg = Release|Win32
		{C6BC8B11-BB9A-459D-A83C-18DAD0F66E7D}.Release-wx3-win64|Any CPU.Build.0 = Release|Win32
		{C6BC8B11-BB9A-459D-A83C-18DAD0F66E7D}.Release-wx3-win64|x64.ActiveCfg = Release|Win32
		{C6BC8B11-BB9A-459D-A83C-18DAD0F66E7D}.Release-wx3-win64|x64.Build.0 = Release|Win32
		{C6BC8B11-BB9A-459D-A83C-18DAD0F66E7D}.Release-wx3-win64|x86.ActiveCfg = Release|Win32
		{C6BC8B11-BB9A-459D-A83C-18DAD0F66E7D}.Release-wx3-win64|x86.Build.0 = Release|Win32
		{469DDF0D-B067-4736-B60B-EA6D39D5DC5F}.Debug|Any CPU.ActiveCfg = Debug|Win32
		{469DDF0D-B067-4736-B60B-EA6D39D5DC5F}.Debug|Any CPU.Build.0 = Debug|Win32
		{469DDF0D-B067-4736-B60B-EA6D39D5DC5F}.Debug|x64.ActiveCfg = Debug|Win32
		{469DDF0D-B067-4736-B60B-EA6D39D5DC5F}.Debug|x86.ActiveCfg = Debug|Win32
		{469DDF0D-B067-4736-B60B-EA6D39D5DC5F}.Debug|x86.Build.0 = Debug|Win32
		{469DDF0D-B067-4736-B60B-EA6D39D5DC5F}.Debug-wx3-unicode|Any CPU.ActiveCfg = Release|Win32
		{469DDF0D-B067-4736-B60B-EA6D39D5DC5F}.Debug-wx3-unicode|Any CPU.Build.0 = Release|Win32
		{469DDF0D-B067-4736-B60B-EA6D39D5DC5F}.Debug-wx3-unicode|x64.ActiveCfg = Release|Win32
		{469DDF0D-B067-4736-B60B-EA6D39D5DC5F}.Debug-wx3-unicode|x64.Build.0 = Release|Win32
		{469DDF0D-B067-4736-B60B-EA6D39D5DC5F}.Debug-wx3-unicode|x86.ActiveCfg = Debug|Win32
		{469DDF0D-B067-4736-B60B-EA6D39D5DC5F}.Debug-wx3-unicode|x86.Build.0 = Debug|Win32
		{469DDF0D-B067-4736-B60B-EA6D39D5DC5F}.Release|Any CPU.ActiveCfg = Release|Win32
		{469DDF0D-B067-4736-B60B-EA6D39D5DC5F}.Release|Any CPU.Build.0 = Release|Win32
		{469DDF0D-B067-4736-B60B-EA6D39D5DC5F}.Release|x64.ActiveCfg = Release|Win32
		{469DDF0D-B067-4736-B60B-EA6D39D5DC5F}.Release|x86.ActiveCfg = Release|Win32
		{469DDF0D-B067-4736-B60B-EA6D39D5DC5F}.Release|x86.Build.0 = Release|Win32
		{469DDF0D-B067-4736-B60B-EA6D39D5DC5F}.Release-wx3.0|Any CPU.ActiveCfg = Release|Win32
		{469DDF0D-B067-4736-B60B-EA6D39D5DC5F}.Release-wx3.0|Any CPU.Build.0 = Release|Win32
		{469DDF0D-B067-4736-B60B-EA6D39D5DC5F}.Release-wx3.0|x64.ActiveCfg = Release|Win32
		{469DDF0D-B067-4736-B60B-EA6D39D5DC5F}.Release-wx3.0|x64.Build.0 = Release|Win32
		{469DDF0D-B067-4736-B60B-EA6D39D5DC5F}.Release-wx3.0|x86.ActiveCfg = Release|Win32
		{469DDF0D-B067-4736-B60B-EA6D39D5DC5F}.Release-wx3.0|x86.Build.0 = Release|Win32
		{469DDF0D-B067-4736-B60B-EA6D39D5DC5F}.Release-wx3-win64|Any CPU.ActiveCfg = Release|Win32
		{469DDF0D-B067-4736-B60B-EA6D39D5DC5F}.Release-wx3-win64|Any CPU.Build.0 = Release|Win32
		{469DDF0D-B067-4736-B60B-EA6D39D5DC5F}.Release-wx3-win64|x64.ActiveCfg = Release|Win32
		{469DDF0D-B067-4736-B60B-EA6D39D5DC5F}.Release-wx3-win64|x64.Build.0 = Release|Win32
		{469DDF0D-B067-4736-B60B-EA6D39D5DC5F}.Release-wx3-win64|x86.ActiveCfg = Release|Win32
		{469DDF0D-B067-4736-B60B-EA6D39D5DC5F}.Release-wx3-win64|x86.Build.0 = Release|Win32
		{E9AA0130-FDE5-4484-B17E-8E8B133064CE}.Debug|Any CPU.ActiveCfg = Debug|Win32
		{E9AA0130-FDE5-4484-B17E-8E8B133064CE}.Debug|Any CPU.Build.0 = Debug|Win32
		{E9AA0130-FDE5-4484-B17E-8E8B133064CE}.Debug|x64.ActiveCfg = Debug|x64
		{E9AA0130-FDE5-4484-B17E-8E8B133064CE}.Debug|x64.Build.0 = Debug|x64
		{E9AA0130-FDE5-4484-B17E-8E8B133064CE}.Debug|x86.ActiveCfg = Debug|Win32
		{E9AA0130-FDE5-4484-B17E-8E8B133064CE}.Debug|x86.Build.0 = Debug|Win32
		{E9AA0130-FDE5-4484-B17E-8E8B133064CE}.Debug-wx3-unicode|Any CPU.ActiveCfg = Release|x64
		{E9AA0130-FDE5-4484-B17E-8E8B133064CE}.Debug-wx3-unicode|Any CPU.Build.0 = Release|x64
		{E9AA0130-FDE5-4484-B17E-8E8B133064CE}.Debug-wx3-unicode|x64.ActiveCfg = Debug|x64
		{E9AA0130-FDE5-4484-B17E-8E8B133064CE}.Debug-wx3-unicode|x64.Build.0 = Debug|x64
		{E9AA0130-FDE5-4484-B17E-8E8B133064CE}.Debug-wx3-unicode|x86.ActiveCfg = Debug|Win32
		{E9AA0130-FDE5-4484-B17E-8E8B133064CE}.Debug-wx3-unicode|x86.Build.0 = Debug|Win32
		{E9AA0130-FDE5-4484-B17E-8E8B133064CE}.Release|Any CPU.ActiveCfg = Release|Win32
		{E9AA0130-FDE5-4484-B17E-8E8B133064CE}.Release|Any CPU.Build.0 = Release|Win32
		{E9AA0130-FDE5-4484-B17E-8E8B133064CE}.Release|x64.ActiveCfg = Release|x64
		{E9AA0130-FDE5-4484-B17E-8E8B133064CE}.Release|x64.Build.0 = Release|x64
		{E9AA0130-FDE5-4484-B17E-8E8B133064CE}.Release|x86.ActiveCfg = Release|Win32
		{E9AA0130-FDE5-4484-B17E-8E8B133064CE}.Release|x86.Build.0 = Release|Win32
		{E9AA0130-FDE5-4484-B17E-8E8B133064CE}.Release-wx3.0|Any CPU.ActiveCfg = Release|x64
		{E9AA0130-FDE5-4484-B17E-8E8B133064CE}.Release-wx3.0|Any CPU.Build.0 = Release|x64
		{E9AA0130-FDE5-4484-B17E-8E8B133064CE}.Release-wx3.0|x64.ActiveCfg = Release|x64
		{E9AA0130-FDE5-4484-B17E-8E8B133064CE}.Release-wx3.0|x64.Build.0 = Release|x64
		{E9AA0130-FDE5-4484-B17E-8E8B133064CE}.Release-wx3.0|x86.ActiveCfg = Release|Win32
		{E9AA0130-FDE5-4484-B17E-8E8B133064CE}.Release-wx3.0|x86.Build.0 = Release|Win32
		{E9AA0130-FDE5-4484-B17E-8E8B133064CE}.Release-wx3-win64|Any CPU.ActiveCfg = Release|x64
		{E9AA0130-FDE5-4484-B17E-8E8B133064CE}.Release-wx3-win64|Any CPU.Build.0 = Release|x64
		{E9AA0130-FDE5-4484-B17E-8E8B133064CE}.Release-wx3-win64|x64.ActiveCfg = Release|x64
		{E9AA0130-FDE5-4484-B17E-8E8B133064CE}.Release-wx3-win64|x64.Build.0 = Release|x64
		{E9AA0130-FDE5-4484-B17E-8E8B133064CE}.Release-wx3-win64|x86.ActiveCfg = Release|Win32
		{E9AA0130-FDE5-4484-B17E-8E8B133064CE}.Release-wx3-win64|x86.Build.0 = Release|Win32
		{5994C1E4-35F5-4D44-B8AC-6B71E31C09A2}.Debug|Any CPU.ActiveCfg = Debug|Win32
		{5994C1E4-35F5-4D44-B8AC-6B71E31C09A2}.Debug|Any CPU.Build.0 = Debug|Win32
		{5994C1E4-35F5-4D44-B8AC-6B71E31C09A2}.Debug|x64.ActiveCfg = Debug|x64
		{5994C1E4-35F5-4D44-B8AC-6B71E31C09A2}.Debug|x64.Build.0 = Debug|x64
		{5994C1E4-35F5-4D44-B8AC-6B71E31C09A2}.Debug|x86.ActiveCfg = Debug|Win32
		{5994C1E4-35F5-4D44-B8AC-6B71E31C09A2}.Debug|x86.Build.0 = Debug|Win32
		{5994C1E4-35F5-4D44-B8AC-6B71E31C09A2}.Debug-wx3-unicode|Any CPU.ActiveCfg = Release|x64
		{5994C1E4-35F5-4D44-B8AC-6B71E31C09A2}.Debug-wx3-unicode|Any CPU.Build.0 = Release|x64
		{5994C1E4-35F5-4D44-B8AC-6B71E31C09A2}.Debug-wx3-unicode|x64.ActiveCfg = Debug|x64
		{5994C1E4-35F5-4D44-B8AC-6B71E31C09A2}.Debug-wx3-unicode|x64.Build.0 = Debug|x64
		{5994C1E4-35F5-4D44-B8AC-6B71E31C09A2}.Debug-wx3-unicode|x86.ActiveCfg = Debug|Win32
		{5994C1E4-35F5-4D44-B8AC-6B71E31C09A2}.Debug-wx3-unicode|x86.Build.0 = Debug|Win32
		{5994C1E4-35F5-4D44-B8AC-6B71E31C09A2}.Release|Any CPU.ActiveCfg = Release|Win32
		{5994C1E4-35F5-4D44-B8AC-6B71E31C09A2}.Release|Any CPU.Build.0 = Release|Win32
		{5994C1E4-35F5-4D44-B8AC-6B71E31C09A2}.Release|x64.ActiveCfg = Release|x64
		{5994C1E4-35F5-4D44-B8AC-6B71E31C09A2}.Release|x64.Build.0 = Release|x64
		{5994C1E4-35F5-4D44-B8AC-6B71E31C09A2}.Release|x86.ActiveCfg = Release|Win32
		{5994C1E4-35F5-4D44-B8AC-6B71E31C09A2}.Release|x86.Build.0 = Release|Win32
		{5994C1E4-35F5-4D44-B8AC-6B71E31C09A2}.Release-wx3.0|Any CPU.ActiveCfg = Release|x64
		{5994C1E4-35F5-4D44-B8AC-6B71E31C09A2}.Release-wx3.0|Any CPU.Build.0 = Release|x64
		{5994C1E4-35F5-4D44-B8AC-6B71E31C09A2}.Release-wx3.0|x64.ActiveCfg = Release|x64
		{5994C1E4-35F5-4D44-B8AC-6B71E31C09A2}.Release-wx3.0|x64.Build.0 = Release|x64
		{5994C1E4-35F5-4D44-B8AC-6B71E31C09A2}.Release-wx3.0|x86.ActiveCfg = Release|Win32
		{5994C1E4-35F5-4D44-B8AC-6B71E31C09A2}.Release-wx3.0|x86.Build.0 = Release|Win32
		{5994C1E4-35F5-4D44-B8AC-6B71E31C09A2}.Release-wx3-win64|Any CPU.ActiveCfg = Release|x64
		{5994C1E4-35F5-4D44-B8AC-6B71E31C09A2}.Release-wx3-win64|Any CPU.Build.0 = Release|x64
		{5994C1E4-35F5-4D44-B8AC-6B71E31C09A2}.Release-wx3-win64|x64.ActiveCfg = Release|x64
		{5994C1E4-35F5-4D44-B8AC-6B71E31C09A2}.Release-wx3-win64|x64.Build.0 = Release|x64
		{5994C1E4-35F5-4D44-B8AC-6B71E31C09A2}.Release-wx3-win64|x86.ActiveCfg = Release|Win32
		{5994C1E4-35F5-4D44-B8AC-6B71E31C09A2}.Release-wx3-win64|x86.Build.0 = Release|Win32
		{621139A6-0BC0-4149-A68E-56BEB71AB86D}.Debug|Any CPU.ActiveCfg = Debug|Win32
		{621139A6-0BC0-4149-A68E-56BEB71AB86D}.Debug|Any CPU.Build.0 = Debug|Win32
		{621139A6-0BC0-4149-A68E-56BEB71AB86D}.Debug|x64.ActiveCfg = Debug|x64
		{621139A6-0BC0-4149-A68E-56BEB71AB86D}.Debug|x64.Build.0 = Debug|x64
		{621139A6-0BC0-4149-A68E-56BEB71AB86D}.Debug|x86.ActiveCfg = Debug|Win32
		{621139A6-0BC0-4149-A68E-56BEB71AB86D}.Debug|x86.Build.0 = Debug|Win32
		{621139A6-0BC0-4149-A68E-56BEB71AB86D}.Debug-wx3-unicode|Any CPU.ActiveCfg = Release|x64
		{621139A6-0BC0-4149-A68E-56BEB71AB86D}.Debug-wx3-unicode|Any CPU.Build.0 = Release|x64
		{621139A6-0BC0-4149-A68E-56BEB71AB86D}.Debug-wx3-unicode|x64.ActiveCfg = Debug|x64
		{621139A6-0BC0-4149-A68E-56BEB71AB86D}.Debug-wx3-unicode|x64.Build.0 = Debug|x64
		{621139A6-0BC0-4149-A68E-56BEB71AB86D}.Debug-wx3-unicode|x86.ActiveCfg = Debug|Win32
		{621139A6-0BC0-4149-A68E-56BEB71AB86D}.Debug-wx3-unicode|x86.Build.0 = Debug|Win32
		{621139A6-0BC0-4149-A68E-56BEB71AB86D}.Release|Any CPU.ActiveCfg = Release|Win32
		{621139A6-0BC0-4149-A68E-56BEB71AB86D}.Release|Any CPU.Build.0 = Release|Win32
		{621139A6-0BC0-4149-A68E-56BEB71AB86D}.Release|x64.ActiveCfg = Release|x64
		{621139A6-0BC0-4149-A68E-56BEB71AB86D}.Release|x64.Build.0 = Release|x64
		{621139A6-0BC0-4149-A68E-56BEB71AB86D}.Release|x86.ActiveCfg = Release|Win32
		{621139A6-0BC0-4149-A68E-56BEB71AB86D}.Release|x86.Build.0 = Release|Win32
		{621139A6-0BC0-4149-A68E-56BEB71AB86D}.Release-wx3.0|Any CPU.ActiveCfg = Release|x64
		{621139A6-0BC0-4149-A68E-56BEB71AB86D}.Release-wx3.0|Any CPU.Build.0 = Release|x64
		{621139A6-0BC0-4149-A68E-56BEB71AB86D}.Release-wx3.0|x64.ActiveCfg = Release|x64
		{621139A6-0BC0-4149-A68E-56BEB71AB86D}.Release-wx3.0|x64.Build.0 = Release|x64
		{621139A6-0BC0-4149-A68E-56BEB71AB86D}.Release-wx3.0|x86.ActiveCfg = Release|Win32
		{621139A6-0BC0-4149-A68E-56BEB71AB86D}.Release-wx3.0|x86.Build.0 = Release|Win32
		{621139A6-0BC0-4149-A68E-56BEB71AB86D}.Release-wx3-win64|Any CPU.ActiveCfg = Release|x64
		{621139A6-0BC0-4149-A68E-56BEB71AB86D}.Release-wx3-win64|Any CPU.Build.0 = Release|x64
		{621139A6-0BC0-4149-A68E-56BEB71AB86D}.Release-wx3-win64|x64.ActiveCfg = Release|x64
		{621139A6-0BC0-4149-A68E-56BEB71AB86D}.Release-wx3-win64|x64.Build.0 = Release|x64
		{621139A6-0BC0-4149-A68E-56BEB71AB86D}.Release-wx3-win64|x86.ActiveCfg = Release|Win32
		{621139A6-0BC0-4149-A68E-56BEB71AB86D}.Release-wx3-win64|x86.Build.0 = Release|Win32
		{17B0180D-BD15-4C4F-9975-24E2AA295E2E}.Debug|Any CPU.ActiveCfg = Debug|Win32
		{17B0180D-BD15-4C4F-9975-24E2AA295E2E}.Debug|Any CPU.Build.0 = Debug|Win32
		{17B0180D-BD15-4C4F-9975-24E2AA295E2E}.Debug|x64.ActiveCfg = Debug|x64
		{17B0180D-BD15-4C4F-9975-24E2AA295E2E}.Debug|x64.Build.0 = Debug|x64
		{17B0180D-BD15-4C4F-9975-24E2AA295E2E}.Debug|x86.ActiveCfg = Debug|Win32
		{17B0180D-BD15-4C4F-9975-24E2AA295E2E}.Debug|x86.Build.0 = Debug|Win32
		{17B0180D-BD15-4C4F-9975-24E2AA295E2E}.Debug-wx3-unicode|Any CPU.ActiveCfg = Release|x64
		{17B0180D-BD15-4C4F-9975-24E2AA295E2E}.Debug-wx3-unicode|Any CPU.Build.0 = Release|x64
		{17B0180D-BD15-4C4F-9975-24E2AA295E2E}.Debug-wx3-unicode|x64.ActiveCfg = Debug|x64
		{17B0180D-BD15-4C4F-9975-24E2AA295E2E}.Debug-wx3-unicode|x64.Build.0 = Debug|x64
		{17B0180D-BD15-4C4F-9975-24E2AA295E2E}.Debug-wx3-unicode|x86.ActiveCfg = Debug|Win32
		{17B0180D-BD15-4C4F-9975-24E2AA295E2E}.Debug-wx3-unicode|x86.Build.0 = Debug|Win32
		{17B0180D-BD15-4C4F-9975-24E2AA295E2E}.Release|Any CPU.ActiveCfg = Release|Win32
		{17B0180D-BD15-4C4F-9975-24E2AA295E2E}.Release|Any CPU.Build.0 = Release|Win32
		{17B0180D-BD15-4C4F-9975-24E2AA295E2E}.Release|x64.ActiveCfg = Release|x64
		{17B0180D-BD15-4C4F-9975-24E2AA295E2E}.Release|x64.Build.0 = Release|x64
		{17B0180D-BD15-4C4F-9975-24E2AA295E2E}.Release|x86.ActiveCfg = Release|Win32
		{17B0180D-BD15-4C4F-9975-24E2AA295E2E}.Release|x86.Build.0 = Release|Win32
		{17B0180D-BD15-4C4F-9975-24E2AA295E2E}.Release-wx3.0|Any CPU.ActiveCfg = Release|x64
		{17B0180D-BD15-4C4F-9975-24E2AA295E2E}.Release-wx3.0|Any CPU.Build.0 = Release|x64
		{17B0180D-BD15-4C4F-9975-24E2AA295E2E}.Release-wx3.0|x64.ActiveCfg = Release|x64
		{17B0180D-BD15-4C4F-9975-24E2AA295E2E}.Release-wx3.0|x64.Build.0 = Release|x64
		{17B0180D-BD15-4C4F-9975-24E2AA295E2E}.Release-wx3.0|x86.ActiveCfg = Release|Win32
		{17B0180D-BD15-4C4F-9975-24E2AA295E2E}.Release-wx3.0|x86.Build.0 = Release|Win32
		{17B0180D-BD15-4C4F-9975-24E2AA295E2E}.Release-wx3-win64|Any CPU.ActiveCfg = Release|x64
		{17B0180D-BD15-4C4F-9975-24E2AA295E2E}.Release-wx3-win64|Any CPU.Build.0 = Release|x64
		{17B0180D-BD15-4C4F-9975-24E2AA295E2E}.Release-wx3-win64|x64.ActiveCfg = Release|x64
		{17B0180D-BD15-4C4F-9975-24E2AA295E2E}.Release-wx3-win64|x64.Build.0 = Release|x64
		{17B0180D-BD15-4C4F-9975-24E2AA295E2E}.Release-wx3-win64|x86.ActiveCfg = Release|Win32
		{17B0180D-BD15-4C4F-9975-24E2AA295E2E}.Release-wx3-win64|x86.Build.0 = Release|Win32
		{36151BAF-D13E-4DF0-A03F-5F4F4C13E2B6}.Debug|Any CPU.ActiveCfg = Debug|Win32
		{36151BAF-D13E-4DF0-A03F-5F4F4C13E2B6}.Debug|Any CPU.Build.0 = Debug|Win32
		{36151BAF-D13E-4DF0-A03F-5F4F4C13E2B6}.Debug|x64.ActiveCfg = Debug|Win32
		{36151BAF-D13E-4DF0-A03F-5F4F4C13E2B6}.Debug|x86.ActiveCfg = Debug|Win32
		{36151BAF-D13E-4DF0-A03F-5F4F4C13E2B6}.Debug|x86.Build.0 = Debug|Win32
		{36151BAF-D13E-4DF0-A03F-5F4F4C13E2B6}.Debug-wx3-unicode|Any CPU.ActiveCfg = Release|Win32
		{36151BAF-D13E-4DF0-A03F-5F4F4C13E2B6}.Debug-wx3-unicode|Any CPU.Build.0 = Release|Win32
		{36151BAF-D13E-4DF0-A03F-5F4F4C13E2B6}.Debug-wx3-unicode|x64.ActiveCfg = Release|Win32
		{36151BAF-D13E-4DF0-A03F-5F4F4C13E2B6}.Debug-wx3-unicode|x64.Build.0 = Release|Win32
		{36151BAF-D13E-4DF0-A03F-5F4F4C13E2B6}.Debug-wx3-unicode|x86.ActiveCfg = Debug|Win32
		{36151BAF-D13E-4DF0-A03F-5F4F4C13E2B6}.Debug-wx3-unicode|x86.Build.0 = Debug|Win32
		{36151BAF-D13E-4DF0-A03F-5F4F4C13E2B6}.Release|Any CPU.ActiveCfg = Release|Win32
		{36151BAF-D13E-4DF0-A03F-5F4F4C13E2B6}.Release|Any CPU.Build.0 = Release|Win32
		{36151BAF-D13E-4DF0-A03F-5F4F4C13E2B6}.Release|x64.ActiveCfg = Release|Win32
		{36151BAF-D13E-4DF0-A03F-5F4F4C13E2B6}.Release|x86.ActiveCfg = Release|Win32
		{36151BAF-D13E-4DF0-A03F-5F4F4C13E2B6}.Release|x86.Build.0 = Release|Win32
		{36151BAF-D13E-4DF0-A03F-5F4F4C13E2B6}.Release-wx3.0|Any CPU.ActiveCfg = Release|Win32
		{36151BAF-D13E-4DF0-A03F-5F4F4C13E2B6}.Release-wx3.0|Any CPU.Build.0 = Release|Win32
		{36151BAF-D13E-4DF0-A03F-5F4F4C13E2B6}.Release-wx3.0|x64.ActiveCfg = Release|Win32
		{36151BAF-D13E-4DF0-A03F-5F4F4C13E2B6}.Release-wx3.0|x64.Build.0 = Release|Win32
		{36151BAF-D13E-4DF0-A03F-5F4F4C13E2B6}.Release-wx3.0|x86.ActiveCfg = Release|Win32
		{36151BAF-D13E-4DF0-A03F-5F4F4C13E2B6}.Release-wx3.0|x86.Build.0 = Release|Win32
		{36151BAF-D13E-4DF0-A03F-5F4F4C13E2B6}.Release-wx3-win64|Any CPU.ActiveCfg = Release|Win32
		{36151BAF-D13E-4DF0-A03F-5F4F4C13E2B6}.Release-wx3-win64|Any CPU.Build.0 = Release|Win32
		{36151BAF-D13E-4DF0-A03F-5F4F4C13E2B6}.Release-wx3-win64|x64.ActiveCfg = Release|Win32
		{36151BAF-D13E-4DF0-A03F-5F4F4C13E2B6}.Release-wx3-win64|x64.Build.0 = Release|Win32
		{36151BAF-D13E-4DF0-A03F-5F4F4C13E2B6}.Release-wx3-win64|x86.ActiveCfg = Release|Win32
		{36151BAF-D13E-4DF0-A03F-5F4F4C13E2B6}.Release-wx3-win64|x86.Build.0 = Release|Win32
		{57FE0E58-9D7C-49C9-AEC0-7AD174DF3362}.Debug|Any CPU.ActiveCfg = Debug|Win32
		{57FE0E58-9D7C-49C9-AEC0-7AD174DF3362}.Debug|Any CPU.Build.0 = Debug|Win32
		{57FE0E58-9D7C-49C9-AEC0-7AD174DF3362}.Debug|x64.ActiveCfg = Debug|Win32
		{57FE0E58-9D7C-49C9-AEC0-7AD174DF3362}.Debug|x86.ActiveCfg = Debug|Win32
		{57FE0E58-9D7C-49C9-AEC0-7AD174DF3362}.Debug|x86.Build.0 = Debug|Win32
		{57FE0E58-9D7C-49C9-AEC0-7AD174DF3362}.Debug-wx3-unicode|Any CPU.ActiveCfg = Release|Win32
		{57FE0E58-9D7C-49C9-AEC0-7AD174DF3362}.Debug-wx3-unicode|Any CPU.Build.0 = Release|Win32
		{57FE0E58-9D7C-49C9-AEC0-7AD174DF3362}.Debug-wx3-unicode|x64.ActiveCfg = Release|Win32
		{57FE0E58-9D7C-49C9-AEC0-7AD174DF3362}.Debug-wx3-unicode|x64.Build.0 = Release|Win32
		{57FE0E58-9D7C-49C9-AEC0-7AD174DF3362}.Debug-wx3-unicode|x86.ActiveCfg = Debug|Win32
		{57FE0E58-9D7C-49C9-AEC0-7AD174DF3362}.Debug-wx3-unicode|x86.Build.0 = Debug|Win32
		{57FE0E58-9D7C-49C9-AEC0-7AD174DF3362}.Release|Any CPU.ActiveCfg = Release|Win32
		{57FE0E58-9D7C-49C9-AEC0-7AD174DF3362}.Release|Any CPU.Build.0 = Release|Win32
		{57FE0E58-9D7C-49C9-AEC0-7AD174DF3362}.Release|x64.ActiveCfg = Release|Win32
		{57FE0E58-9D7C-49C9-AEC0-7AD174DF3362}.Release|x86.ActiveCfg = Release|Win32
		{57FE0E58-9D7C-49C9-AEC0-7AD174DF3362}.Release|x86.Build.0 = Release|Win32
		{57FE0E58-9D7C-49C9-AEC0-7AD174DF3362}.Release-wx3.0|Any CPU.ActiveCfg = Release|Win32
		{57FE0E58-9D7C-49C9-AEC0-7AD174DF3362}.Release-wx3.0|Any CPU.Build.0 = Release|Win32
		{57FE0E58-9D7C-49C9-AEC0-7AD174DF3362}.Release-wx3.0|x64.ActiveCfg = Release|Win32
		{57FE0E58-9D7C-49C9-AEC0-7AD174DF3362}.Release-wx3.0|x64.Build.0 = Release|Win32
		{57FE0E58-9D7C-49C9-AEC0-7AD174DF3362}.Release-wx3.0|x86.ActiveCfg = Release|Win32
		{57FE0E58-9D7C-49C9-AEC0-7AD174DF3362}.Release-wx3.0|x86.Build.0 = Release|Win32
		{57FE0E58-9D7C-49C9-AEC0-7AD174DF3362}.Release-wx3-win64|Any CPU.ActiveCfg = Release|Win32
		{57FE0E58-9D7C-49C9-AEC0-7AD174DF3362}.Release-wx3-win64|Any CPU.Build.0 = Release|Win32
		{57FE0E58-9D7C-49C9-AEC0-7AD174DF3362}.Release-wx3-win64|x64.ActiveCfg = Release|Win32
		{57FE0E58-9D7C-49C9-AEC0-7AD174DF3362}.Release-wx3-win64|x64.Build.0 = Release|Win32
		{57FE0E58-9D7C-49C9-AEC0-7AD174DF3362}.Release-wx3-win64|x86.ActiveCfg = Release|Win32
		{57FE0E58-9D7C-49C9-AEC0-7AD174DF3362}.Release-wx3-win64|x86.Build.0 = Release|Win32
		{DD3AF0D2-B596-49A2-9E16-111A458BF491}.Debug|Any CPU.ActiveCfg = Debug|Win32
		{DD3AF0D2-B596-49A2-9E16-111A458BF491}.Debug|Any CPU.Build.0 = Debug|Win32
		{DD3AF0D2-B596-49A2-9E16-111A458BF491}.Debug|x64.ActiveCfg = Debug|Win32
		{DD3AF0D2-B596-49A2-9E16-111A458BF491}.Debug|x86.ActiveCfg = Debug|Win32
		{DD3AF0D2-B596-49A2-9E16-111A458BF491}.Debug|x86.Build.0 = Debug|Win32
		{DD3AF0D2-B596-49A2-9E16-111A458BF491}.Debug-wx3-unicode|Any CPU.ActiveCfg = Release|Win32
		{DD3AF0D2-B596-49A2-9E16-111A458BF491}.Debug-wx3-unicode|Any CPU.Build.0 = Release|Win32
		{DD3AF0D2-B596-49A2-9E16-111A458BF491}.Debug-wx3-unicode|x64.ActiveCfg = Release|Win32
		{DD3AF0D2-B596-49A2-9E16-111A458BF491}.Debug-wx3-unicode|x64.Build.0 = Release|Win32
		{DD3AF0D2-B596-49A2-9E16-111A458BF491}.Debug-wx3-unicode|x86.ActiveCfg = Debug|Win32
		{DD3AF0D2-B596-49A2-9E16-111A458BF491}.Debug-wx3-unicode|x86.Build.0 = Debug|Win32
		{DD3AF0D2-B596-49A2-9E16-111A458BF491}.Release|Any CPU.ActiveCfg = Release|Win32
		{DD3AF0D2-B596-49A2-9E16-111A458BF491}.Release|Any CPU.Build.0 = Release|Win32
		{DD3AF0D2-B596-49A2-9E16-111A458BF491}.Release|x64.ActiveCfg = Release|Win32
		{DD3AF0D2-B596-49A2-9E16-111A458BF491}.Release|x86.ActiveCfg = Release|Win32
		{DD3AF0D2-B596-49A2-9E16-111A458BF491}.Release|x86.Build.0 = Release|Win32
		{DD3AF0D2-B596-49A2-9E16-111A458BF491}.Release-wx3.0|Any CPU.ActiveCfg = Release|Win32
		{DD3AF0D2-B596-49A2-9E16-111A458BF491}.Release-wx3.0|Any CPU.Build.0 = Release|Win32
		{DD3AF0D2-B596-49A2-9E16-111A458BF491}.Release-wx3.0|x64.ActiveCfg = Release|Win32
		{DD3AF0D2-B596-49A2-9E16-111A458BF491}.Release-wx3.0|x64.Build.0 = Release|Win32
		{DD3AF0D2-B596-49A2-9E16-111A458BF491}.Release-wx3.0|x86.ActiveCfg = Release|Win32
		{DD3AF0D2-B596-49A2-9E16-111A458BF491}.Release-wx3.0|x86.Build.0 = Release|Win32
		{DD3AF0D2-B596-49A2-9E16-111A458BF491}.Release-wx3-win64|Any CPU.ActiveCfg = Release|Win32
		{DD3AF0D2-B596-49A2-9E16-111A458BF491}.Release-wx3-win64|Any CPU.Build.0 = Release|Win32
		{DD3AF0D2-B596-49A2-9E16-111A458BF491}.Release-wx3-win64|x64.ActiveCfg = Release|Win32
		{DD3AF0D2-B596-49A2-9E16-111A458BF491}.Release-wx3-win64|x64.Build.0 = Release|Win32
		{DD3AF0D2-B596-49A2-9E16-111A458BF491}.Release-wx3-win64|x86.ActiveCfg = Release|Win32
		{DD3AF0D2-B596-49A2-9E16-111A458BF491}.Release-wx3-win64|x86.Build.0 = Release|Win32
		{3E6C0C60-2D1A-4D6A-8DBD-8551673F12F6}.Debug|Any CPU.ActiveCfg = Debug|Win32
		{3E6C0C60-2D1A-4D6A-8DBD-8551673F12F6}.Debug|Any CPU.Build.0 = Debug|Win32
		{3E6C0C60-2D1A-4D6A-8DBD-8551673F12F6}.Debug|x64.ActiveCfg = Debug|Win32
		{3E6C0C60-2D1A-4D6A-8DBD-8551673F12F6}.Debug|x86.ActiveCfg = Debug|Win32
		{3E6C0C60-2D1A-4D6A-8DBD-8551673F12F6}.Debug|x86.Build.0 = Debug|Win32
		{3E6C0C60-2D1A-4D6A-8DBD-8551673F12F6}.Debug-wx3-unicode|Any CPU.ActiveCfg = Release|Win32
		{3E6C0C60-2D1A-4D6A-8DBD-8551673F12F6}.Debug-wx3-unicode|Any CPU.Build.0 = Release|Win32
		{3E6C0C60-2D1A-4D6A-8DBD-8551673F12F6}.Debug-wx3-unicode|x64.ActiveCfg = Release|Win32
		{3E6C0C60-2D1A-4D6A-8DBD-8551673F12F6}.Debug-wx3-unicode|x64.Build.0 = Release|Win32
		{3E6C0C60-2D1A-4D6A-8DBD-8551673F12F6}.Debug-wx3-unicode|x86.ActiveCfg = Debug|Win32
		{3E6C0C60-2D1A-4D6A-8DBD-8551673F12F6}.Debug-wx3-unicode|x86.Build.0 = Debug|Win32
		{3E6C0C60-2D1A-4D6A-8DBD-8551673F12F6}.Release|Any CPU.ActiveCfg = Release|Win32
		{3E6C0C60-2D1A-4D6A-8DBD-8551673F12F6}.Release|Any CPU.Build.0 = Release|Win32
		{3E6C0C60-2D1A-4D6A-8DBD-8551673F12F6}.Release|x64.ActiveCfg = Release|Win32
		{3E6C0C60-2D1A-4D6A-8DBD-8551673F12F6}.Release|x86.ActiveCfg = Release|Win32
		{3E6C0C60-2D1A-4D6A-8DBD-8551673F12F6}.Release|x86.Build.0 = Release|Win32
		{3E6C0C60-2D1A-4D6A-8DBD-8551673F12F6}.Release-wx3.0|Any CPU.ActiveCfg = Release|Win32
		{3E6C0C60-2D1A-4D6A-8DBD-8551673F12F6}.Release-wx3.0|Any CPU.Build.0 = Release|Win32
		{3E6C0C60-2D1A-4D6A-8DBD-8551673F12F6}.Release-wx3.0|x64.ActiveCfg = Release|Win32
		{3E6C0C60-2D1A-4D6A-8DBD-8551673F12F6}.Release-wx3.0|x64.Build.0 = Release|Win32
		{3E6C0C60-2D1A-4D6A-8DBD-8551673F12F6}.Release-wx3.0|x86.ActiveCfg = Release|Win32
		{3E6C0C60-2D1A-4D6A-8DBD-8551673F12F6}.Release-wx3.0|x86.Build.0 = Release|Win32
		{3E6C0C60-2D1A-4D6A-8DBD-8551673F12F6}.Release-wx3-win64|Any CPU.ActiveCfg = Release|Win32
		{3E6C0C60-2D1A-4D6A-8DBD-8551673F12F6}.Release-wx3-win64|Any CPU.Build.0 = Release|Win32
		{3E6C0C60-2D1A-4D6A-8DBD-8551673F12F6}.Release-wx3-win64|x64.ActiveCfg = Release|Win32
		{3E6C0C60-2D1A-4D6A-8DBD-8551673F12F6}.Release-wx3-win64|x64.Build.0 = Release|Win32
		{3E6C0C60-2D1A-4D6A-8DBD-8551673F12F6}.Release-wx3-win64|x86.ActiveCfg = Release|Win32
		{3E6C0C60-2D1A-4D6A-8DBD-8551673F12F6}.Release-wx3-win64|x86.Build.0 = Release|Win32
		{CFA43E77-32C5-4EA9-A878-9A55F91BD4A6}.Debug|Any CPU.ActiveCfg = Debug|Win32
		{CFA43E77-32C5-4EA9-A878-9A55F91BD4A6}.Debug|x64.ActiveCfg = Debug|x64
		{CFA43E77-32C5-4EA9-A878-9A55F91BD4A6}.Debug|x64.Build.0 = Debug|x64
		{CFA43E77-32C5-4EA9-A878-9A55F91BD4A6}.Debug|x86.ActiveCfg = Debug|Win32
		{CFA43E77-32C5-4EA9-A878-9A55F91BD4A6}.Debug|x86.Build.0 = Debug|Win32
		{CFA43E77-32C5-4EA9-A878-9A55F91BD4A6}.Debug-wx3-unicode|Any CPU.ActiveCfg = Debug-wx3-unicode|Win32
		{CFA43E77-32C5-4EA9-A878-9A55F91BD4A6}.Debug-wx3-unicode|x64.ActiveCfg = Debug-wx3-unicode|Win32
		{CFA43E77-32C5-4EA9-A878-9A55F91BD4A6}.Debug-wx3-unicode|x86.ActiveCfg = Debug-wx3-unicode|Win32
		{CFA43E77-32C5-4EA9-A878-9A55F91BD4A6}.Debug-wx3-unicode|x86.Build.0 = Debug-wx3-unicode|Win32
		{CFA43E77-32C5-4EA9-A878-9A55F91BD4A6}.Release|Any CPU.ActiveCfg = Release|Win32
		{CFA43E77-32C5-4EA9-A878-9A55F91BD4A6}.Release|x64.ActiveCfg = Release|x64
		{CFA43E77-32C5-4EA9-A878-9A55F91BD4A6}.Release|x64.Build.0 = Release|x64
		{CFA43E77-32C5-4EA9-A878-9A55F91BD4A6}.Release|x86.ActiveCfg = Release|Win32
		{CFA43E77-32C5-4EA9-A878-9A55F91BD4A6}.Release|x86.Build.0 = Release|Win32
		{CFA43E77-32C5-4EA9-A878-9A55F91BD4A6}.Release-wx3.0|Any CPU.ActiveCfg = Release-wx3.0|Win32
		{CFA43E77-32C5-4EA9-A878-9A55F91BD4A6}.Release-wx3.0|x64.ActiveCfg = Release-wx3.0|Win32
		{CFA43E77-32C5-4EA9-A878-9A55F91BD4A6}.Release-wx3.0|x86.ActiveCfg = Release-wx3.0|Win32
		{CFA43E77-32C5-4EA9-A878-9A55F91BD4A6}.Release-wx3.0|x86.Build.0 = Release-wx3.0|Win32
		{CFA43E77-32C5-4EA9-A878-9A55F91BD4A6}.Release-wx3-win64|Any CPU.ActiveCfg = Release-wx3-win64|Win32
		{CFA43E77-32C5-4EA9-A878-9A55F91BD4A6}.Release-wx3-win64|x64.ActiveCfg = Release-wx3-win64|Win32
		{CFA43E77-32C5-4EA9-A878-9A55F91BD4A6}.Release-wx3-win64|x86.ActiveCfg = Release-wx3-win64|Win32
		{CFA43E77-32C5-4EA9-A878-9A55F91BD4A6}.Release-wx3-win64|x86.Build.0 = Release-wx3-win64|Win32
	EndGlobalSection
	GlobalSection(SolutionProperties) = preSolution
		HideSolutionNode = FALSE
	EndGlobalSection
	GlobalSection(NestedProjects) = preSolution
		{CAFC63F8-684D-45A9-B769-324A03BA8F91} = {9F16E15A-158D-4585-A27D-27EBFB277004}
		{9914BD5B-10DD-429C-9BBC-D826F21436E1} = {CBADCB57-C2D9-4AF2-8A12-1564BB9ABADC}
		{E38249F0-2685-499B-92D3-9CA7BAC341E7} = {4441747E-F270-4B09-A20A-A7D17C305DF0}
		{69D28A1C-8821-4C74-9076-F7AEF1F1ABA9} = {4441747E-F270-4B09-A20A-A7D17C305DF0}
		{347B2F82-3B95-42FC-BA41-8F336218FA8E} = {CBADCB57-C2D9-4AF2-8A12-1564BB9ABADC}
		{C6BC8B11-BB9A-459D-A83C-18DAD0F66E7D} = {4441747E-F270-4B09-A20A-A7D17C305DF0}
		{469DDF0D-B067-4736-B60B-EA6D39D5DC5F} = {4441747E-F270-4B09-A20A-A7D17C305DF0}
		{E9AA0130-FDE5-4484-B17E-8E8B133064CE} = {7449F7CC-3668-4EEE-A534-219A7FAD5988}
		{5994C1E4-35F5-4D44-B8AC-6B71E31C09A2} = {F77CA251-BD6D-4C54-ACC2-12EE1902FFA3}
		{621139A6-0BC0-4149-A68E-56BEB71AB86D} = {F77CA251-BD6D-4C54-ACC2-12EE1902FFA3}
		{17B0180D-BD15-4C4F-9975-24E2AA295E2E} = {F77CA251-BD6D-4C54-ACC2-12EE1902FFA3}
		{36151BAF-D13E-4DF0-A03F-5F4F4C13E2B6} = {9F16E15A-158D-4585-A27D-27EBFB277004}
		{57FE0E58-9D7C-49C9-AEC0-7AD174DF3362} = {4441747E-F270-4B09-A20A-A7D17C305DF0}
		{DD3AF0D2-B596-49A2-9E16-111A458BF491} = {9F16E15A-158D-4585-A27D-27EBFB277004}
		{3E6C0C60-2D1A-4D6A-8DBD-8551673F12F6} = {EE24028E-67DE-40E2-A2A6-A6BF43520CC1}
		{4441747E-F270-4B09-A20A-A7D17C305DF0} = {297C5977-0C8F-4122-84D5-FB05A5DE55DF}
		{CBADCB57-C2D9-4AF2-8A12-1564BB9ABADC} = {297C5977-0C8F-4122-84D5-FB05A5DE55DF}
		{9F16E15A-158D-4585-A27D-27EBFB277004} = {297C5977-0C8F-4122-84D5-FB05A5DE55DF}
		{F77CA251-BD6D-4C54-ACC2-12EE1902FFA3} = {A1B8B426-1F75-4021-8F92-E3C610A56F47}
		{7449F7CC-3668-4EEE-A534-219A7FAD5988} = {A1B8B426-1F75-4021-8F92-E3C610A56F47}
		{EE24028E-67DE-40E2-A2A6-A6BF43520CC1} = {297C5977-0C8F-4122-84D5-FB05A5DE55DF}
		{73EE5AFE-6829-4B6F-8EDE-9277D506142E} = {A1B8B426-1F75-4021-8F92-E3C610A56F47}
		{CFA43E77-32C5-4EA9-A878-9A55F91BD4A6} = {73EE5AFE-6829-4B6F-8EDE-9277D506142E}
	EndGlobalSection
	GlobalSection(ExtensibilityGlobals) = postSolution
		SolutionGuid = {D5E18A04-26E2-4C45-9741-0B3BFF6FFE14}
	EndGlobalSection
EndGlobal
