<?xml version="1.0" encoding="utf-8"?>
<Project ToolsVersion="4.0" xmlns="http://schemas.microsoft.com/developer/msbuild/2003">
  <ItemGroup>
    <Filter Include="Source Files">
      <UniqueIdentifier>{4FC737F1-C7A5-4376-A066-2A32D752A2FF}</UniqueIdentifier>
      <Extensions>cpp;c;cc;cxx;def;odl;idl;hpj;bat;asm;asmx</Extensions>
    </Filter>
    <Filter Include="Header Files">
      <UniqueIdentifier>{93995380-89BD-4b04-88EB-625FBE52EBFB}</UniqueIdentifier>
      <Extensions>h;hh;hpp;hxx;hm;inl;inc;ipp;xsd</Extensions>
    </Filter>
    <Filter Include="Resource Files">
      <UniqueIdentifier>{67DA6AB6-F800-4c08-8B7A-83BB121AAD01}</UniqueIdentifier>
      <Extensions>rc;ico;cur;bmp;dlg;rc2;rct;bin;rgs;gif;jpg;jpeg;jpe;resx;tiff;tif;png;wav;mfcribbon-ms</Extensions>
    </Filter>
  </ItemGroup>
  <ItemGroup>
    <ClInclude Include="stdafx.h">
      <Filter>Header Files</Filter>
    </ClInclude>
    <ClInclude Include="targetver.h">
      <Filter>Header Files</Filter>
    </ClInclude>
    <ClInclude Include="include\Abs.hpp">
      <Filter>Header Files</Filter>
    </ClInclude>
    <ClInclude Include="include\Achieve.hpp">
      <Filter>Header Files</Filter>
    </ClInclude>
    <ClInclude Include="include\Acos.hpp">
      <Filter>Header Files</Filter>
    </ClInclude>
    <ClInclude Include="include\Acosh.hpp">
      <Filter>Header Files</Filter>
    </ClInclude>
    <ClInclude Include="include\AdamsBashforthMoulton.hpp">
      <Filter>Header Files</Filter>
    </ClInclude>
    <ClInclude Include="include\Add.hpp">
      <Filter>Header Files</Filter>
    </ClInclude>
    <ClInclude Include="include\AlternateEquinoctialParameters.hpp">
      <Filter>Header Files</Filter>
    </ClInclude>
    <ClInclude Include="include\AngularParameters.hpp">
      <Filter>Header Files</Filter>
    </ClInclude>
    <ClInclude Include="include\Array.hpp">
      <Filter>Header Files</Filter>
    </ClInclude>
    <ClInclude Include="include\ArrayElementWrapper.hpp">
      <Filter>Header Files</Filter>
    </ClInclude>
    <ClInclude Include="include\ArrayWrapper.hpp">
      <Filter>Header Files</Filter>
    </ClInclude>
    <ClInclude Include="include\Asin.hpp">
      <Filter>Header Files</Filter>
    </ClInclude>
    <ClInclude Include="include\Asinh.hpp">
      <Filter>Header Files</Filter>
    </ClInclude>
    <ClInclude Include="include\AssetException.hpp">
      <Filter>Header Files</Filter>
    </ClInclude>
    <ClInclude Include="include\AssetFactory.hpp">
      <Filter>Header Files</Filter>
    </ClInclude>
    <ClInclude Include="include\Assignment.hpp">
      <Filter>Header Files</Filter>
    </ClInclude>
    <ClInclude Include="include\Asteroid.hpp">
      <Filter>Header Files</Filter>
    </ClInclude>
    <ClInclude Include="include\Atan.hpp">
      <Filter>Header Files</Filter>
    </ClInclude>
    <ClInclude Include="include\Atan2.hpp">
      <Filter>Header Files</Filter>
    </ClInclude>
    <ClInclude Include="include\AtmosphereException.hpp">
      <Filter>Header Files</Filter>
    </ClInclude>
    <ClInclude Include="include\AtmosphereFactory.hpp">
      <Filter>Header Files</Filter>
    </ClInclude>
    <ClInclude Include="include\AtmosphereModel.hpp">
      <Filter>Header Files</Filter>
    </ClInclude>
    <ClInclude Include="include\Attitude.hpp">
      <Filter>Header Files</Filter>
    </ClInclude>
    <ClInclude Include="include\AttitudeData.hpp">
      <Filter>Header Files</Filter>
    </ClInclude>
    <ClInclude Include="include\AttitudeException.hpp">
      <Filter>Header Files</Filter>
    </ClInclude>
    <ClInclude Include="include\AttitudeFactory.hpp">
      <Filter>Header Files</Filter>
    </ClInclude>
    <ClInclude Include="include\AttitudeParameters.hpp">
      <Filter>Header Files</Filter>
    </ClInclude>
    <ClInclude Include="include\AttitudeReal.hpp">
      <Filter>Header Files</Filter>
    </ClInclude>
    <ClInclude Include="include\AttitudeRvector.hpp">
      <Filter>Header Files</Filter>
    </ClInclude>
    <ClInclude Include="include\AttitudeString.hpp">
      <Filter>Header Files</Filter>
    </ClInclude>
    <ClInclude Include="include\AxisSystem.hpp">
      <Filter>Header Files</Filter>
    </ClInclude>
    <ClInclude Include="include\AxisSystemFactory.hpp">
      <Filter>Header Files</Filter>
    </ClInclude>
    <ClInclude Include="include\BallisticMassParameters.hpp">
      <Filter>Header Files</Filter>
    </ClInclude>
    <ClInclude Include="include\BallisticMassReal.hpp">
      <Filter>Header Files</Filter>
    </ClInclude>
    <ClInclude Include="include\Barycenter.hpp">
      <Filter>Header Files</Filter>
    </ClInclude>
    <ClInclude Include="include\BeginFiniteBurn.hpp">
      <Filter>Header Files</Filter>
    </ClInclude>
    <ClInclude Include="include\BeginFunction.hpp">
      <Filter>Header Files</Filter>
    </ClInclude>
    <ClInclude Include="include\BeginMissionSequence.hpp">
      <Filter>Header Files</Filter>
    </ClInclude>
    <ClInclude Include="include\BeginScript.hpp">
      <Filter>Header Files</Filter>
    </ClInclude>
    <ClInclude Include="include\BodyFixedAxes.hpp">
      <Filter>Header Files</Filter>
    </ClInclude>
    <ClInclude Include="include\BodyFixedPoint.hpp">
      <Filter>Header Files</Filter>
    </ClInclude>
    <ClInclude Include="include\BodyInertialAxes.hpp">
      <Filter>Header Files</Filter>
    </ClInclude>
    <ClInclude Include="include\BodySpinSunAxes.hpp">
      <Filter>Header Files</Filter>
    </ClInclude>
    <ClInclude Include="include\BooleanWrapper.hpp">
      <Filter>Header Files</Filter>
    </ClInclude>
    <ClInclude Include="include\BplaneData.hpp">
      <Filter>Header Files</Filter>
    </ClInclude>
    <ClInclude Include="include\BplaneParameters.hpp">
      <Filter>Header Files</Filter>
    </ClInclude>
    <ClInclude Include="include\BplaneReal.hpp">
      <Filter>Header Files</Filter>
    </ClInclude>
    <ClInclude Include="include\BranchCommand.hpp">
      <Filter>Header Files</Filter>
    </ClInclude>
    <ClInclude Include="include\BrouwerMeanLongParameters.hpp">
      <Filter>Header Files</Filter>
    </ClInclude>
    <ClInclude Include="include\BrouwerMeanShortParameters.hpp">
      <Filter>Header Files</Filter>
    </ClInclude>
    <ClInclude Include="include\BuiltinFunctionNode.hpp">
      <Filter>Header Files</Filter>
    </ClInclude>
    <ClInclude Include="include\BuiltinGmatFunction.hpp">
      <Filter>Header Files</Filter>
    </ClInclude>
    <ClInclude Include="include\Burn.hpp">
      <Filter>Header Files</Filter>
    </ClInclude>
    <ClInclude Include="include\BurnData.hpp">
      <Filter>Header Files</Filter>
    </ClInclude>
    <ClInclude Include="include\BurnException.hpp">
      <Filter>Header Files</Filter>
    </ClInclude>
    <ClInclude Include="include\BurnFactory.hpp">
      <Filter>Header Files</Filter>
    </ClInclude>
    <ClInclude Include="include\BurnParameters.hpp">
      <Filter>Header Files</Filter>
    </ClInclude>
    <ClInclude Include="include\BurnReal.hpp">
      <Filter>Header Files</Filter>
    </ClInclude>
    <ClInclude Include="include\CalculatedPoint.hpp">
      <Filter>Header Files</Filter>
    </ClInclude>
    <ClInclude Include="include\CalculatedPointFactory.hpp">
      <Filter>Header Files</Filter>
    </ClInclude>
    <ClInclude Include="include\CallBuiltinGmatFunction.hpp">
      <Filter>Header Files</Filter>
    </ClInclude>
    <ClInclude Include="include\CallFunction.hpp">
      <Filter>Header Files</Filter>
    </ClInclude>
    <ClInclude Include="include\CartesianParameters.hpp">
      <Filter>Header Files</Filter>
    </ClInclude>
    <ClInclude Include="include\CCSDSAttitude.hpp">
      <Filter>Header Files</Filter>
    </ClInclude>
    <ClInclude Include="include\Ceil.hpp">
      <Filter>Header Files</Filter>
    </ClInclude>
    <ClInclude Include="include\CelestialBody.hpp">
      <Filter>Header Files</Filter>
    </ClInclude>
    <ClInclude Include="include\CelestialBodyFactory.hpp">
      <Filter>Header Files</Filter>
    </ClInclude>
    <ClInclude Include="include\ChemicalTank.hpp">
      <Filter>Header Files</Filter>
    </ClInclude>
    <ClInclude Include="include\ChemicalThruster.hpp">
      <Filter>Header Files</Filter>
    </ClInclude>
    <ClInclude Include="include\ClearPlot.hpp">
      <Filter>Header Files</Filter>
    </ClInclude>
    <ClInclude Include="include\Comet.hpp">
      <Filter>Header Files</Filter>
    </ClInclude>
    <ClInclude Include="include\CommandException.hpp">
      <Filter>Header Files</Filter>
    </ClInclude>
    <ClInclude Include="include\CommandFactory.hpp">
      <Filter>Header Files</Filter>
    </ClInclude>
    <ClInclude Include="include\CommandUtil.hpp">
      <Filter>Header Files</Filter>
    </ClInclude>
    <ClInclude Include="include\ConditionalBranch.hpp">
      <Filter>Header Files</Filter>
    </ClInclude>
    <ClInclude Include="include\ConfigManager.hpp">
      <Filter>Header Files</Filter>
    </ClInclude>
    <ClInclude Include="include\ConfigManagerException.hpp">
      <Filter>Header Files</Filter>
    </ClInclude>
    <ClInclude Include="include\CoordinateBase.hpp">
      <Filter>Header Files</Filter>
    </ClInclude>
    <ClInclude Include="include\CoordinateConverter.hpp">
      <Filter>Header Files</Filter>
    </ClInclude>
    <ClInclude Include="include\CoordinateSystem.hpp">
      <Filter>Header Files</Filter>
    </ClInclude>
    <ClInclude Include="include\CoordinateSystemException.hpp">
      <Filter>Header Files</Filter>
    </ClInclude>
    <ClInclude Include="include\CoordinateSystemFactory.hpp">
      <Filter>Header Files</Filter>
    </ClInclude>
    <ClInclude Include="include\Cos.hpp">
      <Filter>Header Files</Filter>
    </ClInclude>
    <ClInclude Include="include\Cosh.hpp">
      <Filter>Header Files</Filter>
    </ClInclude>
    <ClInclude Include="include\Covariance.hpp">
      <Filter>Header Files</Filter>
    </ClInclude>
    <ClInclude Include="include\Cowell.hpp">
      <Filter>Header Files</Filter>
    </ClInclude>
    <ClInclude Include="include\Create.hpp">
      <Filter>Header Files</Filter>
    </ClInclude>
    <ClInclude Include="include\Cross3.hpp">
      <Filter>Header Files</Filter>
    </ClInclude>
    <ClInclude Include="include\CSFixed.hpp">
      <Filter>Header Files</Filter>
    </ClInclude>
    <ClInclude Include="include\DeFile.hpp">
      <Filter>Header Files</Filter>
    </ClInclude>
    <ClInclude Include="include\DegToRad.hpp">
      <Filter>Header Files</Filter>
    </ClInclude>
    <ClInclude Include="include\DelaunayParameters.hpp">
      <Filter>Header Files</Filter>
    </ClInclude>
    <ClInclude Include="include\DerivativeModel.hpp">
      <Filter>Header Files</Filter>
    </ClInclude>
    <ClInclude Include="include\Determinant.hpp">
      <Filter>Header Files</Filter>
    </ClInclude>
    <ClInclude Include="include\Diag.hpp">
      <Filter>Header Files</Filter>
    </ClInclude>
    <ClInclude Include="include\DifferentialCorrector.hpp">
      <Filter>Header Files</Filter>
    </ClInclude>
    <ClInclude Include="include\Divide.hpp">
      <Filter>Header Files</Filter>
    </ClInclude>
    <ClInclude Include="include\DormandElMikkawyPrince68.hpp">
      <Filter>Header Files</Filter>
    </ClInclude>
    <ClInclude Include="include\DoxygenBaseIntro.hpp">
      <Filter>Header Files</Filter>
    </ClInclude>
    <ClInclude Include="include\DragForce.hpp">
      <Filter>Header Files</Filter>
    </ClInclude>
    <ClInclude Include="include\DynamicAxes.hpp">
      <Filter>Header Files</Filter>
    </ClInclude>
    <ClInclude Include="include\DynamicLibrary.hpp">
      <Filter>Header Files</Filter>
    </ClInclude>
    <ClInclude Include="include\ElectricTank.hpp">
      <Filter>Header Files</Filter>
    </ClInclude>
    <ClInclude Include="include\ElectricThruster.hpp">
      <Filter>Header Files</Filter>
    </ClInclude>
    <ClInclude Include="include\ElementWrapper.hpp">
      <Filter>Header Files</Filter>
    </ClInclude>
    <ClInclude Include="include\Else.hpp">
      <Filter>Header Files</Filter>
    </ClInclude>
    <ClInclude Include="include\ElseIf.hpp">
      <Filter>Header Files</Filter>
    </ClInclude>
    <ClInclude Include="include\EndFiniteBurn.hpp">
      <Filter>Header Files</Filter>
    </ClInclude>
    <ClInclude Include="include\EndFor.hpp">
      <Filter>Header Files</Filter>
    </ClInclude>
    <ClInclude Include="include\EndFunction.hpp">
      <Filter>Header Files</Filter>
    </ClInclude>
    <ClInclude Include="include\EndIf.hpp">
      <Filter>Header Files</Filter>
    </ClInclude>
    <ClInclude Include="include\EndOptimize.hpp">
      <Filter>Header Files</Filter>
    </ClInclude>
    <ClInclude Include="include\EndScript.hpp">
      <Filter>Header Files</Filter>
    </ClInclude>
    <ClInclude Include="include\EndTarget.hpp">
      <Filter>Header Files</Filter>
    </ClInclude>
    <ClInclude Include="include\EndWhile.hpp">
      <Filter>Header Files</Filter>
    </ClInclude>
    <ClInclude Include="include\EnvData.hpp">
      <Filter>Header Files</Filter>
    </ClInclude>
    <ClInclude Include="include\EnvReal.hpp">
      <Filter>Header Files</Filter>
    </ClInclude>
    <ClInclude Include="include\EphemerisFile.hpp">
      <Filter>Header Files</Filter>
    </ClInclude>
    <ClInclude Include="include\EphemerisWriter.hpp">
      <Filter>Header Files</Filter>
    </ClInclude>
    <ClInclude Include="include\EphemManager.hpp">
      <Filter>Header Files</Filter>
    </ClInclude>
    <ClInclude Include="include\EphemWriterCCSDS.hpp">
      <Filter>Header Files</Filter>
    </ClInclude>
    <ClInclude Include="include\EphemWriterCode500.hpp">
      <Filter>Header Files</Filter>
    </ClInclude>
    <ClInclude Include="include\EphemWriterSPK.hpp">
      <Filter>Header Files</Filter>
    </ClInclude>
    <ClInclude Include="include\EphemWriterSTK.hpp">
      <Filter>Header Files</Filter>
    </ClInclude>
    <ClInclude Include="include\EphemWriterWithInterpolator.hpp">
      <Filter>Header Files</Filter>
    </ClInclude>
    <ClInclude Include="include\EquatorAxes.hpp">
      <Filter>Header Files</Filter>
    </ClInclude>
    <ClInclude Include="include\EquinoctialParameters.hpp">
      <Filter>Header Files</Filter>
    </ClInclude>
    <ClInclude Include="include\EventException.hpp">
      <Filter>Header Files</Filter>
    </ClInclude>
    <ClInclude Include="include\EventLocator.hpp">
      <Filter>Header Files</Filter>
    </ClInclude>
    <ClInclude Include="include\EventModel.hpp">
      <Filter>Header Files</Filter>
    </ClInclude>
    <ClInclude Include="include\Exp.hpp">
      <Filter>Header Files</Filter>
    </ClInclude>
    <ClInclude Include="include\ExponentialAtmosphere.hpp">
      <Filter>Header Files</Filter>
    </ClInclude>
    <ClInclude Include="include\ExpressionParser.hpp">
      <Filter>Header Files</Filter>
    </ClInclude>
    <ClInclude Include="include\ExternalOptimizer.hpp">
      <Filter>Header Files</Filter>
    </ClInclude>
    <ClInclude Include="include\Factory.hpp">
      <Filter>Header Files</Filter>
    </ClInclude>
    <ClInclude Include="include\FactoryException.hpp">
      <Filter>Header Files</Filter>
    </ClInclude>
    <ClInclude Include="include\FactoryManager.hpp">
      <Filter>Header Files</Filter>
    </ClInclude>
    <ClInclude Include="include\FileUpdaterSVN.hpp">
      <Filter>Header Files</Filter>
    </ClInclude>
    <ClInclude Include="include\FindEvents.hpp">
      <Filter>Header Files</Filter>
    </ClInclude>
    <ClInclude Include="include\FiniteBurn.hpp">
      <Filter>Header Files</Filter>
    </ClInclude>
    <ClInclude Include="include\FiniteThrust.hpp">
      <Filter>Header Files</Filter>
    </ClInclude>
    <ClInclude Include="include\Fix.hpp">
      <Filter>Header Files</Filter>
    </ClInclude>
    <ClInclude Include="include\Floor.hpp">
      <Filter>Header Files</Filter>
    </ClInclude>
    <ClInclude Include="include\For.hpp">
      <Filter>Header Files</Filter>
    </ClInclude>
    <ClInclude Include="include\FormationFactory.hpp">
      <Filter>Header Files</Filter>
    </ClInclude>
    <ClInclude Include="include\FormationInterface.hpp">
      <Filter>Header Files</Filter>
    </ClInclude>
    <ClInclude Include="include\FuelTank.hpp">
      <Filter>Header Files</Filter>
    </ClInclude>
    <ClInclude Include="include\Function.hpp">
      <Filter>Header Files</Filter>
    </ClInclude>
    <ClInclude Include="include\FunctionException.hpp">
      <Filter>Header Files</Filter>
    </ClInclude>
    <ClInclude Include="include\FunctionFactory.hpp">
      <Filter>Header Files</Filter>
    </ClInclude>
    <ClInclude Include="include\FunctionManager.hpp">
      <Filter>Header Files</Filter>
    </ClInclude>
    <ClInclude Include="include\FunctionRunner.hpp">
      <Filter>Header Files</Filter>
    </ClInclude>
    <ClInclude Include="include\GeocentricSolarEclipticAxes.hpp">
      <Filter>Header Files</Filter>
    </ClInclude>
    <ClInclude Include="include\GeocentricSolarMagneticAxes.hpp">
      <Filter>Header Files</Filter>
    </ClInclude>
    <ClInclude Include="include\GetEphemStates.hpp">
      <Filter>Header Files</Filter>
    </ClInclude>
    <ClInclude Include="include\GetLastState.hpp">
      <Filter>Header Files</Filter>
    </ClInclude>
    <ClInclude Include="include\GmatBase.hpp">
      <Filter>Header Files</Filter>
    </ClInclude>
    <ClInclude Include="include\GmatBaseException.hpp">
      <Filter>Header Files</Filter>
    </ClInclude>
    <ClInclude Include="include\GmatCommand.hpp">
      <Filter>Header Files</Filter>
    </ClInclude>
    <ClInclude Include="include\gmatdefs.hpp">
      <Filter>Header Files</Filter>
    </ClInclude>
    <ClInclude Include="include\GmatEventHandler.hpp">
      <Filter>Header Files</Filter>
    </ClInclude>
    <ClInclude Include="include\GmatInterface.hpp">
      <Filter>Header Files</Filter>
    </ClInclude>
    <ClInclude Include="include\GmatState.hpp">
      <Filter>Header Files</Filter>
    </ClInclude>
    <ClInclude Include="include\GmatType.hpp">
      <Filter>Header Files</Filter>
    </ClInclude>
    <ClInclude Include="include\GmatWidget.hpp">
      <Filter>Header Files</Filter>
    </ClInclude>
    <ClInclude Include="include\Gradient.hpp">
      <Filter>Header Files</Filter>
    </ClInclude>
    <ClInclude Include="include\GravityBase.hpp">
      <Filter>Header Files</Filter>
    </ClInclude>
    <ClInclude Include="include\GravityField.hpp">
      <Filter>Header Files</Filter>
    </ClInclude>
    <ClInclude Include="include\GroundstationInterface.hpp">
      <Filter>Header Files</Filter>
    </ClInclude>
    <ClInclude Include="include\GroundTrackPlot.hpp">
      <Filter>Header Files</Filter>
    </ClInclude>
    <ClInclude Include="include\GuiFactory.hpp">
      <Filter>Header Files</Filter>
    </ClInclude>
    <ClInclude Include="include\GuiInterface.hpp">
      <Filter>Header Files</Filter>
    </ClInclude>
    <ClInclude Include="include\Hardware.hpp">
      <Filter>Header Files</Filter>
    </ClInclude>
    <ClInclude Include="include\HardwareException.hpp">
      <Filter>Header Files</Filter>
    </ClInclude>
    <ClInclude Include="include\HardwareFactory.hpp">
      <Filter>Header Files</Filter>
    </ClInclude>
    <ClInclude Include="include\HardwareParameters.hpp">
      <Filter>Header Files</Filter>
    </ClInclude>
    <ClInclude Include="include\HardwareReal.hpp">
      <Filter>Header Files</Filter>
    </ClInclude>
    <ClInclude Include="include\Harmonic.hpp">
      <Filter>Header Files</Filter>
    </ClInclude>
    <ClInclude Include="include\HarmonicField.hpp">
      <Filter>Header Files</Filter>
    </ClInclude>
    <ClInclude Include="include\HarmonicGravity.hpp">
      <Filter>Header Files</Filter>
    </ClInclude>
    <ClInclude Include="include\IAUFile.hpp">
      <Filter>Header Files</Filter>
    </ClInclude>
    <ClInclude Include="include\IChangeListener.hpp">
      <Filter>Header Files</Filter>
    </ClInclude>
    <ClInclude Include="include\ICRFAxes.hpp">
      <Filter>Header Files</Filter>
    </ClInclude>
    <ClInclude Include="include\ICRFFile.hpp">
      <Filter>Header Files</Filter>
    </ClInclude>
    <ClInclude Include="include\If.hpp">
      <Filter>Header Files</Filter>
    </ClInclude>
    <ClInclude Include="include\ImpulsiveBurn.hpp">
      <Filter>Header Files</Filter>
    </ClInclude>
    <ClInclude Include="include\IncomingAsymptoteParameters.hpp">
      <Filter>Header Files</Filter>
    </ClInclude>
    <ClInclude Include="include\InertialAxes.hpp">
      <Filter>Header Files</Filter>
    </ClInclude>
    <ClInclude Include="include\InertialManeuverFrame.hpp">
      <Filter>Header Files</Filter>
    </ClInclude>
    <ClInclude Include="include\Integrator.hpp">
      <Filter>Header Files</Filter>
    </ClInclude>
    <ClInclude Include="include\Interface.hpp">
      <Filter>Header Files</Filter>
    </ClInclude>
    <ClInclude Include="include\InterfaceException.hpp">
      <Filter>Header Files</Filter>
    </ClInclude>
    <ClInclude Include="include\InterfaceFactory.hpp">
      <Filter>Header Files</Filter>
    </ClInclude>
    <ClInclude Include="include\InternalOptimizer.hpp">
      <Filter>Header Files</Filter>
    </ClInclude>
    <ClInclude Include="include\Interpreter.hpp">
      <Filter>Header Files</Filter>
    </ClInclude>
    <ClInclude Include="include\InterpreterException.hpp">
      <Filter>Header Files</Filter>
    </ClInclude>
    <ClInclude Include="include\Inverse.hpp">
      <Filter>Header Files</Filter>
    </ClInclude>
    <ClInclude Include="include\ISolverListener.hpp">
      <Filter>Header Files</Filter>
    </ClInclude>
    <ClInclude Include="include\ItemManager.hpp">
      <Filter>Header Files</Filter>
    </ClInclude>
    <ClInclude Include="include\ITRFAxes.hpp">
      <Filter>Header Files</Filter>
    </ClInclude>
    <ClInclude Include="include\ItrfCoefficientsFile.hpp">
      <Filter>Header Files</Filter>
    </ClInclude>
    <ClInclude Include="include\JacchiaRobertsAtmosphere.hpp">
      <Filter>Header Files</Filter>
    </ClInclude>
    <ClInclude Include="include\Jacobian.hpp">
      <Filter>Header Files</Filter>
    </ClInclude>
    <ClInclude Include="include\KeplerianParameters.hpp">
      <Filter>Header Files</Filter>
    </ClInclude>
    <ClInclude Include="include\Kinematic.hpp">
      <Filter>Header Files</Filter>
    </ClInclude>
    <ClInclude Include="include\LibrationPoint.hpp">
      <Filter>Header Files</Filter>
    </ClInclude>
    <ClInclude Include="include\LineSearch.hpp">
      <Filter>Header Files</Filter>
    </ClInclude>
    <ClInclude Include="include\ListenerManager.hpp">
      <Filter>Header Files</Filter>
    </ClInclude>
    <ClInclude Include="include\ListenerManagerInterface.hpp">
      <Filter>Header Files</Filter>
    </ClInclude>
    <ClInclude Include="include\LocalAlignedConstrainedAxes.hpp">
      <Filter>Header Files</Filter>
    </ClInclude>
    <ClInclude Include="include\LocatedEvent.hpp">
      <Filter>Header Files</Filter>
    </ClInclude>
    <ClInclude Include="include\Log.hpp">
      <Filter>Header Files</Filter>
    </ClInclude>
    <ClInclude Include="include\Log10.hpp">
      <Filter>Header Files</Filter>
    </ClInclude>
    <ClInclude Include="include\ManageObject.hpp">
      <Filter>Header Files</Filter>
    </ClInclude>
    <ClInclude Include="include\Maneuver.hpp">
      <Filter>Header Files</Filter>
    </ClInclude>
    <ClInclude Include="include\ManeuverFrame.hpp">
      <Filter>Header Files</Filter>
    </ClInclude>
    <ClInclude Include="include\ManeuverFrameManager.hpp">
      <Filter>Header Files</Filter>
    </ClInclude>
    <ClInclude Include="include\MarkPoint.hpp">
      <Filter>Header Files</Filter>
    </ClInclude>
    <ClInclude Include="include\MathElement.hpp">
      <Filter>Header Files</Filter>
    </ClInclude>
    <ClInclude Include="include\MathException.hpp">
      <Filter>Header Files</Filter>
    </ClInclude>
    <ClInclude Include="include\MathFactory.hpp">
      <Filter>Header Files</Filter>
    </ClInclude>
    <ClInclude Include="include\MathFunction.hpp">
      <Filter>Header Files</Filter>
    </ClInclude>
    <ClInclude Include="include\MathNode.hpp">
      <Filter>Header Files</Filter>
    </ClInclude>
    <ClInclude Include="include\MathParser.hpp">
      <Filter>Header Files</Filter>
    </ClInclude>
    <ClInclude Include="include\MathTree.hpp">
      <Filter>Header Files</Filter>
    </ClInclude>
    <ClInclude Include="include\MeanOfDateAxes.hpp">
      <Filter>Header Files</Filter>
    </ClInclude>
    <ClInclude Include="include\MediaCorrectionInterface.hpp">
      <Filter>Header Files</Filter>
    </ClInclude>
    <ClInclude Include="include\MessageWindow.hpp">
      <Filter>Header Files</Filter>
    </ClInclude>
    <ClInclude Include="include\Min.hpp">
      <Filter>Header Files</Filter>
    </ClInclude>
    <ClInclude Include="include\Minimize.hpp">
      <Filter>Header Files</Filter>
    </ClInclude>
    <ClInclude Include="include\MJ2000EcAxes.hpp">
      <Filter>Header Files</Filter>
    </ClInclude>
    <ClInclude Include="include\MJ2000EqAxes.hpp">
      <Filter>Header Files</Filter>
    </ClInclude>
    <ClInclude Include="include\Mod.hpp">
      <Filter>Header Files</Filter>
    </ClInclude>
    <ClInclude Include="include\MODEcAxes.hpp">
      <Filter>Header Files</Filter>
    </ClInclude>
    <ClInclude Include="include\MODEqAxes.hpp">
      <Filter>Header Files</Filter>
    </ClInclude>
    <ClInclude Include="include\ModEquinoctialParameters.hpp">
      <Filter>Header Files</Filter>
    </ClInclude>
    <ClInclude Include="include\Moderator.hpp">
      <Filter>Header Files</Filter>
    </ClInclude>
    <ClInclude Include="include\MOEEcAxes.hpp">
      <Filter>Header Files</Filter>
    </ClInclude>
    <ClInclude Include="include\MOEEqAxes.hpp">
      <Filter>Header Files</Filter>
    </ClInclude>
    <ClInclude Include="include\Moon.hpp">
      <Filter>Header Files</Filter>
    </ClInclude>
    <ClInclude Include="include\Msise90Atmosphere.hpp">
      <Filter>Header Files</Filter>
    </ClInclude>
    <ClInclude Include="include\Multiply.hpp">
      <Filter>Header Files</Filter>
    </ClInclude>
    <ClInclude Include="include\NadirPointing.hpp">
      <Filter>Header Files</Filter>
    </ClInclude>
    <ClInclude Include="include\Negate.hpp">
      <Filter>Header Files</Filter>
    </ClInclude>
    <ClInclude Include="include\NonlinearConstraint.hpp">
      <Filter>Header Files</Filter>
    </ClInclude>
    <ClInclude Include="include\NoOp.hpp">
      <Filter>Header Files</Filter>
    </ClInclude>
    <ClInclude Include="include\Norm.hpp">
      <Filter>Header Files</Filter>
    </ClInclude>
    <ClInclude Include="include\NuclearPowerSystem.hpp">
      <Filter>Header Files</Filter>
    </ClInclude>
    <ClInclude Include="include\NumberWrapper.hpp">
      <Filter>Header Files</Filter>
    </ClInclude>
    <ClInclude Include="include\NumericFunctionNode.hpp">
      <Filter>Header Files</Filter>
    </ClInclude>
    <ClInclude Include="include\ObjectInitializer.hpp">
      <Filter>Header Files</Filter>
    </ClInclude>
    <ClInclude Include="include\ObjectManagedFunction.hpp">
      <Filter>Header Files</Filter>
    </ClInclude>
    <ClInclude Include="include\ObjectPropertyWrapper.hpp">
      <Filter>Header Files</Filter>
    </ClInclude>
    <ClInclude Include="include\ObjectReferencedAxes.hpp">
      <Filter>Header Files</Filter>
    </ClInclude>
    <ClInclude Include="include\ObjectWrapper.hpp">
      <Filter>Header Files</Filter>
    </ClInclude>
    <ClInclude Include="include\ODEModel.hpp">
      <Filter>Header Files</Filter>
    </ClInclude>
    <ClInclude Include="include\ODEModelException.hpp">
      <Filter>Header Files</Filter>
    </ClInclude>
    <ClInclude Include="include\ODEModelFactory.hpp">
      <Filter>Header Files</Filter>
    </ClInclude>
    <ClInclude Include="include\OnOffWrapper.hpp">
      <Filter>Header Files</Filter>
    </ClInclude>
    <ClInclude Include="include\OpenGlPlot.hpp">
      <Filter>Header Files</Filter>
    </ClInclude>
    <ClInclude Include="include\Optimize.hpp">
      <Filter>Header Files</Filter>
    </ClInclude>
    <ClInclude Include="include\Optimizer.hpp">
      <Filter>Header Files</Filter>
    </ClInclude>
    <ClInclude Include="include\OrbitalParameters.hpp">
      <Filter>Header Files</Filter>
    </ClInclude>
    <ClInclude Include="include\OrbitData.hpp">
      <Filter>Header Files</Filter>
    </ClInclude>
    <ClInclude Include="include\OrbitPlot.hpp">
      <Filter>Header Files</Filter>
    </ClInclude>
    <ClInclude Include="include\OrbitReal.hpp">
      <Filter>Header Files</Filter>
    </ClInclude>
    <ClInclude Include="include\OrbitRmat33.hpp">
      <Filter>Header Files</Filter>
    </ClInclude>
    <ClInclude Include="include\OrbitRmat66.hpp">
      <Filter>Header Files</Filter>
    </ClInclude>
    <ClInclude Include="include\OrbitRvec6.hpp">
      <Filter>Header Files</Filter>
    </ClInclude>
    <ClInclude Include="include\OrbitStmParameters.hpp">
      <Filter>Header Files</Filter>
    </ClInclude>
    <ClInclude Include="include\OrbitView.hpp">
      <Filter>Header Files</Filter>
    </ClInclude>
    <ClInclude Include="include\OutgoingAsymptoteParameters.hpp">
      <Filter>Header Files</Filter>
    </ClInclude>
    <ClInclude Include="include\OwnedPlot.hpp">
      <Filter>Header Files</Filter>
    </ClInclude>
    <ClInclude Include="include\paramdefs.hpp">
      <Filter>Header Files</Filter>
    </ClInclude>
    <ClInclude Include="include\Parameter.hpp">
      <Filter>Header Files</Filter>
    </ClInclude>
    <ClInclude Include="include\ParameterDatabase.hpp">
      <Filter>Header Files</Filter>
    </ClInclude>
    <ClInclude Include="include\ParameterDatabaseException.hpp">
      <Filter>Header Files</Filter>
    </ClInclude>
    <ClInclude Include="include\ParameterException.hpp">
      <Filter>Header Files</Filter>
    </ClInclude>
    <ClInclude Include="include\ParameterFactory.hpp">
      <Filter>Header Files</Filter>
    </ClInclude>
    <ClInclude Include="include\ParameterInfo.hpp">
      <Filter>Header Files</Filter>
    </ClInclude>
    <ClInclude Include="include\ParameterWrapper.hpp">
      <Filter>Header Files</Filter>
    </ClInclude>
    <ClInclude Include="include\PenDown.hpp">
      <Filter>Header Files</Filter>
    </ClInclude>
    <ClInclude Include="include\PenUp.hpp">
      <Filter>Header Files</Filter>
    </ClInclude>
    <ClInclude Include="include\PhysicalModel.hpp">
      <Filter>Header Files</Filter>
    </ClInclude>
    <ClInclude Include="include\PhysicalModelFactory.hpp">
      <Filter>Header Files</Filter>
    </ClInclude>
    <ClInclude Include="include\Planet.hpp">
      <Filter>Header Files</Filter>
    </ClInclude>
    <ClInclude Include="include\PlanetaryEphem.hpp">
      <Filter>Header Files</Filter>
    </ClInclude>
    <ClInclude Include="include\PlanetaryEphemException.hpp">
      <Filter>Header Files</Filter>
    </ClInclude>
    <ClInclude Include="include\PlanetData.hpp">
      <Filter>Header Files</Filter>
    </ClInclude>
    <ClInclude Include="include\PlanetodeticParameters.hpp">
      <Filter>Header Files</Filter>
    </ClInclude>
    <ClInclude Include="include\PlanetParameters.hpp">
      <Filter>Header Files</Filter>
    </ClInclude>
    <ClInclude Include="include\PlanetReal.hpp">
      <Filter>Header Files</Filter>
    </ClInclude>
    <ClInclude Include="include\PlotCommand.hpp">
      <Filter>Header Files</Filter>
    </ClInclude>
    <ClInclude Include="include\PlotInterface.hpp">
      <Filter>Header Files</Filter>
    </ClInclude>
    <ClInclude Include="include\PlotReceiver.hpp">
      <Filter>Header Files</Filter>
    </ClInclude>
    <ClInclude Include="include\PluginItemManager.hpp">
      <Filter>Header Files</Filter>
    </ClInclude>
    <ClInclude Include="include\PluginWidget.hpp">
      <Filter>Header Files</Filter>
    </ClInclude>
    <ClInclude Include="include\PointMassForce.hpp">
      <Filter>Header Files</Filter>
    </ClInclude>
    <ClInclude Include="include\Power.hpp">
      <Filter>Header Files</Filter>
    </ClInclude>
    <ClInclude Include="include\PowerSystem.hpp">
      <Filter>Header Files</Filter>
    </ClInclude>
    <ClInclude Include="include\PrecessingSpinner.hpp">
      <Filter>Header Files</Filter>
    </ClInclude>
    <ClInclude Include="include\PredictorCorrector.hpp">
      <Filter>Header Files</Filter>
    </ClInclude>
    <ClInclude Include="include\PrinceDormand45.hpp">
      <Filter>Header Files</Filter>
    </ClInclude>
    <ClInclude Include="include\PrinceDormand78.hpp">
      <Filter>Header Files</Filter>
    </ClInclude>
    <ClInclude Include="include\Propagate.hpp">
      <Filter>Header Files</Filter>
    </ClInclude>
    <ClInclude Include="include\PropagationEnabledCommand.hpp">
      <Filter>Header Files</Filter>
    </ClInclude>
    <ClInclude Include="include\PropagationStateManager.hpp">
      <Filter>Header Files</Filter>
    </ClInclude>
    <ClInclude Include="include\Propagator.hpp">
      <Filter>Header Files</Filter>
    </ClInclude>
    <ClInclude Include="include\PropagatorException.hpp">
      <Filter>Header Files</Filter>
    </ClInclude>
    <ClInclude Include="include\PropagatorFactory.hpp">
      <Filter>Header Files</Filter>
    </ClInclude>
    <ClInclude Include="include\PropSetup.hpp">
      <Filter>Header Files</Filter>
    </ClInclude>
    <ClInclude Include="include\PropSetupException.hpp">
      <Filter>Header Files</Filter>
    </ClInclude>
    <ClInclude Include="include\PropSetupFactory.hpp">
      <Filter>Header Files</Filter>
    </ClInclude>
    <ClInclude Include="include\Publisher.hpp">
      <Filter>Header Files</Filter>
    </ClInclude>
    <ClInclude Include="include\PublisherException.hpp">
      <Filter>Header Files</Filter>
    </ClInclude>
    <ClInclude Include="include\RadToDeg.hpp">
      <Filter>Header Files</Filter>
    </ClInclude>
    <ClInclude Include="include\Rand.hpp">
      <Filter>Header Files</Filter>
    </ClInclude>
    <ClInclude Include="include\Randn.hpp">
      <Filter>Header Files</Filter>
    </ClInclude>
    <ClInclude Include="include\RealVar.hpp">
      <Filter>Header Files</Filter>
    </ClInclude>
    <ClInclude Include="include\RefData.hpp">
      <Filter>Header Files</Filter>
    </ClInclude>
    <ClInclude Include="include\RelativisticCorrection.hpp">
      <Filter>Header Files</Filter>
    </ClInclude>
    <ClInclude Include="include\Report.hpp">
      <Filter>Header Files</Filter>
    </ClInclude>
    <ClInclude Include="include\ReportFile.hpp">
      <Filter>Header Files</Filter>
    </ClInclude>
    <ClInclude Include="include\Rmat33Var.hpp">
      <Filter>Header Files</Filter>
    </ClInclude>
    <ClInclude Include="include\Rmat66Var.hpp">
      <Filter>Header Files</Filter>
    </ClInclude>
    <ClInclude Include="include\RungeKutta.hpp">
      <Filter>Header Files</Filter>
    </ClInclude>
    <ClInclude Include="include\RungeKutta89.hpp">
      <Filter>Header Files</Filter>
    </ClInclude>
    <ClInclude Include="include\RungeKuttaFehlberg56.hpp">
      <Filter>Header Files</Filter>
    </ClInclude>
    <ClInclude Include="include\RungeKuttaNystrom.hpp">
      <Filter>Header Files</Filter>
    </ClInclude>
    <ClInclude Include="include\RunSimulator.hpp">
      <Filter>Header Files</Filter>
    </ClInclude>
    <ClInclude Include="include\RunSolver.hpp">
      <Filter>Header Files</Filter>
    </ClInclude>
    <ClInclude Include="include\Rvec6Var.hpp">
      <Filter>Header Files</Filter>
    </ClInclude>
    <ClInclude Include="include\RvectorVar.hpp">
      <Filter>Header Files</Filter>
    </ClInclude>
    <ClInclude Include="include\Sandbox.hpp">
      <Filter>Header Files</Filter>
    </ClInclude>
    <ClInclude Include="include\SandboxException.hpp">
      <Filter>Header Files</Filter>
    </ClInclude>
    <ClInclude Include="include\SaveMission.hpp">
      <Filter>Header Files</Filter>
    </ClInclude>
    <ClInclude Include="include\ScriptInterpreter.hpp">
      <Filter>Header Files</Filter>
    </ClInclude>
    <ClInclude Include="include\ScriptReadWriter.hpp">
      <Filter>Header Files</Filter>
    </ClInclude>
    <ClInclude Include="include\SetSeed.hpp">
      <Filter>Header Files</Filter>
    </ClInclude>
    <ClInclude Include="include\ShadowState.hpp">
      <Filter>Header Files</Filter>
    </ClInclude>
    <ClInclude Include="include\SimpleExponentialAtmosphere.hpp">
      <Filter>Header Files</Filter>
    </ClInclude>
    <ClInclude Include="include\Sin.hpp">
      <Filter>Header Files</Filter>
    </ClInclude>
    <ClInclude Include="include\Sinh.hpp">
      <Filter>Header Files</Filter>
    </ClInclude>
    <ClInclude Include="include\SlpFile.hpp">
      <Filter>Header Files</Filter>
    </ClInclude>
    <ClInclude Include="include\SocketServer.hpp">
      <Filter>Header Files</Filter>
    </ClInclude>
    <ClInclude Include="include\SolarFluxReader.hpp">
      <Filter>Header Files</Filter>
    </ClInclude>
    <ClInclude Include="include\SolarPowerSystem.hpp">
      <Filter>Header Files</Filter>
    </ClInclude>
    <ClInclude Include="include\SolarRadiationPressure.hpp">
      <Filter>Header Files</Filter>
    </ClInclude>
    <ClInclude Include="include\SolarSystem.hpp">
      <Filter>Header Files</Filter>
    </ClInclude>
    <ClInclude Include="include\SolarSystemException.hpp">
      <Filter>Header Files</Filter>
    </ClInclude>
    <ClInclude Include="include\SolarSystemFactory.hpp">
      <Filter>Header Files</Filter>
    </ClInclude>
    <ClInclude Include="include\Solver.hpp">
      <Filter>Header Files</Filter>
    </ClInclude>
    <ClInclude Include="include\SolverBranchCommand.hpp">
      <Filter>Header Files</Filter>
    </ClInclude>
    <ClInclude Include="include\SolverException.hpp">
      <Filter>Header Files</Filter>
    </ClInclude>
    <ClInclude Include="include\SolverFactory.hpp">
      <Filter>Header Files</Filter>
    </ClInclude>
    <ClInclude Include="include\SolverSequenceCommand.hpp">
      <Filter>Header Files</Filter>
    </ClInclude>
    <ClInclude Include="include\Spacecraft.hpp">
      <Filter>Header Files</Filter>
    </ClInclude>
    <ClInclude Include="include\SpacecraftData.hpp">
      <Filter>Header Files</Filter>
    </ClInclude>
    <ClInclude Include="include\SpacecraftFactory.hpp">
      <Filter>Header Files</Filter>
    </ClInclude>
    <ClInclude Include="include\SpaceObject.hpp">
      <Filter>Header Files</Filter>
    </ClInclude>
    <ClInclude Include="include\SpaceObjectException.hpp">
      <Filter>Header Files</Filter>
    </ClInclude>
    <ClInclude Include="include\SpacePoint.hpp">
      <Filter>Header Files</Filter>
    </ClInclude>
    <ClInclude Include="include\SpecialCelestialPoint.hpp">
      <Filter>Header Files</Filter>
    </ClInclude>
    <ClInclude Include="include\SphericalParameters.hpp">
      <Filter>Header Files</Filter>
    </ClInclude>
    <ClInclude Include="include\SpiceAttitude.hpp">
      <Filter>Header Files</Filter>
    </ClInclude>
    <ClInclude Include="include\SpiceAttitudeKernelReader.hpp">
      <Filter>Header Files</Filter>
    </ClInclude>
    <ClInclude Include="include\SpiceInterface.hpp">
      <Filter>Header Files</Filter>
    </ClInclude>
    <ClInclude Include="include\SpiceKernelReader.hpp">
      <Filter>Header Files</Filter>
    </ClInclude>
    <ClInclude Include="include\SpiceKernelWriter.hpp">
      <Filter>Header Files</Filter>
    </ClInclude>
    <ClInclude Include="include\SpiceOrbitKernelReader.hpp">
      <Filter>Header Files</Filter>
    </ClInclude>
    <ClInclude Include="include\SpiceOrbitKernelWriter.hpp">
      <Filter>Header Files</Filter>
    </ClInclude>
    <ClInclude Include="include\Spinner.hpp">
      <Filter>Header Files</Filter>
    </ClInclude>
    <ClInclude Include="include\Sprintf.hpp">
      <Filter>Header Files</Filter>
    </ClInclude>
    <ClInclude Include="include\Sqrt.hpp">
      <Filter>Header Files</Filter>
    </ClInclude>
    <ClInclude Include="include\Star.hpp">
      <Filter>Header Files</Filter>
    </ClInclude>
    <ClInclude Include="include\StateManager.hpp">
      <Filter>Header Files</Filter>
    </ClInclude>
    <ClInclude Include="include\SteepestDescent.hpp">
      <Filter>Header Files</Filter>
    </ClInclude>
    <ClInclude Include="include\Stop.hpp">
      <Filter>Header Files</Filter>
    </ClInclude>
    <ClInclude Include="include\StopCondition.hpp">
      <Filter>Header Files</Filter>
    </ClInclude>
    <ClInclude Include="include\StopConditionException.hpp">
      <Filter>Header Files</Filter>
    </ClInclude>
    <ClInclude Include="include\StopConditionFactory.hpp">
      <Filter>Header Files</Filter>
    </ClInclude>
    <ClInclude Include="include\Strcat.hpp">
      <Filter>Header Files</Filter>
    </ClInclude>
    <ClInclude Include="include\Strcmp.hpp">
      <Filter>Header Files</Filter>
    </ClInclude>
    <ClInclude Include="include\Strfind.hpp">
      <Filter>Header Files</Filter>
    </ClInclude>
    <ClInclude Include="include\StringFunctionNode.hpp">
      <Filter>Header Files</Filter>
    </ClInclude>
    <ClInclude Include="include\StringObjectWrapper.hpp">
      <Filter>Header Files</Filter>
    </ClInclude>
    <ClInclude Include="include\StringVar.hpp">
      <Filter>Header Files</Filter>
    </ClInclude>
    <ClInclude Include="include\StringWrapper.hpp">
      <Filter>Header Files</Filter>
    </ClInclude>
    <ClInclude Include="include\Strrep.hpp">
      <Filter>Header Files</Filter>
    </ClInclude>
    <ClInclude Include="include\Subscriber.hpp">
      <Filter>Header Files</Filter>
    </ClInclude>
    <ClInclude Include="include\SubscriberException.hpp">
      <Filter>Header Files</Filter>
    </ClInclude>
    <ClInclude Include="include\SubscriberFactory.hpp">
      <Filter>Header Files</Filter>
    </ClInclude>
    <ClInclude Include="include\Subtract.hpp">
      <Filter>Header Files</Filter>
    </ClInclude>
    <ClInclude Include="include\Tan.hpp">
      <Filter>Header Files</Filter>
    </ClInclude>
    <ClInclude Include="include\Tanh.hpp">
      <Filter>Header Files</Filter>
    </ClInclude>
    <ClInclude Include="include\Target.hpp">
      <Filter>Header Files</Filter>
    </ClInclude>
    <ClInclude Include="include\TextEphemFile.hpp">
      <Filter>Header Files</Filter>
    </ClInclude>
    <ClInclude Include="include\TextTrajectoryFile.hpp">
      <Filter>Header Files</Filter>
    </ClInclude>
    <ClInclude Include="include\Thruster.hpp">
      <Filter>Header Files</Filter>
    </ClInclude>
    <ClInclude Include="include\TimeData.hpp">
      <Filter>Header Files</Filter>
    </ClInclude>
    <ClInclude Include="include\TimeParameters.hpp">
      <Filter>Header Files</Filter>
    </ClInclude>
    <ClInclude Include="include\TimeReal.hpp">
      <Filter>Header Files</Filter>
    </ClInclude>
    <ClInclude Include="include\TimeString.hpp">
      <Filter>Header Files</Filter>
    </ClInclude>
    <ClInclude Include="include\TODEcAxes.hpp">
      <Filter>Header Files</Filter>
    </ClInclude>
    <ClInclude Include="include\TODEqAxes.hpp">
      <Filter>Header Files</Filter>
    </ClInclude>
    <ClInclude Include="include\TOEEcAxes.hpp">
      <Filter>Header Files</Filter>
    </ClInclude>
    <ClInclude Include="include\TOEEqAxes.hpp">
      <Filter>Header Files</Filter>
    </ClInclude>
    <ClInclude Include="include\Toggle.hpp">
      <Filter>Header Files</Filter>
    </ClInclude>
    <ClInclude Include="include\TopocentricAxes.hpp">
      <Filter>Header Files</Filter>
    </ClInclude>
    <ClInclude Include="include\Transpose.hpp">
      <Filter>Header Files</Filter>
    </ClInclude>
    <ClInclude Include="include\TriggerManager.hpp">
      <Filter>Header Files</Filter>
    </ClInclude>
    <ClInclude Include="include\TrueOfDateAxes.hpp">
      <Filter>Header Files</Filter>
    </ClInclude>
    <ClInclude Include="include\UserDefinedFunction.hpp">
      <Filter>Header Files</Filter>
    </ClInclude>
    <ClInclude Include="include\utildefs.hpp">
      <Filter>Header Files</Filter>
    </ClInclude>
    <ClInclude Include="include\Validator.hpp">
      <Filter>Header Files</Filter>
    </ClInclude>
    <ClInclude Include="include\Variable.hpp">
      <Filter>Header Files</Filter>
    </ClInclude>
    <ClInclude Include="include\VariableWrapper.hpp">
      <Filter>Header Files</Filter>
    </ClInclude>
    <ClInclude Include="include\Vary.hpp">
      <Filter>Header Files</Filter>
    </ClInclude>
    <ClInclude Include="include\VnbManeuverFrame.hpp">
      <Filter>Header Files</Filter>
    </ClInclude>
    <ClInclude Include="include\While.hpp">
      <Filter>Header Files</Filter>
    </ClInclude>
    <ClInclude Include="include\Write.hpp">
      <Filter>Header Files</Filter>
    </ClInclude>
    <ClInclude Include="include\XyPlot.hpp">
      <Filter>Header Files</Filter>
    </ClInclude>
    <ClInclude Include="include\A1Date.hpp">
      <Filter>Header Files</Filter>
    </ClInclude>
    <ClInclude Include="include\A1Mjd.hpp">
      <Filter>Header Files</Filter>
    </ClInclude>
    <ClInclude Include="include\AngleUtil.hpp">
      <Filter>Header Files</Filter>
    </ClInclude>
    <ClInclude Include="include\ArrayTemplate.hpp">
      <Filter>Header Files</Filter>
    </ClInclude>
    <ClInclude Include="include\AttitudeConversionUtility.hpp">
      <Filter>Header Files</Filter>
    </ClInclude>
    <ClInclude Include="include\AttitudeUtil.hpp">
      <Filter>Header Files</Filter>
    </ClInclude>
    <ClInclude Include="include\BaseException.hpp">
      <Filter>Header Files</Filter>
    </ClInclude>
    <ClInclude Include="include\BodyFixedStateConverter.hpp">
      <Filter>Header Files</Filter>
    </ClInclude>
    <ClInclude Include="include\BrentDekkerZero.hpp">
      <Filter>Header Files</Filter>
    </ClInclude>
    <ClInclude Include="include\CalculationUtilities.hpp">
      <Filter>Header Files</Filter>
    </ClInclude>
    <ClInclude Include="include\CCSDSAEMEulerAngleSegment.hpp">
      <Filter>Header Files</Filter>
    </ClInclude>
    <ClInclude Include="include\CCSDSAEMQuaternionSegment.hpp">
      <Filter>Header Files</Filter>
    </ClInclude>
    <ClInclude Include="include\CCSDSAEMReader.hpp">
      <Filter>Header Files</Filter>
    </ClInclude>
    <ClInclude Include="include\CCSDSAEMSegment.hpp">
      <Filter>Header Files</Filter>
    </ClInclude>
    <ClInclude Include="include\CCSDSEMReader.hpp">
      <Filter>Header Files</Filter>
    </ClInclude>
    <ClInclude Include="include\CCSDSEMSegment.hpp">
      <Filter>Header Files</Filter>
    </ClInclude>
    <ClInclude Include="include\CCSDSEMWriter.hpp">
      <Filter>Header Files</Filter>
    </ClInclude>
    <ClInclude Include="include\CCSDSOEMSegment.hpp">
      <Filter>Header Files</Filter>
    </ClInclude>
    <ClInclude Include="include\CCSDSOEMWriter.hpp">
      <Filter>Header Files</Filter>
    </ClInclude>
    <ClInclude Include="include\CholeskyFactorization.hpp">
      <Filter>Header Files</Filter>
    </ClInclude>
    <ClInclude Include="include\Code500EphemerisFile.hpp">
      <Filter>Header Files</Filter>
    </ClInclude>
    <ClInclude Include="include\ColorDatabase.hpp">
      <Filter>Header Files</Filter>
    </ClInclude>
    <ClInclude Include="include\ColorTypes.hpp">
      <Filter>Header Files</Filter>
    </ClInclude>
    <ClInclude Include="include\CubicSplineInterpolator.hpp">
      <Filter>Header Files</Filter>
    </ClInclude>
    <ClInclude Include="include\DataBucket.hpp">
      <Filter>Header Files</Filter>
    </ClInclude>
    <ClInclude Include="include\DataWriter.hpp">
      <Filter>Header Files</Filter>
    </ClInclude>
    <ClInclude Include="include\DataWriterInterface.hpp">
      <Filter>Header Files</Filter>
    </ClInclude>
    <ClInclude Include="include\DataWriterMaker.hpp">
      <Filter>Header Files</Filter>
    </ClInclude>
    <ClInclude Include="include\Date.hpp">
      <Filter>Header Files</Filter>
    </ClInclude>
    <ClInclude Include="include\DateUtil.hpp">
      <Filter>Header Files</Filter>
    </ClInclude>
    <ClInclude Include="include\ElapsedTime.hpp">
      <Filter>Header Files</Filter>
    </ClInclude>
    <ClInclude Include="include\EopFile.hpp">
      <Filter>Header Files</Filter>
    </ClInclude>
    <ClInclude Include="include\Ephemeris.hpp">
      <Filter>Header Files</Filter>
    </ClInclude>
    <ClInclude Include="include\FileManager.hpp">
      <Filter>Header Files</Filter>
    </ClInclude>
    <ClInclude Include="include\FileTypes.hpp">
      <Filter>Header Files</Filter>
    </ClInclude>
    <ClInclude Include="include\FileUtil.hpp">
      <Filter>Header Files</Filter>
    </ClInclude>
    <ClInclude Include="include\Frozen.hpp">
      <Filter>Header Files</Filter>
    </ClInclude>
    <ClInclude Include="include\GmatConstants.hpp">
      <Filter>Header Files</Filter>
    </ClInclude>
    <ClInclude Include="include\GmatDefaults.hpp">
      <Filter>Header Files</Filter>
    </ClInclude>
    <ClInclude Include="include\GmatGlobal.hpp">
      <Filter>Header Files</Filter>
    </ClInclude>
    <ClInclude Include="include\GmatTime.hpp">
      <Filter>Header Files</Filter>
    </ClInclude>
    <ClInclude Include="include\GravityFileUtil.hpp">
      <Filter>Header Files</Filter>
    </ClInclude>
    <ClInclude Include="include\GregorianDate.hpp">
      <Filter>Header Files</Filter>
    </ClInclude>
    <ClInclude Include="include\HermiteInterpolator.hpp">
      <Filter>Header Files</Filter>
    </ClInclude>
    <ClInclude Include="include\IFileUpdater.hpp">
      <Filter>Header Files</Filter>
    </ClInclude>
    <ClInclude Include="include\Interpolator.hpp">
      <Filter>Header Files</Filter>
    </ClInclude>
    <ClInclude Include="include\InterpolatorException.hpp">
      <Filter>Header Files</Filter>
    </ClInclude>
    <ClInclude Include="include\LagrangeInterpolator.hpp">
      <Filter>Header Files</Filter>
    </ClInclude>
    <ClInclude Include="include\LeapSecsFileReader.hpp">
      <Filter>Header Files</Filter>
    </ClInclude>
    <ClInclude Include="include\Linear.hpp">
      <Filter>Header Files</Filter>
    </ClInclude>
    <ClInclude Include="include\LinearInterpolator.hpp">
      <Filter>Header Files</Filter>
    </ClInclude>
    <ClInclude Include="include\LUFactorization.hpp">
      <Filter>Header Files</Filter>
    </ClInclude>
    <ClInclude Include="include\MatrixFactorization.hpp">
      <Filter>Header Files</Filter>
    </ClInclude>
    <ClInclude Include="include\MemoryTracker.hpp">
      <Filter>Header Files</Filter>
    </ClInclude>
    <ClInclude Include="include\MessageInterface.hpp">
      <Filter>Header Files</Filter>
    </ClInclude>
    <ClInclude Include="include\MessageReceiver.hpp">
      <Filter>Header Files</Filter>
    </ClInclude>
    <ClInclude Include="include\NotAKnotInterpolator.hpp">
      <Filter>Header Files</Filter>
    </ClInclude>
    <ClInclude Include="include\OrbitDesignerTime.hpp">
      <Filter>Header Files</Filter>
    </ClInclude>
    <ClInclude Include="include\QRFactorization.hpp">
      <Filter>Header Files</Filter>
    </ClInclude>
    <ClInclude Include="include\RandomNumber.hpp">
      <Filter>Header Files</Filter>
    </ClInclude>
    <ClInclude Include="include\RealUtilities.hpp">
      <Filter>Header Files</Filter>
    </ClInclude>
    <ClInclude Include="include\RepeatGroundTrack.hpp">
      <Filter>Header Files</Filter>
    </ClInclude>
    <ClInclude Include="include\RepeatSunSync.hpp">
      <Filter>Header Files</Filter>
    </ClInclude>
    <ClInclude Include="include\RgbColor.hpp">
      <Filter>Header Files</Filter>
    </ClInclude>
    <ClInclude Include="include\Rmatrix.hpp">
      <Filter>Header Files</Filter>
    </ClInclude>
    <ClInclude Include="include\Rmatrix33.hpp">
      <Filter>Header Files</Filter>
    </ClInclude>
    <ClInclude Include="include\Rmatrix66.hpp">
      <Filter>Header Files</Filter>
    </ClInclude>
    <ClInclude Include="include\Rvector.hpp">
      <Filter>Header Files</Filter>
    </ClInclude>
    <ClInclude Include="include\Rvector3.hpp">
      <Filter>Header Files</Filter>
    </ClInclude>
    <ClInclude Include="include\Rvector6.hpp">
      <Filter>Header Files</Filter>
    </ClInclude>
    <ClInclude Include="include\SchurFactorization.hpp">
      <Filter>Header Files</Filter>
    </ClInclude>
    <ClInclude Include="include\SPADFileReader.hpp">
      <Filter>Header Files</Filter>
    </ClInclude>
    <ClInclude Include="include\StateConversionUtil.hpp">
      <Filter>Header Files</Filter>
    </ClInclude>
    <ClInclude Include="include\STKEphemerisFile.hpp">
      <Filter>Header Files</Filter>
    </ClInclude>
    <ClInclude Include="include\StringTokenizer.hpp">
      <Filter>Header Files</Filter>
    </ClInclude>
    <ClInclude Include="include\StringUtil.hpp">
      <Filter>Header Files</Filter>
    </ClInclude>
    <ClInclude Include="include\SunSync.hpp">
      <Filter>Header Files</Filter>
    </ClInclude>
    <ClInclude Include="include\TableTemplate.hpp">
      <Filter>Header Files</Filter>
    </ClInclude>
    <ClInclude Include="include\TextParser.hpp">
      <Filter>Header Files</Filter>
    </ClInclude>
    <ClInclude Include="include\TimeSystemConverter.hpp">
      <Filter>Header Files</Filter>
    </ClInclude>
    <ClInclude Include="include\TimeTypes.hpp">
      <Filter>Header Files</Filter>
    </ClInclude>
    <ClInclude Include="include\UtcDate.hpp">
      <Filter>Header Files</Filter>
    </ClInclude>
    <ClInclude Include="include\UtilityException.hpp">
      <Filter>Header Files</Filter>
    </ClInclude>
    <ClInclude Include="include\WriterData.hpp">
      <Filter>Header Files</Filter>
    </ClInclude>
  </ItemGroup>
  <ItemGroup>
    <ClCompile Include="stdafx.cpp">
      <Filter>Source Files</Filter>
    </ClCompile>
    <ClCompile Include="src\Abs.cpp">
      <Filter>Source Files</Filter>
    </ClCompile>
    <ClCompile Include="src\Achieve.cpp">
      <Filter>Source Files</Filter>
    </ClCompile>
    <ClCompile Include="src\Acos.cpp">
      <Filter>Source Files</Filter>
    </ClCompile>
    <ClCompile Include="src\Acosh.cpp">
      <Filter>Source Files</Filter>
    </ClCompile>
    <ClCompile Include="src\AdamsBashforthMoulton.cpp">
      <Filter>Source Files</Filter>
    </ClCompile>
    <ClCompile Include="src\Add.cpp">
      <Filter>Source Files</Filter>
    </ClCompile>
    <ClCompile Include="src\AlternateEquinoctialParameters.cpp">
      <Filter>Source Files</Filter>
    </ClCompile>
    <ClCompile Include="src\AngularParameters.cpp">
      <Filter>Source Files</Filter>
    </ClCompile>
    <ClCompile Include="src\Array.cpp">
      <Filter>Source Files</Filter>
    </ClCompile>
    <ClCompile Include="src\ArrayElementWrapper.cpp">
      <Filter>Source Files</Filter>
    </ClCompile>
    <ClCompile Include="src\ArrayWrapper.cpp">
      <Filter>Source Files</Filter>
    </ClCompile>
    <ClCompile Include="src\Asin.cpp">
      <Filter>Source Files</Filter>
    </ClCompile>
    <ClCompile Include="src\Asinh.cpp">
      <Filter>Source Files</Filter>
    </ClCompile>
    <ClCompile Include="src\AssetException.cpp">
      <Filter>Source Files</Filter>
    </ClCompile>
    <ClCompile Include="src\AssetFactory.cpp">
      <Filter>Source Files</Filter>
    </ClCompile>
    <ClCompile Include="src\Assignment.cpp">
      <Filter>Source Files</Filter>
    </ClCompile>
    <ClCompile Include="src\Asteroid.cpp">
      <Filter>Source Files</Filter>
    </ClCompile>
    <ClCompile Include="src\Atan.cpp">
      <Filter>Source Files</Filter>
    </ClCompile>
    <ClCompile Include="src\Atan2.cpp">
      <Filter>Source Files</Filter>
    </ClCompile>
    <ClCompile Include="src\AtmosphereFactory.cpp">
      <Filter>Source Files</Filter>
    </ClCompile>
    <ClCompile Include="src\AtmosphereModel.cpp">
      <Filter>Source Files</Filter>
    </ClCompile>
    <ClCompile Include="src\Attitude.cpp">
      <Filter>Source Files</Filter>
    </ClCompile>
    <ClCompile Include="src\AttitudeData.cpp">
      <Filter>Source Files</Filter>
    </ClCompile>
    <ClCompile Include="src\AttitudeException.cpp">
      <Filter>Source Files</Filter>
    </ClCompile>
    <ClCompile Include="src\AttitudeFactory.cpp">
      <Filter>Source Files</Filter>
    </ClCompile>
    <ClCompile Include="src\AttitudeParameters.cpp">
      <Filter>Source Files</Filter>
    </ClCompile>
    <ClCompile Include="src\AttitudeReal.cpp">
      <Filter>Source Files</Filter>
    </ClCompile>
    <ClCompile Include="src\AttitudeRvector.cpp">
      <Filter>Source Files</Filter>
    </ClCompile>
    <ClCompile Include="src\AttitudeString.cpp">
      <Filter>Source Files</Filter>
    </ClCompile>
    <ClCompile Include="src\AxisSystem.cpp">
      <Filter>Source Files</Filter>
    </ClCompile>
    <ClCompile Include="src\AxisSystemFactory.cpp">
      <Filter>Source Files</Filter>
    </ClCompile>
    <ClCompile Include="src\BallisticMassParameters.cpp">
      <Filter>Source Files</Filter>
    </ClCompile>
    <ClCompile Include="src\BallisticMassReal.cpp">
      <Filter>Source Files</Filter>
    </ClCompile>
    <ClCompile Include="src\Barycenter.cpp">
      <Filter>Source Files</Filter>
    </ClCompile>
    <ClCompile Include="src\BeginFiniteBurn.cpp">
      <Filter>Source Files</Filter>
    </ClCompile>
    <ClCompile Include="src\BeginFunction.cpp">
      <Filter>Source Files</Filter>
    </ClCompile>
    <ClCompile Include="src\BeginMissionSequence.cpp">
      <Filter>Source Files</Filter>
    </ClCompile>
    <ClCompile Include="src\BeginScript.cpp">
      <Filter>Source Files</Filter>
    </ClCompile>
    <ClCompile Include="src\BodyFixedAxes.cpp">
      <Filter>Source Files</Filter>
    </ClCompile>
    <ClCompile Include="src\BodyFixedPoint.cpp">
      <Filter>Source Files</Filter>
    </ClCompile>
    <ClCompile Include="src\BodyInertialAxes.cpp">
      <Filter>Source Files</Filter>
    </ClCompile>
    <ClCompile Include="src\BodySpinSunAxes.cpp">
      <Filter>Source Files</Filter>
    </ClCompile>
    <ClCompile Include="src\BooleanWrapper.cpp">
      <Filter>Source Files</Filter>
    </ClCompile>
    <ClCompile Include="src\BplaneData.cpp">
      <Filter>Source Files</Filter>
    </ClCompile>
    <ClCompile Include="src\BplaneParameters.cpp">
      <Filter>Source Files</Filter>
    </ClCompile>
    <ClCompile Include="src\BplaneReal.cpp">
      <Filter>Source Files</Filter>
    </ClCompile>
    <ClCompile Include="src\BranchCommand.cpp">
      <Filter>Source Files</Filter>
    </ClCompile>
    <ClCompile Include="src\BrouwerMeanLongParameters.cpp">
      <Filter>Source Files</Filter>
    </ClCompile>
    <ClCompile Include="src\BrouwerMeanShortParameters.cpp">
      <Filter>Source Files</Filter>
    </ClCompile>
    <ClCompile Include="src\BuiltinFunctionNode.cpp">
      <Filter>Source Files</Filter>
    </ClCompile>
    <ClCompile Include="src\BuiltinGmatFunction.cpp">
      <Filter>Source Files</Filter>
    </ClCompile>
    <ClCompile Include="src\Burn.cpp">
      <Filter>Source Files</Filter>
    </ClCompile>
    <ClCompile Include="src\BurnData.cpp">
      <Filter>Source Files</Filter>
    </ClCompile>
    <ClCompile Include="src\BurnException.cpp">
      <Filter>Source Files</Filter>
    </ClCompile>
    <ClCompile Include="src\BurnFactory.cpp">
      <Filter>Source Files</Filter>
    </ClCompile>
    <ClCompile Include="src\BurnParameters.cpp">
      <Filter>Source Files</Filter>
    </ClCompile>
    <ClCompile Include="src\BurnReal.cpp">
      <Filter>Source Files</Filter>
    </ClCompile>
    <ClCompile Include="src\CalculatedPoint.cpp">
      <Filter>Source Files</Filter>
    </ClCompile>
    <ClCompile Include="src\CalculatedPointFactory.cpp">
      <Filter>Source Files</Filter>
    </ClCompile>
    <ClCompile Include="src\CallBuiltinGmatFunction.cpp">
      <Filter>Source Files</Filter>
    </ClCompile>
    <ClCompile Include="src\CallFunction.cpp">
      <Filter>Source Files</Filter>
    </ClCompile>
    <ClCompile Include="src\CartesianParameters.cpp">
      <Filter>Source Files</Filter>
    </ClCompile>
    <ClCompile Include="src\CCSDSAttitude.cpp">
      <Filter>Source Files</Filter>
    </ClCompile>
    <ClCompile Include="src\Ceil.cpp">
      <Filter>Source Files</Filter>
    </ClCompile>
    <ClCompile Include="src\CelestialBody.cpp">
      <Filter>Source Files</Filter>
    </ClCompile>
    <ClCompile Include="src\CelestialBodyFactory.cpp">
      <Filter>Source Files</Filter>
    </ClCompile>
    <ClCompile Include="src\ChemicalTank.cpp">
      <Filter>Source Files</Filter>
    </ClCompile>
    <ClCompile Include="src\ChemicalThruster.cpp">
      <Filter>Source Files</Filter>
    </ClCompile>
    <ClCompile Include="src\ClearPlot.cpp">
      <Filter>Source Files</Filter>
    </ClCompile>
    <ClCompile Include="src\Comet.cpp">
      <Filter>Source Files</Filter>
    </ClCompile>
    <ClCompile Include="src\CommandException.cpp">
      <Filter>Source Files</Filter>
    </ClCompile>
    <ClCompile Include="src\CommandFactory.cpp">
      <Filter>Source Files</Filter>
    </ClCompile>
    <ClCompile Include="src\CommandUtil.cpp">
      <Filter>Source Files</Filter>
    </ClCompile>
    <ClCompile Include="src\ConditionalBranch.cpp">
      <Filter>Source Files</Filter>
    </ClCompile>
    <ClCompile Include="src\ConfigManager.cpp">
      <Filter>Source Files</Filter>
    </ClCompile>
    <ClCompile Include="src\ConfigManagerException.cpp">
      <Filter>Source Files</Filter>
    </ClCompile>
    <ClCompile Include="src\CoordinateBase.cpp">
      <Filter>Source Files</Filter>
    </ClCompile>
    <ClCompile Include="src\CoordinateConverter.cpp">
      <Filter>Source Files</Filter>
    </ClCompile>
    <ClCompile Include="src\CoordinateSystem.cpp">
      <Filter>Source Files</Filter>
    </ClCompile>
    <ClCompile Include="src\CoordinateSystemException.cpp">
      <Filter>Source Files</Filter>
    </ClCompile>
    <ClCompile Include="src\CoordinateSystemFactory.cpp">
      <Filter>Source Files</Filter>
    </ClCompile>
    <ClCompile Include="src\Cos.cpp">
      <Filter>Source Files</Filter>
    </ClCompile>
    <ClCompile Include="src\Cosh.cpp">
      <Filter>Source Files</Filter>
    </ClCompile>
    <ClCompile Include="src\Covariance.cpp">
      <Filter>Source Files</Filter>
    </ClCompile>
    <ClCompile Include="src\Cowell.cpp">
      <Filter>Source Files</Filter>
    </ClCompile>
    <ClCompile Include="src\Create.cpp">
      <Filter>Source Files</Filter>
    </ClCompile>
    <ClCompile Include="src\Cross3.cpp">
      <Filter>Source Files</Filter>
    </ClCompile>
    <ClCompile Include="src\CSFixed.cpp">
      <Filter>Source Files</Filter>
    </ClCompile>
    <ClCompile Include="src\DeFile.cpp">
      <Filter>Source Files</Filter>
    </ClCompile>
    <ClCompile Include="src\DegToRad.cpp">
      <Filter>Source Files</Filter>
    </ClCompile>
    <ClCompile Include="src\DelaunayParameters.cpp">
      <Filter>Source Files</Filter>
    </ClCompile>
    <ClCompile Include="src\DerivativeModel.cpp">
      <Filter>Source Files</Filter>
    </ClCompile>
    <ClCompile Include="src\Determinant.cpp">
      <Filter>Source Files</Filter>
    </ClCompile>
    <ClCompile Include="src\Diag.cpp">
      <Filter>Source Files</Filter>
    </ClCompile>
    <ClCompile Include="src\DifferentialCorrector.cpp">
      <Filter>Source Files</Filter>
    </ClCompile>
    <ClCompile Include="src\Divide.cpp">
      <Filter>Source Files</Filter>
    </ClCompile>
    <ClCompile Include="src\DormandElMikkawyPrince68.cpp">
      <Filter>Source Files</Filter>
    </ClCompile>
    <ClCompile Include="src\DragForce.cpp">
      <Filter>Source Files</Filter>
    </ClCompile>
    <ClCompile Include="src\DynamicAxes.cpp">
      <Filter>Source Files</Filter>
    </ClCompile>
    <ClCompile Include="src\DynamicLibrary.cpp">
      <Filter>Source Files</Filter>
    </ClCompile>
    <ClCompile Include="src\ElectricTank.cpp">
      <Filter>Source Files</Filter>
    </ClCompile>
    <ClCompile Include="src\ElectricThruster.cpp">
      <Filter>Source Files</Filter>
    </ClCompile>
    <ClCompile Include="src\ElementWrapper.cpp">
      <Filter>Source Files</Filter>
    </ClCompile>
    <ClCompile Include="src\Else.cpp">
      <Filter>Source Files</Filter>
    </ClCompile>
    <ClCompile Include="src\ElseIf.cpp">
      <Filter>Source Files</Filter>
    </ClCompile>
    <ClCompile Include="src\EndFiniteBurn.cpp">
      <Filter>Source Files</Filter>
    </ClCompile>
    <ClCompile Include="src\EndFor.cpp">
      <Filter>Source Files</Filter>
    </ClCompile>
    <ClCompile Include="src\EndFunction.cpp">
      <Filter>Source Files</Filter>
    </ClCompile>
    <ClCompile Include="src\EndIf.cpp">
      <Filter>Source Files</Filter>
    </ClCompile>
    <ClCompile Include="src\EndOptimize.cpp">
      <Filter>Source Files</Filter>
    </ClCompile>
    <ClCompile Include="src\EndScript.cpp">
      <Filter>Source Files</Filter>
    </ClCompile>
    <ClCompile Include="src\EndTarget.cpp">
      <Filter>Source Files</Filter>
    </ClCompile>
    <ClCompile Include="src\EndWhile.cpp">
      <Filter>Source Files</Filter>
    </ClCompile>
    <ClCompile Include="src\EnvData.cpp">
      <Filter>Source Files</Filter>
    </ClCompile>
    <ClCompile Include="src\EnvReal.cpp">
      <Filter>Source Files</Filter>
    </ClCompile>
    <ClCompile Include="src\EphemerisFile.cpp">
      <Filter>Source Files</Filter>
    </ClCompile>
    <ClCompile Include="src\EphemerisWriter.cpp">
      <Filter>Source Files</Filter>
    </ClCompile>
    <ClCompile Include="src\EphemManager.cpp">
      <Filter>Source Files</Filter>
    </ClCompile>
    <ClCompile Include="src\EphemWriterCCSDS.cpp">
      <Filter>Source Files</Filter>
    </ClCompile>
    <ClCompile Include="src\EphemWriterCode500.cpp">
      <Filter>Source Files</Filter>
    </ClCompile>
    <ClCompile Include="src\EphemWriterSPK.cpp">
      <Filter>Source Files</Filter>
    </ClCompile>
    <ClCompile Include="src\EphemWriterSTK.cpp">
      <Filter>Source Files</Filter>
    </ClCompile>
    <ClCompile Include="src\EphemWriterWithInterpolator.cpp">
      <Filter>Source Files</Filter>
    </ClCompile>
    <ClCompile Include="src\EquatorAxes.cpp">
      <Filter>Source Files</Filter>
    </ClCompile>
    <ClCompile Include="src\EquinoctialParameters.cpp">
      <Filter>Source Files</Filter>
    </ClCompile>
    <ClCompile Include="src\EventException.cpp">
      <Filter>Source Files</Filter>
    </ClCompile>
    <ClCompile Include="src\EventLocator.cpp">
      <Filter>Source Files</Filter>
    </ClCompile>
    <ClCompile Include="src\EventModel.cpp">
      <Filter>Source Files</Filter>
    </ClCompile>
    <ClCompile Include="src\Exp.cpp">
      <Filter>Source Files</Filter>
    </ClCompile>
    <ClCompile Include="src\ExponentialAtmosphere.cpp">
      <Filter>Source Files</Filter>
    </ClCompile>
    <ClCompile Include="src\ExpressionParser.cpp">
      <Filter>Source Files</Filter>
    </ClCompile>
    <ClCompile Include="src\ExternalOptimizer.cpp">
      <Filter>Source Files</Filter>
    </ClCompile>
    <ClCompile Include="src\Factory.cpp">
      <Filter>Source Files</Filter>
    </ClCompile>
    <ClCompile Include="src\FactoryException.cpp">
      <Filter>Source Files</Filter>
    </ClCompile>
    <ClCompile Include="src\FactoryManager.cpp">
      <Filter>Source Files</Filter>
    </ClCompile>
    <ClCompile Include="src\FileUpdaterSVN.cpp">
      <Filter>Source Files</Filter>
    </ClCompile>
    <ClCompile Include="src\FindEvents.cpp">
      <Filter>Source Files</Filter>
    </ClCompile>
    <ClCompile Include="src\FiniteBurn.cpp">
      <Filter>Source Files</Filter>
    </ClCompile>
    <ClCompile Include="src\FiniteThrust.cpp">
      <Filter>Source Files</Filter>
    </ClCompile>
    <ClCompile Include="src\Fix.cpp">
      <Filter>Source Files</Filter>
    </ClCompile>
    <ClCompile Include="src\Floor.cpp">
      <Filter>Source Files</Filter>
    </ClCompile>
    <ClCompile Include="src\For.cpp">
      <Filter>Source Files</Filter>
    </ClCompile>
    <ClCompile Include="src\FormationFactory.cpp">
      <Filter>Source Files</Filter>
    </ClCompile>
    <ClCompile Include="src\FormationInterface.cpp">
      <Filter>Source Files</Filter>
    </ClCompile>
    <ClCompile Include="src\FuelTank.cpp">
      <Filter>Source Files</Filter>
    </ClCompile>
    <ClCompile Include="src\Function.cpp">
      <Filter>Source Files</Filter>
    </ClCompile>
    <ClCompile Include="src\FunctionException.cpp">
      <Filter>Source Files</Filter>
    </ClCompile>
    <ClCompile Include="src\FunctionFactory.cpp">
      <Filter>Source Files</Filter>
    </ClCompile>
    <ClCompile Include="src\FunctionManager.cpp">
      <Filter>Source Files</Filter>
    </ClCompile>
    <ClCompile Include="src\FunctionRunner.cpp">
      <Filter>Source Files</Filter>
    </ClCompile>
    <ClCompile Include="src\GeocentricSolarEclipticAxes.cpp">
      <Filter>Source Files</Filter>
    </ClCompile>
    <ClCompile Include="src\GeocentricSolarMagneticAxes.cpp">
      <Filter>Source Files</Filter>
    </ClCompile>
    <ClCompile Include="src\GetEphemStates.cpp">
      <Filter>Source Files</Filter>
    </ClCompile>
    <ClCompile Include="src\GetLastState.cpp">
      <Filter>Source Files</Filter>
    </ClCompile>
    <ClCompile Include="src\GmatBase.cpp">
      <Filter>Source Files</Filter>
    </ClCompile>
    <ClCompile Include="src\GmatBaseException.cpp">
      <Filter>Source Files</Filter>
    </ClCompile>
    <ClCompile Include="src\GmatCommand.cpp">
      <Filter>Source Files</Filter>
    </ClCompile>
    <ClCompile Include="src\GmatEventHandler.cpp">
      <Filter>Source Files</Filter>
    </ClCompile>
    <ClCompile Include="src\GmatInterface.cpp">
      <Filter>Source Files</Filter>
    </ClCompile>
    <ClCompile Include="src\GmatState.cpp">
      <Filter>Source Files</Filter>
    </ClCompile>
    <ClCompile Include="src\GmatType.cpp">
      <Filter>Source Files</Filter>
    </ClCompile>
    <ClCompile Include="src\GmatWidget.cpp">
      <Filter>Source Files</Filter>
    </ClCompile>
    <ClCompile Include="src\Gradient.cpp">
      <Filter>Source Files</Filter>
    </ClCompile>
    <ClCompile Include="src\GravityBase.cpp">
      <Filter>Source Files</Filter>
    </ClCompile>
    <ClCompile Include="src\GravityField.cpp">
      <Filter>Source Files</Filter>
    </ClCompile>
    <ClCompile Include="src\GroundstationInterface.cpp">
      <Filter>Source Files</Filter>
    </ClCompile>
    <ClCompile Include="src\GroundTrackPlot.cpp">
      <Filter>Source Files</Filter>
    </ClCompile>
    <ClCompile Include="src\GuiFactory.cpp">
      <Filter>Source Files</Filter>
    </ClCompile>
    <ClCompile Include="src\GuiInterface.cpp">
      <Filter>Source Files</Filter>
    </ClCompile>
    <ClCompile Include="src\Hardware.cpp">
      <Filter>Source Files</Filter>
    </ClCompile>
    <ClCompile Include="src\HardwareException.cpp">
      <Filter>Source Files</Filter>
    </ClCompile>
    <ClCompile Include="src\HardwareFactory.cpp">
      <Filter>Source Files</Filter>
    </ClCompile>
    <ClCompile Include="src\HardwareParameters.cpp">
      <Filter>Source Files</Filter>
    </ClCompile>
    <ClCompile Include="src\HardwareReal.cpp">
      <Filter>Source Files</Filter>
    </ClCompile>
    <ClCompile Include="src\Harmonic.cpp">
      <Filter>Source Files</Filter>
    </ClCompile>
    <ClCompile Include="src\HarmonicField.cpp">
      <Filter>Source Files</Filter>
    </ClCompile>
    <ClCompile Include="src\HarmonicGravity.cpp">
      <Filter>Source Files</Filter>
    </ClCompile>
    <ClCompile Include="src\IAUFile.cpp">
      <Filter>Source Files</Filter>
    </ClCompile>
    <ClCompile Include="src\IChangeListener.cpp">
      <Filter>Source Files</Filter>
    </ClCompile>
    <ClCompile Include="src\ICRFAxes.cpp">
      <Filter>Source Files</Filter>
    </ClCompile>
    <ClCompile Include="src\ICRFFile.cpp">
      <Filter>Source Files</Filter>
    </ClCompile>
    <ClCompile Include="src\If.cpp">
      <Filter>Source Files</Filter>
    </ClCompile>
    <ClCompile Include="src\ImpulsiveBurn.cpp">
      <Filter>Source Files</Filter>
    </ClCompile>
    <ClCompile Include="src\IncomingAsymptoteParameters.cpp">
      <Filter>Source Files</Filter>
    </ClCompile>
    <ClCompile Include="src\InertialAxes.cpp">
      <Filter>Source Files</Filter>
    </ClCompile>
    <ClCompile Include="src\InertialManeuverFrame.cpp">
      <Filter>Source Files</Filter>
    </ClCompile>
    <ClCompile Include="src\Integrator.cpp">
      <Filter>Source Files</Filter>
    </ClCompile>
    <ClCompile Include="src\Interface.cpp">
      <Filter>Source Files</Filter>
    </ClCompile>
    <ClCompile Include="src\InterfaceException.cpp">
      <Filter>Source Files</Filter>
    </ClCompile>
    <ClCompile Include="src\InterfaceFactory.cpp">
      <Filter>Source Files</Filter>
    </ClCompile>
    <ClCompile Include="src\InternalOptimizer.cpp">
      <Filter>Source Files</Filter>
    </ClCompile>
    <ClCompile Include="src\Interpreter.cpp">
      <Filter>Source Files</Filter>
    </ClCompile>
    <ClCompile Include="src\InterpreterException.cpp">
      <Filter>Source Files</Filter>
    </ClCompile>
    <ClCompile Include="src\Inverse.cpp">
      <Filter>Source Files</Filter>
    </ClCompile>
    <ClCompile Include="src\ISolverListener.cpp">
      <Filter>Source Files</Filter>
    </ClCompile>
    <ClCompile Include="src\ItemManager.cpp">
      <Filter>Source Files</Filter>
    </ClCompile>
    <ClCompile Include="src\ITRFAxes.cpp">
      <Filter>Source Files</Filter>
    </ClCompile>
    <ClCompile Include="src\ItrfCoefficientsFile.cpp">
      <Filter>Source Files</Filter>
    </ClCompile>
    <ClCompile Include="src\JacchiaRobertsAtmosphere.cpp">
      <Filter>Source Files</Filter>
    </ClCompile>
    <ClCompile Include="src\Jacobian.cpp">
      <Filter>Source Files</Filter>
    </ClCompile>
    <ClCompile Include="src\KeplerianParameters.cpp">
      <Filter>Source Files</Filter>
    </ClCompile>
    <ClCompile Include="src\Kinematic.cpp">
      <Filter>Source Files</Filter>
    </ClCompile>
    <ClCompile Include="src\LibrationPoint.cpp">
      <Filter>Source Files</Filter>
    </ClCompile>
    <ClCompile Include="src\LineSearch.cpp">
      <Filter>Source Files</Filter>
    </ClCompile>
    <ClCompile Include="src\ListenerManager.cpp">
      <Filter>Source Files</Filter>
    </ClCompile>
    <ClCompile Include="src\ListenerManagerInterface.cpp">
      <Filter>Source Files</Filter>
    </ClCompile>
    <ClCompile Include="src\LocalAlignedConstrainedAxes.cpp">
      <Filter>Source Files</Filter>
    </ClCompile>
    <ClCompile Include="src\LocatedEvent.cpp">
      <Filter>Source Files</Filter>
    </ClCompile>
    <ClCompile Include="src\Log.cpp">
      <Filter>Source Files</Filter>
    </ClCompile>
    <ClCompile Include="src\Log10.cpp">
      <Filter>Source Files</Filter>
    </ClCompile>
    <ClCompile Include="src\ManageObject.cpp">
      <Filter>Source Files</Filter>
    </ClCompile>
    <ClCompile Include="src\Maneuver.cpp">
      <Filter>Source Files</Filter>
    </ClCompile>
    <ClCompile Include="src\ManeuverFrame.cpp">
      <Filter>Source Files</Filter>
    </ClCompile>
    <ClCompile Include="src\ManeuverFrameManager.cpp">
      <Filter>Source Files</Filter>
    </ClCompile>
    <ClCompile Include="src\MarkPoint.cpp">
      <Filter>Source Files</Filter>
    </ClCompile>
    <ClCompile Include="src\MathElement.cpp">
      <Filter>Source Files</Filter>
    </ClCompile>
    <ClCompile Include="src\MathException.cpp">
      <Filter>Source Files</Filter>
    </ClCompile>
    <ClCompile Include="src\MathFactory.cpp">
      <Filter>Source Files</Filter>
    </ClCompile>
    <ClCompile Include="src\MathFunction.cpp">
      <Filter>Source Files</Filter>
    </ClCompile>
    <ClCompile Include="src\MathNode.cpp">
      <Filter>Source Files</Filter>
    </ClCompile>
    <ClCompile Include="src\MathParser.cpp">
      <Filter>Source Files</Filter>
    </ClCompile>
    <ClCompile Include="src\MathTree.cpp">
      <Filter>Source Files</Filter>
    </ClCompile>
    <ClCompile Include="src\MeanOfDateAxes.cpp">
      <Filter>Source Files</Filter>
    </ClCompile>
    <ClCompile Include="src\MediaCorrectionInterface.cpp">
      <Filter>Source Files</Filter>
    </ClCompile>
    <ClCompile Include="src\MessageWindow.cpp">
      <Filter>Source Files</Filter>
    </ClCompile>
    <ClCompile Include="src\Min.cpp">
      <Filter>Source Files</Filter>
    </ClCompile>
    <ClCompile Include="src\Minimize.cpp">
      <Filter>Source Files</Filter>
    </ClCompile>
    <ClCompile Include="src\MJ2000EcAxes.cpp">
      <Filter>Source Files</Filter>
    </ClCompile>
    <ClCompile Include="src\MJ2000EqAxes.cpp">
      <Filter>Source Files</Filter>
    </ClCompile>
    <ClCompile Include="src\Mod.cpp">
      <Filter>Source Files</Filter>
    </ClCompile>
    <ClCompile Include="src\MODEcAxes.cpp">
      <Filter>Source Files</Filter>
    </ClCompile>
    <ClCompile Include="src\MODEqAxes.cpp">
      <Filter>Source Files</Filter>
    </ClCompile>
    <ClCompile Include="src\ModEquinoctialParameters.cpp">
      <Filter>Source Files</Filter>
    </ClCompile>
    <ClCompile Include="src\Moderator.cpp">
      <Filter>Source Files</Filter>
    </ClCompile>
    <ClCompile Include="src\MOEEcAxes.cpp">
      <Filter>Source Files</Filter>
    </ClCompile>
    <ClCompile Include="src\MOEEqAxes.cpp">
      <Filter>Source Files</Filter>
    </ClCompile>
    <ClCompile Include="src\Moon.cpp">
      <Filter>Source Files</Filter>
    </ClCompile>
    <ClCompile Include="src\Msise90Atmosphere.cpp">
      <Filter>Source Files</Filter>
    </ClCompile>
    <ClCompile Include="src\Multiply.cpp">
      <Filter>Source Files</Filter>
    </ClCompile>
    <ClCompile Include="src\NadirPointing.cpp">
      <Filter>Source Files</Filter>
    </ClCompile>
    <ClCompile Include="src\Negate.cpp">
      <Filter>Source Files</Filter>
    </ClCompile>
    <ClCompile Include="src\NonlinearConstraint.cpp">
      <Filter>Source Files</Filter>
    </ClCompile>
    <ClCompile Include="src\NoOp.cpp">
      <Filter>Source Files</Filter>
    </ClCompile>
    <ClCompile Include="src\Norm.cpp">
      <Filter>Source Files</Filter>
    </ClCompile>
    <ClCompile Include="src\NuclearPowerSystem.cpp">
      <Filter>Source Files</Filter>
    </ClCompile>
    <ClCompile Include="src\NumberWrapper.cpp">
      <Filter>Source Files</Filter>
    </ClCompile>
    <ClCompile Include="src\NumericFunctionNode.cpp">
      <Filter>Source Files</Filter>
    </ClCompile>
    <ClCompile Include="src\ObjectInitializer.cpp">
      <Filter>Source Files</Filter>
    </ClCompile>
    <ClCompile Include="src\ObjectManagedFunction.cpp">
      <Filter>Source Files</Filter>
    </ClCompile>
    <ClCompile Include="src\ObjectPropertyWrapper.cpp">
      <Filter>Source Files</Filter>
    </ClCompile>
    <ClCompile Include="src\ObjectReferencedAxes.cpp">
      <Filter>Source Files</Filter>
    </ClCompile>
    <ClCompile Include="src\ObjectWrapper.cpp">
      <Filter>Source Files</Filter>
    </ClCompile>
    <ClCompile Include="src\ODEModel.cpp">
      <Filter>Source Files</Filter>
    </ClCompile>
    <ClCompile Include="src\ODEModelException.cpp">
      <Filter>Source Files</Filter>
    </ClCompile>
    <ClCompile Include="src\ODEModelFactory.cpp">
      <Filter>Source Files</Filter>
    </ClCompile>
    <ClCompile Include="src\OnOffWrapper.cpp">
      <Filter>Source Files</Filter>
    </ClCompile>
    <ClCompile Include="src\OpenGlPlot.cpp">
      <Filter>Source Files</Filter>
    </ClCompile>
    <ClCompile Include="src\Optimize.cpp">
      <Filter>Source Files</Filter>
    </ClCompile>
    <ClCompile Include="src\Optimizer.cpp">
      <Filter>Source Files</Filter>
    </ClCompile>
    <ClCompile Include="src\OrbitalParameters.cpp">
      <Filter>Source Files</Filter>
    </ClCompile>
    <ClCompile Include="src\OrbitData.cpp">
      <Filter>Source Files</Filter>
    </ClCompile>
    <ClCompile Include="src\OrbitPlot.cpp">
      <Filter>Source Files</Filter>
    </ClCompile>
    <ClCompile Include="src\OrbitReal.cpp">
      <Filter>Source Files</Filter>
    </ClCompile>
    <ClCompile Include="src\OrbitRmat33.cpp">
      <Filter>Source Files</Filter>
    </ClCompile>
    <ClCompile Include="src\OrbitRmat66.cpp">
      <Filter>Source Files</Filter>
    </ClCompile>
    <ClCompile Include="src\OrbitRvec6.cpp">
      <Filter>Source Files</Filter>
    </ClCompile>
    <ClCompile Include="src\OrbitStmParameters.cpp">
      <Filter>Source Files</Filter>
    </ClCompile>
    <ClCompile Include="src\OrbitView.cpp">
      <Filter>Source Files</Filter>
    </ClCompile>
    <ClCompile Include="src\OutgoingAsymptoteParameters.cpp">
      <Filter>Source Files</Filter>
    </ClCompile>
    <ClCompile Include="src\OwnedPlot.cpp">
      <Filter>Source Files</Filter>
    </ClCompile>
    <ClCompile Include="src\Parameter.cpp">
      <Filter>Source Files</Filter>
    </ClCompile>
    <ClCompile Include="src\ParameterDatabase.cpp">
      <Filter>Source Files</Filter>
    </ClCompile>
    <ClCompile Include="src\ParameterFactory.cpp">
      <Filter>Source Files</Filter>
    </ClCompile>
    <ClCompile Include="src\ParameterInfo.cpp">
      <Filter>Source Files</Filter>
    </ClCompile>
    <ClCompile Include="src\ParameterWrapper.cpp">
      <Filter>Source Files</Filter>
    </ClCompile>
    <ClCompile Include="src\PenDown.cpp">
      <Filter>Source Files</Filter>
    </ClCompile>
    <ClCompile Include="src\PenUp.cpp">
      <Filter>Source Files</Filter>
    </ClCompile>
    <ClCompile Include="src\PhysicalModel.cpp">
      <Filter>Source Files</Filter>
    </ClCompile>
    <ClCompile Include="src\PhysicalModelFactory.cpp">
      <Filter>Source Files</Filter>
    </ClCompile>
    <ClCompile Include="src\Planet.cpp">
      <Filter>Source Files</Filter>
    </ClCompile>
    <ClCompile Include="src\PlanetaryEphem.cpp">
      <Filter>Source Files</Filter>
    </ClCompile>
    <ClCompile Include="src\PlanetaryEphemException.cpp">
      <Filter>Source Files</Filter>
    </ClCompile>
    <ClCompile Include="src\PlanetData.cpp">
      <Filter>Source Files</Filter>
    </ClCompile>
    <ClCompile Include="src\PlanetodeticParameters.cpp">
      <Filter>Source Files</Filter>
    </ClCompile>
    <ClCompile Include="src\PlanetParameters.cpp">
      <Filter>Source Files</Filter>
    </ClCompile>
    <ClCompile Include="src\PlanetReal.cpp">
      <Filter>Source Files</Filter>
    </ClCompile>
    <ClCompile Include="src\PlotCommand.cpp">
      <Filter>Source Files</Filter>
    </ClCompile>
    <ClCompile Include="src\PlotInterface.cpp">
      <Filter>Source Files</Filter>
    </ClCompile>
    <ClCompile Include="src\PlotReceiver.cpp">
      <Filter>Source Files</Filter>
    </ClCompile>
    <ClCompile Include="src\PluginItemManager.cpp">
      <Filter>Source Files</Filter>
    </ClCompile>
    <ClCompile Include="src\PluginWidget.cpp">
      <Filter>Source Files</Filter>
    </ClCompile>
    <ClCompile Include="src\PointMassForce.cpp">
      <Filter>Source Files</Filter>
    </ClCompile>
    <ClCompile Include="src\Power.cpp">
      <Filter>Source Files</Filter>
    </ClCompile>
    <ClCompile Include="src\PowerSystem.cpp">
      <Filter>Source Files</Filter>
    </ClCompile>
    <ClCompile Include="src\PrecessingSpinner.cpp">
      <Filter>Source Files</Filter>
    </ClCompile>
    <ClCompile Include="src\PredictorCorrector.cpp">
      <Filter>Source Files</Filter>
    </ClCompile>
    <ClCompile Include="src\PrinceDormand45.cpp">
      <Filter>Source Files</Filter>
    </ClCompile>
    <ClCompile Include="src\PrinceDormand78.cpp">
      <Filter>Source Files</Filter>
    </ClCompile>
    <ClCompile Include="src\Propagate.cpp">
      <Filter>Source Files</Filter>
    </ClCompile>
    <ClCompile Include="src\PropagationEnabledCommand.cpp">
      <Filter>Source Files</Filter>
    </ClCompile>
    <ClCompile Include="src\PropagationStateManager.cpp">
      <Filter>Source Files</Filter>
    </ClCompile>
    <ClCompile Include="src\Propagator.cpp">
      <Filter>Source Files</Filter>
    </ClCompile>
    <ClCompile Include="src\PropagatorFactory.cpp">
      <Filter>Source Files</Filter>
    </ClCompile>
    <ClCompile Include="src\PropSetup.cpp">
      <Filter>Source Files</Filter>
    </ClCompile>
    <ClCompile Include="src\PropSetupFactory.cpp">
      <Filter>Source Files</Filter>
    </ClCompile>
    <ClCompile Include="src\Publisher.cpp">
      <Filter>Source Files</Filter>
    </ClCompile>
    <ClCompile Include="src\PublisherException.cpp">
      <Filter>Source Files</Filter>
    </ClCompile>
    <ClCompile Include="src\RadToDeg.cpp">
      <Filter>Source Files</Filter>
    </ClCompile>
    <ClCompile Include="src\Rand.cpp">
      <Filter>Source Files</Filter>
    </ClCompile>
    <ClCompile Include="src\Randn.cpp">
      <Filter>Source Files</Filter>
    </ClCompile>
    <ClCompile Include="src\RealVar.cpp">
      <Filter>Source Files</Filter>
    </ClCompile>
    <ClCompile Include="src\RefData.cpp">
      <Filter>Source Files</Filter>
    </ClCompile>
    <ClCompile Include="src\RelativisticCorrection.cpp">
      <Filter>Source Files</Filter>
    </ClCompile>
    <ClCompile Include="src\Report.cpp">
      <Filter>Source Files</Filter>
    </ClCompile>
    <ClCompile Include="src\ReportFile.cpp">
      <Filter>Source Files</Filter>
    </ClCompile>
    <ClCompile Include="src\Rmat33Var.cpp">
      <Filter>Source Files</Filter>
    </ClCompile>
    <ClCompile Include="src\Rmat66Var.cpp">
      <Filter>Source Files</Filter>
    </ClCompile>
    <ClCompile Include="src\RungeKutta.cpp">
      <Filter>Source Files</Filter>
    </ClCompile>
    <ClCompile Include="src\RungeKutta89.cpp">
      <Filter>Source Files</Filter>
    </ClCompile>
    <ClCompile Include="src\RungeKuttaFehlberg56.cpp">
      <Filter>Source Files</Filter>
    </ClCompile>
    <ClCompile Include="src\RungeKuttaNystrom.cpp">
      <Filter>Source Files</Filter>
    </ClCompile>
    <ClCompile Include="src\RunSimulator.cpp">
      <Filter>Source Files</Filter>
    </ClCompile>
    <ClCompile Include="src\RunSolver.cpp">
      <Filter>Source Files</Filter>
    </ClCompile>
    <ClCompile Include="src\Rvec6Var.cpp">
      <Filter>Source Files</Filter>
    </ClCompile>
    <ClCompile Include="src\RvectorVar.cpp">
      <Filter>Source Files</Filter>
    </ClCompile>
    <ClCompile Include="src\Sandbox.cpp">
      <Filter>Source Files</Filter>
    </ClCompile>
    <ClCompile Include="src\SandboxException.cpp">
      <Filter>Source Files</Filter>
    </ClCompile>
    <ClCompile Include="src\SaveMission.cpp">
      <Filter>Source Files</Filter>
    </ClCompile>
    <ClCompile Include="src\ScriptInterpreter.cpp">
      <Filter>Source Files</Filter>
    </ClCompile>
    <ClCompile Include="src\ScriptReadWriter.cpp">
      <Filter>Source Files</Filter>
    </ClCompile>
    <ClCompile Include="src\SetSeed.cpp">
      <Filter>Source Files</Filter>
    </ClCompile>
    <ClCompile Include="src\ShadowState.cpp">
      <Filter>Source Files</Filter>
    </ClCompile>
    <ClCompile Include="src\SimpleExponentialAtmosphere.cpp">
      <Filter>Source Files</Filter>
    </ClCompile>
    <ClCompile Include="src\Sin.cpp">
      <Filter>Source Files</Filter>
    </ClCompile>
    <ClCompile Include="src\Sinh.cpp">
      <Filter>Source Files</Filter>
    </ClCompile>
    <ClCompile Include="src\SlpFile.cpp">
      <Filter>Source Files</Filter>
    </ClCompile>
    <ClCompile Include="src\SocketServer.cpp">
      <Filter>Source Files</Filter>
    </ClCompile>
    <ClCompile Include="src\SolarFluxReader.cpp">
      <Filter>Source Files</Filter>
    </ClCompile>
    <ClCompile Include="src\SolarPowerSystem.cpp">
      <Filter>Source Files</Filter>
    </ClCompile>
    <ClCompile Include="src\SolarRadiationPressure.cpp">
      <Filter>Source Files</Filter>
    </ClCompile>
    <ClCompile Include="src\SolarSystem.cpp">
      <Filter>Source Files</Filter>
    </ClCompile>
    <ClCompile Include="src\SolarSystemException.cpp">
      <Filter>Source Files</Filter>
    </ClCompile>
    <ClCompile Include="src\SolarSystemFactory.cpp">
      <Filter>Source Files</Filter>
    </ClCompile>
    <ClCompile Include="src\Solver.cpp">
      <Filter>Source Files</Filter>
    </ClCompile>
    <ClCompile Include="src\SolverBranchCommand.cpp">
      <Filter>Source Files</Filter>
    </ClCompile>
    <ClCompile Include="src\SolverFactory.cpp">
      <Filter>Source Files</Filter>
    </ClCompile>
    <ClCompile Include="src\SolverSequenceCommand.cpp">
      <Filter>Source Files</Filter>
    </ClCompile>
    <ClCompile Include="src\Spacecraft.cpp">
      <Filter>Source Files</Filter>
    </ClCompile>
    <ClCompile Include="src\SpacecraftData.cpp">
      <Filter>Source Files</Filter>
    </ClCompile>
    <ClCompile Include="src\SpacecraftFactory.cpp">
      <Filter>Source Files</Filter>
    </ClCompile>
    <ClCompile Include="src\SpaceObject.cpp">
      <Filter>Source Files</Filter>
    </ClCompile>
    <ClCompile Include="src\SpacePoint.cpp">
      <Filter>Source Files</Filter>
    </ClCompile>
    <ClCompile Include="src\SpecialCelestialPoint.cpp">
      <Filter>Source Files</Filter>
    </ClCompile>
    <ClCompile Include="src\SphericalParameters.cpp">
      <Filter>Source Files</Filter>
    </ClCompile>
    <ClCompile Include="src\SpiceAttitude.cpp">
      <Filter>Source Files</Filter>
    </ClCompile>
    <ClCompile Include="src\SpiceAttitudeKernelReader.cpp">
      <Filter>Source Files</Filter>
    </ClCompile>
    <ClCompile Include="src\SpiceInterface.cpp">
      <Filter>Source Files</Filter>
    </ClCompile>
    <ClCompile Include="src\SpiceKernelReader.cpp">
      <Filter>Source Files</Filter>
    </ClCompile>
    <ClCompile Include="src\SpiceKernelWriter.cpp">
      <Filter>Source Files</Filter>
    </ClCompile>
    <ClCompile Include="src\SpiceOrbitKernelReader.cpp">
      <Filter>Source Files</Filter>
    </ClCompile>
    <ClCompile Include="src\SpiceOrbitKernelWriter.cpp">
      <Filter>Source Files</Filter>
    </ClCompile>
    <ClCompile Include="src\Spinner.cpp">
      <Filter>Source Files</Filter>
    </ClCompile>
    <ClCompile Include="src\Sprintf.cpp">
      <Filter>Source Files</Filter>
    </ClCompile>
    <ClCompile Include="src\Sqrt.cpp">
      <Filter>Source Files</Filter>
    </ClCompile>
    <ClCompile Include="src\Star.cpp">
      <Filter>Source Files</Filter>
    </ClCompile>
    <ClCompile Include="src\StateManager.cpp">
      <Filter>Source Files</Filter>
    </ClCompile>
    <ClCompile Include="src\SteepestDescent.cpp">
      <Filter>Source Files</Filter>
    </ClCompile>
    <ClCompile Include="src\Stop.cpp">
      <Filter>Source Files</Filter>
    </ClCompile>
    <ClCompile Include="src\StopCondition.cpp">
      <Filter>Source Files</Filter>
    </ClCompile>
    <ClCompile Include="src\StopConditionFactory.cpp">
      <Filter>Source Files</Filter>
    </ClCompile>
    <ClCompile Include="src\Strcat.cpp">
      <Filter>Source Files</Filter>
    </ClCompile>
    <ClCompile Include="src\Strcmp.cpp">
      <Filter>Source Files</Filter>
    </ClCompile>
    <ClCompile Include="src\Strfind.cpp">
      <Filter>Source Files</Filter>
    </ClCompile>
    <ClCompile Include="src\StringFunctionNode.cpp">
      <Filter>Source Files</Filter>
    </ClCompile>
    <ClCompile Include="src\StringObjectWrapper.cpp">
      <Filter>Source Files</Filter>
    </ClCompile>
    <ClCompile Include="src\StringVar.cpp">
      <Filter>Source Files</Filter>
    </ClCompile>
    <ClCompile Include="src\StringWrapper.cpp">
      <Filter>Source Files</Filter>
    </ClCompile>
    <ClCompile Include="src\Strrep.cpp">
      <Filter>Source Files</Filter>
    </ClCompile>
    <ClCompile Include="src\Subscriber.cpp">
      <Filter>Source Files</Filter>
    </ClCompile>
    <ClCompile Include="src\SubscriberFactory.cpp">
      <Filter>Source Files</Filter>
    </ClCompile>
    <ClCompile Include="src\Subtract.cpp">
      <Filter>Source Files</Filter>
    </ClCompile>
    <ClCompile Include="src\Tan.cpp">
      <Filter>Source Files</Filter>
    </ClCompile>
    <ClCompile Include="src\Tanh.cpp">
      <Filter>Source Files</Filter>
    </ClCompile>
    <ClCompile Include="src\Target.cpp">
      <Filter>Source Files</Filter>
    </ClCompile>
    <ClCompile Include="src\TextEphemFile.cpp">
      <Filter>Source Files</Filter>
    </ClCompile>
    <ClCompile Include="src\TextTrajectoryFile.cpp">
      <Filter>Source Files</Filter>
    </ClCompile>
    <ClCompile Include="src\Thruster.cpp">
      <Filter>Source Files</Filter>
    </ClCompile>
    <ClCompile Include="src\TimeData.cpp">
      <Filter>Source Files</Filter>
    </ClCompile>
    <ClCompile Include="src\TimeParameters.cpp">
      <Filter>Source Files</Filter>
    </ClCompile>
    <ClCompile Include="src\TimeReal.cpp">
      <Filter>Source Files</Filter>
    </ClCompile>
    <ClCompile Include="src\TimeString.cpp">
      <Filter>Source Files</Filter>
    </ClCompile>
    <ClCompile Include="src\TODEcAxes.cpp">
      <Filter>Source Files</Filter>
    </ClCompile>
    <ClCompile Include="src\TODEqAxes.cpp">
      <Filter>Source Files</Filter>
    </ClCompile>
    <ClCompile Include="src\TOEEcAxes.cpp">
      <Filter>Source Files</Filter>
    </ClCompile>
    <ClCompile Include="src\TOEEqAxes.cpp">
      <Filter>Source Files</Filter>
    </ClCompile>
    <ClCompile Include="src\Toggle.cpp">
      <Filter>Source Files</Filter>
    </ClCompile>
    <ClCompile Include="src\TopocentricAxes.cpp">
      <Filter>Source Files</Filter>
    </ClCompile>
    <ClCompile Include="src\Transpose.cpp">
      <Filter>Source Files</Filter>
    </ClCompile>
    <ClCompile Include="src\TriggerManager.cpp">
      <Filter>Source Files</Filter>
    </ClCompile>
    <ClCompile Include="src\TrueOfDateAxes.cpp">
      <Filter>Source Files</Filter>
    </ClCompile>
    <ClCompile Include="src\UserDefinedFunction.cpp">
      <Filter>Source Files</Filter>
    </ClCompile>
    <ClCompile Include="src\Validator.cpp">
      <Filter>Source Files</Filter>
    </ClCompile>
    <ClCompile Include="src\Variable.cpp">
      <Filter>Source Files</Filter>
    </ClCompile>
    <ClCompile Include="src\VariableWrapper.cpp">
      <Filter>Source Files</Filter>
    </ClCompile>
    <ClCompile Include="src\Vary.cpp">
      <Filter>Source Files</Filter>
    </ClCompile>
    <ClCompile Include="src\VnbManeuverFrame.cpp">
      <Filter>Source Files</Filter>
    </ClCompile>
    <ClCompile Include="src\While.cpp">
      <Filter>Source Files</Filter>
    </ClCompile>
    <ClCompile Include="src\Write.cpp">
      <Filter>Source Files</Filter>
    </ClCompile>
    <ClCompile Include="src\XyPlot.cpp">
      <Filter>Source Files</Filter>
    </ClCompile>
  </ItemGroup>
</Project>